// !$*UTF8*$!
{
	archiveVersion = 1;
	classes = {
	};
	objectVersion = 44;
	objects = {

/* Begin PBXBuildFile section */
		8D11072A0486CEB800E47090 /* MainMenu.nib in Resources */ = {isa = PBXBuildFile; fileRef = 29B97318FDCFA39411CA2CEA /* MainMenu.nib */; };
		8D11072B0486CEB800E47090 /* InfoPlist.strings in Resources */ = {isa = PBXBuildFile; fileRef = 089C165CFE840E0CC02AAC07 /* InfoPlist.strings */; };
		8D11072D0486CEB800E47090 /* main.m in Sources */ = {isa = PBXBuildFile; fileRef = 29B97316FDCFA39411CA2CEA /* main.m */; settings = {ATTRIBUTES = (); }; };
		8D11072F0486CEB800E47090 /* Cocoa.framework in Frameworks */ = {isa = PBXBuildFile; fileRef = 1058C7A1FEA54F0111CA2CBB /* Cocoa.framework */; };
		B201E59A0F77F945002001E0 /* BWToolkitFramework.framework in Frameworks */ = {isa = PBXBuildFile; fileRef = B203F8B10F719AE100054498 /* BWToolkitFramework.framework */; };
		B203F8EF0F719B4C00054498 /* BWToolkitFramework.framework in CopyFiles */ = {isa = PBXBuildFile; fileRef = B203F8B10F719AE100054498 /* BWToolkitFramework.framework */; };
		B20467430F20DD1E00972AD8 /* AddLinkDialogController.m in Sources */ = {isa = PBXBuildFile; fileRef = B20467420F20DD1E00972AD8 /* AddLinkDialogController.m */; };
		B20E7E300EFD313400EF0D8D /* LoginDialog.nib in Resources */ = {isa = PBXBuildFile; fileRef = B20E7E2F0EFD313400EF0D8D /* LoginDialog.nib */; };
		B20E7E360EFD322C00EF0D8D /* LoginDialogController.m in Sources */ = {isa = PBXBuildFile; fileRef = B20E7E350EFD322C00EF0D8D /* LoginDialogController.m */; };
		B228A7A60E7C426B009B94B4 /* EC.mm in Sources */ = {isa = PBXBuildFile; fileRef = B228A7A50E7C426B009B94B4 /* EC.mm */; };
		B2499CA70E7CBBF400F67575 /* Client_A4AFNoNeededPartsQueueFull.png in Resources */ = {isa = PBXBuildFile; fileRef = B2499C7E0E7CBBF400F67575 /* Client_A4AFNoNeededPartsQueueFull.png */; };
		B2499CA80E7CBBF400F67575 /* Client_aMule.png in Resources */ = {isa = PBXBuildFile; fileRef = B2499C7F0E7CBBF400F67575 /* Client_aMule.png */; };
		B2499CA90E7CBBF400F67575 /* Client_BadGuy.png in Resources */ = {isa = PBXBuildFile; fileRef = B2499C800E7CBBF400F67575 /* Client_BadGuy.png */; };
		B2499CAA0E7CBBF400F67575 /* Client_CommentOnly.png in Resources */ = {isa = PBXBuildFile; fileRef = B2499C810E7CBBF400F67575 /* Client_CommentOnly.png */; };
		B2499CAB0E7CBBF400F67575 /* Client_Connecting.png in Resources */ = {isa = PBXBuildFile; fileRef = B2499C820E7CBBF400F67575 /* Client_Connecting.png */; };
		B2499CAC0E7CBBF400F67575 /* Client_CreditsGrey.png in Resources */ = {isa = PBXBuildFile; fileRef = B2499C830E7CBBF400F67575 /* Client_CreditsGrey.png */; };
		B2499CAD0E7CBBF400F67575 /* Client_CreditsYellow.png in Resources */ = {isa = PBXBuildFile; fileRef = B2499C840E7CBBF400F67575 /* Client_CreditsYellow.png */; };
		B2499CAE0E7CBBF400F67575 /* Client_eDonkeyHybrid.png in Resources */ = {isa = PBXBuildFile; fileRef = B2499C850E7CBBF400F67575 /* Client_eDonkeyHybrid.png */; };
		B2499CAF0E7CBBF400F67575 /* Client_eMule.png in Resources */ = {isa = PBXBuildFile; fileRef = B2499C860E7CBBF400F67575 /* Client_eMule.png */; };
		B2499CB00E7CBBF400F67575 /* Client_Encrypted.png in Resources */ = {isa = PBXBuildFile; fileRef = B2499C870E7CBBF400F67575 /* Client_Encrypted.png */; };
		B2499CB10E7CBBF400F67575 /* Client_ExcellentRatingOnFile.png in Resources */ = {isa = PBXBuildFile; fileRef = B2499C880E7CBBF400F67575 /* Client_ExcellentRatingOnFile.png */; };
		B2499CB20E7CBBF400F67575 /* Client_ExtendedProtocol.png in Resources */ = {isa = PBXBuildFile; fileRef = B2499C890E7CBBF400F67575 /* Client_ExtendedProtocol.png */; };
		B2499CB30E7CBBF400F67575 /* Client_FairRatingOnFile.png in Resources */ = {isa = PBXBuildFile; fileRef = B2499C8A0E7CBBF400F67575 /* Client_FairRatingOnFile.png */; };
		B2499CB40E7CBBF400F67575 /* Client_Friend.png in Resources */ = {isa = PBXBuildFile; fileRef = B2499C8B0E7CBBF400F67575 /* Client_Friend.png */; };
		B2499CB50E7CBBF400F67575 /* Client_GoodRatingOnFile.png in Resources */ = {isa = PBXBuildFile; fileRef = B2499C8C0E7CBBF400F67575 /* Client_GoodRatingOnFile.png */; };
		B2499CB60E7CBBF400F67575 /* Client_InvalidRatingOnFile.png in Resources */ = {isa = PBXBuildFile; fileRef = B2499C8D0E7CBBF400F67575 /* Client_InvalidRatingOnFile.png */; };
		B2499CB70E7CBBF400F67575 /* Client_lphant.png in Resources */ = {isa = PBXBuildFile; fileRef = B2499C8E0E7CBBF400F67575 /* Client_lphant.png */; };
		B2499CB80E7CBBF400F67575 /* Client_mlDonkey.png in Resources */ = {isa = PBXBuildFile; fileRef = B2499C8F0E7CBBF400F67575 /* Client_mlDonkey.png */; };
		B2499CB90E7CBBF400F67575 /* Client_OnQueue.png in Resources */ = {isa = PBXBuildFile; fileRef = B2499C900E7CBBF400F67575 /* Client_OnQueue.png */; };
		B2499CBA0E7CBBF400F67575 /* Client_PoorRatingOnFile.png in Resources */ = {isa = PBXBuildFile; fileRef = B2499C910E7CBBF400F67575 /* Client_PoorRatingOnFile.png */; };
		B2499CBB0E7CBBF400F67575 /* Client_SecIdent.png in Resources */ = {isa = PBXBuildFile; fileRef = B2499C920E7CBBF400F67575 /* Client_SecIdent.png */; };
		B2499CBC0E7CBBF400F67575 /* Client_Shareaza.png in Resources */ = {isa = PBXBuildFile; fileRef = B2499C930E7CBBF400F67575 /* Client_Shareaza.png */; };
		B2499CBD0E7CBBF400F67575 /* Client_StatusUnknown.png in Resources */ = {isa = PBXBuildFile; fileRef = B2499C940E7CBBF400F67575 /* Client_StatusUnknown.png */; };
		B2499CBE0E7CBBF400F67575 /* Client_Transfer.png in Resources */ = {isa = PBXBuildFile; fileRef = B2499C950E7CBBF400F67575 /* Client_Transfer.png */; };
		B2499CBF0E7CBBF400F67575 /* Client_Unknown.png in Resources */ = {isa = PBXBuildFile; fileRef = B2499C960E7CBBF400F67575 /* Client_Unknown.png */; };
		B2499CC00E7CBBF400F67575 /* Client_Upload.png in Resources */ = {isa = PBXBuildFile; fileRef = B2499C970E7CBBF400F67575 /* Client_Upload.png */; };
		B2499CC10E7CBBF400F67575 /* Client_xMule.png in Resources */ = {isa = PBXBuildFile; fileRef = B2499C980E7CBBF400F67575 /* Client_xMule.png */; };
		B2499CC30E7CBBF400F67575 /* Toolbar_About.png in Resources */ = {isa = PBXBuildFile; fileRef = B2499C9A0E7CBBF400F67575 /* Toolbar_About.png */; };
		B2499CC40E7CBBF400F67575 /* Toolbar_Blink.png in Resources */ = {isa = PBXBuildFile; fileRef = B2499C9B0E7CBBF400F67575 /* Toolbar_Blink.png */; };
		B2499CC50E7CBBF400F67575 /* Toolbar_Connect.png in Resources */ = {isa = PBXBuildFile; fileRef = B2499C9C0E7CBBF400F67575 /* Toolbar_Connect.png */; };
		B2499CC60E7CBBF400F67575 /* Toolbar_Connecting.png in Resources */ = {isa = PBXBuildFile; fileRef = B2499C9D0E7CBBF400F67575 /* Toolbar_Connecting.png */; };
		B2499CC70E7CBBF400F67575 /* Toolbar_Disconnect.png in Resources */ = {isa = PBXBuildFile; fileRef = B2499C9E0E7CBBF400F67575 /* Toolbar_Disconnect.png */; };
		B2499CC80E7CBBF400F67575 /* Toolbar_Import.png in Resources */ = {isa = PBXBuildFile; fileRef = B2499C9F0E7CBBF400F67575 /* Toolbar_Import.png */; };
		B2499CC90E7CBBF400F67575 /* Toolbar_Messages.png in Resources */ = {isa = PBXBuildFile; fileRef = B2499CA00E7CBBF400F67575 /* Toolbar_Messages.png */; };
		B2499CCA0E7CBBF400F67575 /* Toolbar_Network.png in Resources */ = {isa = PBXBuildFile; fileRef = B2499CA10E7CBBF400F67575 /* Toolbar_Network.png */; };
		B2499CCB0E7CBBF400F67575 /* Toolbar_Prefs.png in Resources */ = {isa = PBXBuildFile; fileRef = B2499CA20E7CBBF400F67575 /* Toolbar_Prefs.png */; };
		B2499CCC0E7CBBF400F67575 /* Toolbar_Search.png in Resources */ = {isa = PBXBuildFile; fileRef = B2499CA30E7CBBF400F67575 /* Toolbar_Search.png */; };
		B2499CCD0E7CBBF400F67575 /* Toolbar_Shared.png in Resources */ = {isa = PBXBuildFile; fileRef = B2499CA40E7CBBF400F67575 /* Toolbar_Shared.png */; };
		B2499CCE0E7CBBF400F67575 /* Toolbar_Stats.png in Resources */ = {isa = PBXBuildFile; fileRef = B2499CA50E7CBBF400F67575 /* Toolbar_Stats.png */; };
		B2499CCF0E7CBBF400F67575 /* Toolbar_Transfers.png in Resources */ = {isa = PBXBuildFile; fileRef = B2499CA60E7CBBF400F67575 /* Toolbar_Transfers.png */; };
		B253EAAB0F87465E000EC011 /* SharedFilesViewController.mm in Sources */ = {isa = PBXBuildFile; fileRef = B253EAA90F87465E000EC011 /* SharedFilesViewController.mm */; };
		B257A4550F1A7AD800DC958E /* SearchViewController.mm in Sources */ = {isa = PBXBuildFile; fileRef = B257A4540F1A7AD800DC958E /* SearchViewController.mm */; };
		B291B8130F7E122500FF9F46 /* SourceViewController.m in Sources */ = {isa = PBXBuildFile; fileRef = B291B8110F7E122500FF9F46 /* SourceViewController.m */; };
		B2B307A40F05470200AE5E79 /* DownloadsViewController.mm in Sources */ = {isa = PBXBuildFile; fileRef = B2B307A30F05470200AE5E79 /* DownloadsViewController.mm */; };
		B2CDC5AD0E9541D5009370D9 /* amuleData.mm in Sources */ = {isa = PBXBuildFile; fileRef = B2CDC5AC0E9541D5009370D9 /* amuleData.mm */; };
		B2DD60230E7BC65400987099 /* AppController.mm in Sources */ = {isa = PBXBuildFile; fileRef = B2DD60220E7BC65400987099 /* AppController.mm */; };
/* End PBXBuildFile section */

/* Begin PBXCopyFilesBuildPhase section */
		B203F8C60F719B1F00054498 /* CopyFiles */ = {
			isa = PBXCopyFilesBuildPhase;
			buildActionMask = 2147483647;
			dstPath = "";
			dstSubfolderSpec = 10;
			files = (
				B203F8EF0F719B4C00054498 /* BWToolkitFramework.framework in CopyFiles */,
			);
			runOnlyForDeploymentPostprocessing = 0;
		};
/* End PBXCopyFilesBuildPhase section */

/* Begin PBXFileReference section */
		089C165DFE840E0CC02AAC07 /* English */ = {isa = PBXFileReference; fileEncoding = 10; lastKnownFileType = text.plist.strings; name = English; path = English.lproj/InfoPlist.strings; sourceTree = "<group>"; };
		1058C7A1FEA54F0111CA2CBB /* Cocoa.framework */ = {isa = PBXFileReference; lastKnownFileType = wrapper.framework; name = Cocoa.framework; path = /System/Library/Frameworks/Cocoa.framework; sourceTree = "<absolute>"; };
		13E42FB307B3F0F600E4EEF1 /* CoreData.framework */ = {isa = PBXFileReference; lastKnownFileType = wrapper.framework; name = CoreData.framework; path = /System/Library/Frameworks/CoreData.framework; sourceTree = "<absolute>"; };
		29B97316FDCFA39411CA2CEA /* main.m */ = {isa = PBXFileReference; fileEncoding = 4; lastKnownFileType = sourcecode.c.objc; path = main.m; sourceTree = "<group>"; };
		29B97319FDCFA39411CA2CEA /* English */ = {isa = PBXFileReference; lastKnownFileType = wrapper.nib; name = English; path = English.lproj/MainMenu.nib; sourceTree = "<group>"; };
		29B97324FDCFA39411CA2CEA /* AppKit.framework */ = {isa = PBXFileReference; lastKnownFileType = wrapper.framework; name = AppKit.framework; path = /System/Library/Frameworks/AppKit.framework; sourceTree = "<absolute>"; };
		29B97325FDCFA39411CA2CEA /* Foundation.framework */ = {isa = PBXFileReference; lastKnownFileType = wrapper.framework; name = Foundation.framework; path = /System/Library/Frameworks/Foundation.framework; sourceTree = "<absolute>"; };
		32CA4F630368D1EE00C91783 /* cocoa-mule_Prefix.pch */ = {isa = PBXFileReference; fileEncoding = 4; lastKnownFileType = sourcecode.c.h; path = "cocoa-mule_Prefix.pch"; sourceTree = "<group>"; };
		8D1107310486CEB800E47090 /* Info.plist */ = {isa = PBXFileReference; fileEncoding = 4; lastKnownFileType = text.plist.xml; path = Info.plist; sourceTree = "<group>"; };
		8D1107320486CEB800E47090 /* cocoa-mule.app */ = {isa = PBXFileReference; explicitFileType = wrapper.application; includeInIndex = 0; path = "cocoa-mule.app"; sourceTree = BUILT_PRODUCTS_DIR; };
		B203F8B10F719AE100054498 /* BWToolkitFramework.framework */ = {isa = PBXFileReference; lastKnownFileType = wrapper.framework; name = BWToolkitFramework.framework; path = ../../BWToolkit/BWToolkitFramework.framework; sourceTree = SOURCE_ROOT; };
		B20467410F20DD1E00972AD8 /* AddLinkDialogController.h */ = {isa = PBXFileReference; fileEncoding = 4; lastKnownFileType = sourcecode.c.h; path = AddLinkDialogController.h; sourceTree = "<group>"; };
		B20467420F20DD1E00972AD8 /* AddLinkDialogController.m */ = {isa = PBXFileReference; fileEncoding = 4; lastKnownFileType = sourcecode.c.objc; path = AddLinkDialogController.m; sourceTree = "<group>"; };
		B20E7E340EFD322C00EF0D8D /* LoginDialogController.h */ = {isa = PBXFileReference; fileEncoding = 4; lastKnownFileType = sourcecode.c.h; path = LoginDialogController.h; sourceTree = "<group>"; };
		B20E7E350EFD322C00EF0D8D /* LoginDialogController.m */ = {isa = PBXFileReference; fileEncoding = 4; lastKnownFileType = sourcecode.c.objc; path = LoginDialogController.m; sourceTree = "<group>"; };
		B228A7A40E7C426B009B94B4 /* EC.h */ = {isa = PBXFileReference; fileEncoding = 4; lastKnownFileType = sourcecode.c.h; path = EC.h; sourceTree = "<group>"; };
		B228A7A50E7C426B009B94B4 /* EC.mm */ = {isa = PBXFileReference; fileEncoding = 4; lastKnownFileType = sourcecode.cpp.objcpp; path = EC.mm; sourceTree = "<group>"; };
		B228A7BA0E7C438A009B94B4 /* ECCodes.h */ = {isa = PBXFileReference; fileEncoding = 4; lastKnownFileType = sourcecode.c.h; name = ECCodes.h; path = ../src/libs/ec/cpp/ECCodes.h; sourceTree = SOURCE_ROOT; };
		B228A7C70E7C43E1009B94B4 /* ECTagTypes.h */ = {isa = PBXFileReference; fileEncoding = 4; lastKnownFileType = sourcecode.c.h; name = ECTagTypes.h; path = ../src/libs/ec/cpp/ECTagTypes.h; sourceTree = SOURCE_ROOT; };
		B228A7CA0E7C441A009B94B4 /* ECVersion.h */ = {isa = PBXFileReference; fileEncoding = 4; lastKnownFileType = sourcecode.c.h; name = ECVersion.h; path = ../src/libs/ec/cpp/ECVersion.h; sourceTree = SOURCE_ROOT; };
		B2499C7E0E7CBBF400F67575 /* Client_A4AFNoNeededPartsQueueFull.png */ = {isa = PBXFileReference; lastKnownFileType = image.png; path = Client_A4AFNoNeededPartsQueueFull.png; sourceTree = "<group>"; };
		B2499C7F0E7CBBF400F67575 /* Client_aMule.png */ = {isa = PBXFileReference; lastKnownFileType = image.png; path = Client_aMule.png; sourceTree = "<group>"; };
		B2499C800E7CBBF400F67575 /* Client_BadGuy.png */ = {isa = PBXFileReference; lastKnownFileType = image.png; path = Client_BadGuy.png; sourceTree = "<group>"; };
		B2499C810E7CBBF400F67575 /* Client_CommentOnly.png */ = {isa = PBXFileReference; lastKnownFileType = image.png; path = Client_CommentOnly.png; sourceTree = "<group>"; };
		B2499C820E7CBBF400F67575 /* Client_Connecting.png */ = {isa = PBXFileReference; lastKnownFileType = image.png; path = Client_Connecting.png; sourceTree = "<group>"; };
		B2499C830E7CBBF400F67575 /* Client_CreditsGrey.png */ = {isa = PBXFileReference; lastKnownFileType = image.png; path = Client_CreditsGrey.png; sourceTree = "<group>"; };
		B2499C840E7CBBF400F67575 /* Client_CreditsYellow.png */ = {isa = PBXFileReference; lastKnownFileType = image.png; path = Client_CreditsYellow.png; sourceTree = "<group>"; };
		B2499C850E7CBBF400F67575 /* Client_eDonkeyHybrid.png */ = {isa = PBXFileReference; lastKnownFileType = image.png; path = Client_eDonkeyHybrid.png; sourceTree = "<group>"; };
		B2499C860E7CBBF400F67575 /* Client_eMule.png */ = {isa = PBXFileReference; lastKnownFileType = image.png; path = Client_eMule.png; sourceTree = "<group>"; };
		B2499C870E7CBBF400F67575 /* Client_Encrypted.png */ = {isa = PBXFileReference; lastKnownFileType = image.png; path = Client_Encrypted.png; sourceTree = "<group>"; };
		B2499C880E7CBBF400F67575 /* Client_ExcellentRatingOnFile.png */ = {isa = PBXFileReference; lastKnownFileType = image.png; path = Client_ExcellentRatingOnFile.png; sourceTree = "<group>"; };
		B2499C890E7CBBF400F67575 /* Client_ExtendedProtocol.png */ = {isa = PBXFileReference; lastKnownFileType = image.png; path = Client_ExtendedProtocol.png; sourceTree = "<group>"; };
		B2499C8A0E7CBBF400F67575 /* Client_FairRatingOnFile.png */ = {isa = PBXFileReference; lastKnownFileType = image.png; path = Client_FairRatingOnFile.png; sourceTree = "<group>"; };
		B2499C8B0E7CBBF400F67575 /* Client_Friend.png */ = {isa = PBXFileReference; lastKnownFileType = image.png; path = Client_Friend.png; sourceTree = "<group>"; };
		B2499C8C0E7CBBF400F67575 /* Client_GoodRatingOnFile.png */ = {isa = PBXFileReference; lastKnownFileType = image.png; path = Client_GoodRatingOnFile.png; sourceTree = "<group>"; };
		B2499C8D0E7CBBF400F67575 /* Client_InvalidRatingOnFile.png */ = {isa = PBXFileReference; lastKnownFileType = image.png; path = Client_InvalidRatingOnFile.png; sourceTree = "<group>"; };
		B2499C8E0E7CBBF400F67575 /* Client_lphant.png */ = {isa = PBXFileReference; lastKnownFileType = image.png; path = Client_lphant.png; sourceTree = "<group>"; };
		B2499C8F0E7CBBF400F67575 /* Client_mlDonkey.png */ = {isa = PBXFileReference; lastKnownFileType = image.png; path = Client_mlDonkey.png; sourceTree = "<group>"; };
		B2499C900E7CBBF400F67575 /* Client_OnQueue.png */ = {isa = PBXFileReference; lastKnownFileType = image.png; path = Client_OnQueue.png; sourceTree = "<group>"; };
		B2499C910E7CBBF400F67575 /* Client_PoorRatingOnFile.png */ = {isa = PBXFileReference; lastKnownFileType = image.png; path = Client_PoorRatingOnFile.png; sourceTree = "<group>"; };
		B2499C920E7CBBF400F67575 /* Client_SecIdent.png */ = {isa = PBXFileReference; lastKnownFileType = image.png; path = Client_SecIdent.png; sourceTree = "<group>"; };
		B2499C930E7CBBF400F67575 /* Client_Shareaza.png */ = {isa = PBXFileReference; lastKnownFileType = image.png; path = Client_Shareaza.png; sourceTree = "<group>"; };
		B2499C940E7CBBF400F67575 /* Client_StatusUnknown.png */ = {isa = PBXFileReference; lastKnownFileType = image.png; path = Client_StatusUnknown.png; sourceTree = "<group>"; };
		B2499C950E7CBBF400F67575 /* Client_Transfer.png */ = {isa = PBXFileReference; lastKnownFileType = image.png; path = Client_Transfer.png; sourceTree = "<group>"; };
		B2499C960E7CBBF400F67575 /* Client_Unknown.png */ = {isa = PBXFileReference; lastKnownFileType = image.png; path = Client_Unknown.png; sourceTree = "<group>"; };
		B2499C970E7CBBF400F67575 /* Client_Upload.png */ = {isa = PBXFileReference; lastKnownFileType = image.png; path = Client_Upload.png; sourceTree = "<group>"; };
		B2499C980E7CBBF400F67575 /* Client_xMule.png */ = {isa = PBXFileReference; lastKnownFileType = image.png; path = Client_xMule.png; sourceTree = "<group>"; };
		B2499C9A0E7CBBF400F67575 /* Toolbar_About.png */ = {isa = PBXFileReference; lastKnownFileType = image.png; path = Toolbar_About.png; sourceTree = "<group>"; };
		B2499C9B0E7CBBF400F67575 /* Toolbar_Blink.png */ = {isa = PBXFileReference; lastKnownFileType = image.png; path = Toolbar_Blink.png; sourceTree = "<group>"; };
		B2499C9C0E7CBBF400F67575 /* Toolbar_Connect.png */ = {isa = PBXFileReference; lastKnownFileType = image.png; path = Toolbar_Connect.png; sourceTree = "<group>"; };
		B2499C9D0E7CBBF400F67575 /* Toolbar_Connecting.png */ = {isa = PBXFileReference; lastKnownFileType = image.png; path = Toolbar_Connecting.png; sourceTree = "<group>"; };
		B2499C9E0E7CBBF400F67575 /* Toolbar_Disconnect.png */ = {isa = PBXFileReference; lastKnownFileType = image.png; path = Toolbar_Disconnect.png; sourceTree = "<group>"; };
		B2499C9F0E7CBBF400F67575 /* Toolbar_Import.png */ = {isa = PBXFileReference; lastKnownFileType = image.png; path = Toolbar_Import.png; sourceTree = "<group>"; };
		B2499CA00E7CBBF400F67575 /* Toolbar_Messages.png */ = {isa = PBXFileReference; lastKnownFileType = image.png; path = Toolbar_Messages.png; sourceTree = "<group>"; };
		B2499CA10E7CBBF400F67575 /* Toolbar_Network.png */ = {isa = PBXFileReference; lastKnownFileType = image.png; path = Toolbar_Network.png; sourceTree = "<group>"; };
		B2499CA20E7CBBF400F67575 /* Toolbar_Prefs.png */ = {isa = PBXFileReference; lastKnownFileType = image.png; path = Toolbar_Prefs.png; sourceTree = "<group>"; };
		B2499CA30E7CBBF400F67575 /* Toolbar_Search.png */ = {isa = PBXFileReference; lastKnownFileType = image.png; path = Toolbar_Search.png; sourceTree = "<group>"; };
		B2499CA40E7CBBF400F67575 /* Toolbar_Shared.png */ = {isa = PBXFileReference; lastKnownFileType = image.png; path = Toolbar_Shared.png; sourceTree = "<group>"; };
		B2499CA50E7CBBF400F67575 /* Toolbar_Stats.png */ = {isa = PBXFileReference; lastKnownFileType = image.png; path = Toolbar_Stats.png; sourceTree = "<group>"; };
		B2499CA60E7CBBF400F67575 /* Toolbar_Transfers.png */ = {isa = PBXFileReference; lastKnownFileType = image.png; path = Toolbar_Transfers.png; sourceTree = "<group>"; };
		B253EAA90F87465E000EC011 /* SharedFilesViewController.mm */ = {isa = PBXFileReference; fileEncoding = 4; lastKnownFileType = sourcecode.cpp.objcpp; path = SharedFilesViewController.mm; sourceTree = "<group>"; };
		B253EAAA0F87465E000EC011 /* SharedFilesViewController.h */ = {isa = PBXFileReference; fileEncoding = 4; lastKnownFileType = sourcecode.c.h; path = SharedFilesViewController.h; sourceTree = "<group>"; };
		B257A4530F1A7AD800DC958E /* SearchViewController.h */ = {isa = PBXFileReference; fileEncoding = 4; lastKnownFileType = sourcecode.c.h; path = SearchViewController.h; sourceTree = "<group>"; };
		B257A4540F1A7AD800DC958E /* SearchViewController.mm */ = {isa = PBXFileReference; fileEncoding = 4; lastKnownFileType = sourcecode.cpp.objcpp; path = SearchViewController.mm; sourceTree = "<group>"; };
		B291B8110F7E122500FF9F46 /* SourceViewController.m */ = {isa = PBXFileReference; fileEncoding = 4; lastKnownFileType = sourcecode.c.objc; path = SourceViewController.m; sourceTree = "<group>"; };
		B291B8120F7E122500FF9F46 /* SourceViewController.h */ = {isa = PBXFileReference; fileEncoding = 4; lastKnownFileType = sourcecode.c.h; path = SourceViewController.h; sourceTree = "<group>"; };
		B29E77B50EFC357600F4C677 /* English */ = {isa = PBXFileReference; lastKnownFileType = wrapper.nib; name = English; path = English.lproj/LoginDialog.nib; sourceTree = "<group>"; };
		B2B307A20F05470200AE5E79 /* DownloadsViewController.h */ = {isa = PBXFileReference; fileEncoding = 4; lastKnownFileType = sourcecode.c.h; path = DownloadsViewController.h; sourceTree = "<group>"; };
		B2B307A30F05470200AE5E79 /* DownloadsViewController.mm */ = {isa = PBXFileReference; fileEncoding = 4; lastKnownFileType = sourcecode.cpp.objcpp; path = DownloadsViewController.mm; sourceTree = "<group>"; };
		B2CDC5AB0E9541D5009370D9 /* amuleData.h */ = {isa = PBXFileReference; fileEncoding = 4; lastKnownFileType = sourcecode.c.h; path = amuleData.h; sourceTree = "<group>"; };
		B2CDC5AC0E9541D5009370D9 /* amuleData.mm */ = {isa = PBXFileReference; fileEncoding = 4; lastKnownFileType = sourcecode.cpp.objcpp; path = amuleData.mm; sourceTree = "<group>"; };
		B2DD601F0E7BC62A00987099 /* AppController.h */ = {isa = PBXFileReference; fileEncoding = 4; lastKnownFileType = sourcecode.c.h; path = AppController.h; sourceTree = "<group>"; };
		B2DD60220E7BC65400987099 /* AppController.mm */ = {isa = PBXFileReference; fileEncoding = 4; lastKnownFileType = sourcecode.cpp.objcpp; path = AppController.mm; sourceTree = "<group>"; };
/* End PBXFileReference section */

/* Begin PBXFrameworksBuildPhase section */
		8D11072E0486CEB800E47090 /* Frameworks */ = {
			isa = PBXFrameworksBuildPhase;
			buildActionMask = 2147483647;
			files = (
				B201E59A0F77F945002001E0 /* BWToolkitFramework.framework in Frameworks */,
				8D11072F0486CEB800E47090 /* Cocoa.framework in Frameworks */,
			);
			runOnlyForDeploymentPostprocessing = 0;
		};
/* End PBXFrameworksBuildPhase section */

/* Begin PBXGroup section */
		080E96DDFE201D6D7F000001 /* Classes */ = {
			isa = PBXGroup;
			children = (
				B2CDC5AB0E9541D5009370D9 /* amuleData.h */,
				B2CDC5AC0E9541D5009370D9 /* amuleData.mm */,
				B2B307A20F05470200AE5E79 /* DownloadsViewController.h */,
				B2B307A30F05470200AE5E79 /* DownloadsViewController.mm */,
				B253EAA90F87465E000EC011 /* SharedFilesViewController.mm */,
				B253EAAA0F87465E000EC011 /* SharedFilesViewController.h */,
				B257A4530F1A7AD800DC958E /* SearchViewController.h */,
				B257A4540F1A7AD800DC958E /* SearchViewController.mm */,
				B291B8110F7E122500FF9F46 /* SourceViewController.m */,
				B291B8120F7E122500FF9F46 /* SourceViewController.h */,
				32CA4F630368D1EE00C91783 /* cocoa-mule_Prefix.pch */,
			);
			name = Classes;
			sourceTree = "<group>";
		};
		1058C7A0FEA54F0111CA2CBB /* Linked Frameworks */ = {
			isa = PBXGroup;
			children = (
				B203F8B10F719AE100054498 /* BWToolkitFramework.framework */,
				1058C7A1FEA54F0111CA2CBB /* Cocoa.framework */,
			);
			name = "Linked Frameworks";
			sourceTree = "<group>";
		};
		1058C7A2FEA54F0111CA2CBB /* Other Frameworks */ = {
			isa = PBXGroup;
			children = (
				29B97324FDCFA39411CA2CEA /* AppKit.framework */,
				13E42FB307B3F0F600E4EEF1 /* CoreData.framework */,
				29B97325FDCFA39411CA2CEA /* Foundation.framework */,
			);
			name = "Other Frameworks";
			sourceTree = "<group>";
		};
		19C28FACFE9D520D11CA2CBB /* Products */ = {
			isa = PBXGroup;
			children = (
				8D1107320486CEB800E47090 /* cocoa-mule.app */,
			);
			name = Products;
			sourceTree = "<group>";
		};
		29B97314FDCFA39411CA2CEA /* cocoa-mule */ = {
			isa = PBXGroup;
			children = (
				B2499C7D0E7CBBF400F67575 /* images */,
				B228A7C30E7C4393009B94B4 /* EC */,
				080E96DDFE201D6D7F000001 /* Classes */,
				29B97315FDCFA39411CA2CEA /* GUI */,
				29B97317FDCFA39411CA2CEA /* Resources */,
				29B97323FDCFA39411CA2CEA /* Frameworks */,
				19C28FACFE9D520D11CA2CBB /* Products */,
			);
			name = "cocoa-mule";
			sourceTree = "<group>";
		};
		29B97315FDCFA39411CA2CEA /* GUI */ = {
			isa = PBXGroup;
			children = (
				29B97316FDCFA39411CA2CEA /* main.m */,
				B2DD60220E7BC65400987099 /* AppController.mm */,
				B2DD601F0E7BC62A00987099 /* AppController.h */,
				B20467410F20DD1E00972AD8 /* AddLinkDialogController.h */,
				B20467420F20DD1E00972AD8 /* AddLinkDialogController.m */,
				B20E7E350EFD322C00EF0D8D /* LoginDialogController.m */,
				B20E7E340EFD322C00EF0D8D /* LoginDialogController.h */,
			);
			name = GUI;
			sourceTree = "<group>";
		};
		29B97317FDCFA39411CA2CEA /* Resources */ = {
			isa = PBXGroup;
			children = (
				8D1107310486CEB800E47090 /* Info.plist */,
				089C165CFE840E0CC02AAC07 /* InfoPlist.strings */,
				29B97318FDCFA39411CA2CEA /* MainMenu.nib */,
				B20E7E2F0EFD313400EF0D8D /* LoginDialog.nib */,
			);
			name = Resources;
			sourceTree = "<group>";
		};
		29B97323FDCFA39411CA2CEA /* Frameworks */ = {
			isa = PBXGroup;
			children = (
				1058C7A0FEA54F0111CA2CBB /* Linked Frameworks */,
				1058C7A2FEA54F0111CA2CBB /* Other Frameworks */,
			);
			name = Frameworks;
			sourceTree = "<group>";
		};
		B228A7C30E7C4393009B94B4 /* EC */ = {
			isa = PBXGroup;
			children = (
				B228A7A50E7C426B009B94B4 /* EC.mm */,
				B228A7A40E7C426B009B94B4 /* EC.h */,
				B228A7BA0E7C438A009B94B4 /* ECCodes.h */,
				B228A7CA0E7C441A009B94B4 /* ECVersion.h */,
				B228A7C70E7C43E1009B94B4 /* ECTagTypes.h */,
			);
			name = EC;
			sourceTree = "<group>";
		};
		B2499C7D0E7CBBF400F67575 /* images */ = {
			isa = PBXGroup;
			children = (
				B2499C7E0E7CBBF400F67575 /* Client_A4AFNoNeededPartsQueueFull.png */,
				B2499C7F0E7CBBF400F67575 /* Client_aMule.png */,
				B2499C800E7CBBF400F67575 /* Client_BadGuy.png */,
				B2499C810E7CBBF400F67575 /* Client_CommentOnly.png */,
				B2499C820E7CBBF400F67575 /* Client_Connecting.png */,
				B2499C830E7CBBF400F67575 /* Client_CreditsGrey.png */,
				B2499C840E7CBBF400F67575 /* Client_CreditsYellow.png */,
				B2499C850E7CBBF400F67575 /* Client_eDonkeyHybrid.png */,
				B2499C860E7CBBF400F67575 /* Client_eMule.png */,
				B2499C870E7CBBF400F67575 /* Client_Encrypted.png */,
				B2499C880E7CBBF400F67575 /* Client_ExcellentRatingOnFile.png */,
				B2499C890E7CBBF400F67575 /* Client_ExtendedProtocol.png */,
				B2499C8A0E7CBBF400F67575 /* Client_FairRatingOnFile.png */,
				B2499C8B0E7CBBF400F67575 /* Client_Friend.png */,
				B2499C8C0E7CBBF400F67575 /* Client_GoodRatingOnFile.png */,
				B2499C8D0E7CBBF400F67575 /* Client_InvalidRatingOnFile.png */,
				B2499C8E0E7CBBF400F67575 /* Client_lphant.png */,
				B2499C8F0E7CBBF400F67575 /* Client_mlDonkey.png */,
				B2499C900E7CBBF400F67575 /* Client_OnQueue.png */,
				B2499C910E7CBBF400F67575 /* Client_PoorRatingOnFile.png */,
				B2499C920E7CBBF400F67575 /* Client_SecIdent.png */,
				B2499C930E7CBBF400F67575 /* Client_Shareaza.png */,
				B2499C940E7CBBF400F67575 /* Client_StatusUnknown.png */,
				B2499C950E7CBBF400F67575 /* Client_Transfer.png */,
				B2499C960E7CBBF400F67575 /* Client_Unknown.png */,
				B2499C970E7CBBF400F67575 /* Client_Upload.png */,
				B2499C980E7CBBF400F67575 /* Client_xMule.png */,
				B2499C9A0E7CBBF400F67575 /* Toolbar_About.png */,
				B2499C9B0E7CBBF400F67575 /* Toolbar_Blink.png */,
				B2499C9C0E7CBBF400F67575 /* Toolbar_Connect.png */,
				B2499C9D0E7CBBF400F67575 /* Toolbar_Connecting.png */,
				B2499C9E0E7CBBF400F67575 /* Toolbar_Disconnect.png */,
				B2499C9F0E7CBBF400F67575 /* Toolbar_Import.png */,
				B2499CA00E7CBBF400F67575 /* Toolbar_Messages.png */,
				B2499CA10E7CBBF400F67575 /* Toolbar_Network.png */,
				B2499CA20E7CBBF400F67575 /* Toolbar_Prefs.png */,
				B2499CA30E7CBBF400F67575 /* Toolbar_Search.png */,
				B2499CA40E7CBBF400F67575 /* Toolbar_Shared.png */,
				B2499CA50E7CBBF400F67575 /* Toolbar_Stats.png */,
				B2499CA60E7CBBF400F67575 /* Toolbar_Transfers.png */,
			);
			path = images;
			sourceTree = "<group>";
		};
/* End PBXGroup section */

/* Begin PBXNativeTarget section */
		8D1107260486CEB800E47090 /* cocoa-mule */ = {
			isa = PBXNativeTarget;
			buildConfigurationList = C01FCF4A08A954540054247B /* Build configuration list for PBXNativeTarget "cocoa-mule" */;
			buildPhases = (
				8D1107290486CEB800E47090 /* Resources */,
				8D11072C0486CEB800E47090 /* Sources */,
				8D11072E0486CEB800E47090 /* Frameworks */,
				B203F8C60F719B1F00054498 /* CopyFiles */,
			);
			buildRules = (
			);
			dependencies = (
			);
			name = "cocoa-mule";
			productInstallPath = "$(HOME)/Applications";
			productName = "cocoa-mule";
			productReference = 8D1107320486CEB800E47090 /* cocoa-mule.app */;
			productType = "com.apple.product-type.application";
		};
/* End PBXNativeTarget section */

/* Begin PBXProject section */
		29B97313FDCFA39411CA2CEA /* Project object */ = {
			isa = PBXProject;
			buildConfigurationList = C01FCF4E08A954540054247B /* Build configuration list for PBXProject "cocoa-mule" */;
			compatibilityVersion = "Xcode 3.0";
			hasScannedForEncodings = 1;
			mainGroup = 29B97314FDCFA39411CA2CEA /* cocoa-mule */;
			projectDirPath = "";
			projectRoot = "";
			targets = (
				8D1107260486CEB800E47090 /* cocoa-mule */,
			);
		};
/* End PBXProject section */

/* Begin PBXResourcesBuildPhase section */
		8D1107290486CEB800E47090 /* Resources */ = {
			isa = PBXResourcesBuildPhase;
			buildActionMask = 2147483647;
			files = (
				8D11072A0486CEB800E47090 /* MainMenu.nib in Resources */,
				8D11072B0486CEB800E47090 /* InfoPlist.strings in Resources */,
				B2499CA70E7CBBF400F67575 /* Client_A4AFNoNeededPartsQueueFull.png in Resources */,
				B2499CA80E7CBBF400F67575 /* Client_aMule.png in Resources */,
				B2499CA90E7CBBF400F67575 /* Client_BadGuy.png in Resources */,
				B2499CAA0E7CBBF400F67575 /* Client_CommentOnly.png in Resources */,
				B2499CAB0E7CBBF400F67575 /* Client_Connecting.png in Resources */,
				B2499CAC0E7CBBF400F67575 /* Client_CreditsGrey.png in Resources */,
				B2499CAD0E7CBBF400F67575 /* Client_CreditsYellow.png in Resources */,
				B2499CAE0E7CBBF400F67575 /* Client_eDonkeyHybrid.png in Resources */,
				B2499CAF0E7CBBF400F67575 /* Client_eMule.png in Resources */,
				B2499CB00E7CBBF400F67575 /* Client_Encrypted.png in Resources */,
				B2499CB10E7CBBF400F67575 /* Client_ExcellentRatingOnFile.png in Resources */,
				B2499CB20E7CBBF400F67575 /* Client_ExtendedProtocol.png in Resources */,
				B2499CB30E7CBBF400F67575 /* Client_FairRatingOnFile.png in Resources */,
				B2499CB40E7CBBF400F67575 /* Client_Friend.png in Resources */,
				B2499CB50E7CBBF400F67575 /* Client_GoodRatingOnFile.png in Resources */,
				B2499CB60E7CBBF400F67575 /* Client_InvalidRatingOnFile.png in Resources */,
				B2499CB70E7CBBF400F67575 /* Client_lphant.png in Resources */,
				B2499CB80E7CBBF400F67575 /* Client_mlDonkey.png in Resources */,
				B2499CB90E7CBBF400F67575 /* Client_OnQueue.png in Resources */,
				B2499CBA0E7CBBF400F67575 /* Client_PoorRatingOnFile.png in Resources */,
				B2499CBB0E7CBBF400F67575 /* Client_SecIdent.png in Resources */,
				B2499CBC0E7CBBF400F67575 /* Client_Shareaza.png in Resources */,
				B2499CBD0E7CBBF400F67575 /* Client_StatusUnknown.png in Resources */,
				B2499CBE0E7CBBF400F67575 /* Client_Transfer.png in Resources */,
				B2499CBF0E7CBBF400F67575 /* Client_Unknown.png in Resources */,
				B2499CC00E7CBBF400F67575 /* Client_Upload.png in Resources */,
				B2499CC10E7CBBF400F67575 /* Client_xMule.png in Resources */,
				B2499CC30E7CBBF400F67575 /* Toolbar_About.png in Resources */,
				B2499CC40E7CBBF400F67575 /* Toolbar_Blink.png in Resources */,
				B2499CC50E7CBBF400F67575 /* Toolbar_Connect.png in Resources */,
				B2499CC60E7CBBF400F67575 /* Toolbar_Connecting.png in Resources */,
				B2499CC70E7CBBF400F67575 /* Toolbar_Disconnect.png in Resources */,
				B2499CC80E7CBBF400F67575 /* Toolbar_Import.png in Resources */,
				B2499CC90E7CBBF400F67575 /* Toolbar_Messages.png in Resources */,
				B2499CCA0E7CBBF400F67575 /* Toolbar_Network.png in Resources */,
				B2499CCB0E7CBBF400F67575 /* Toolbar_Prefs.png in Resources */,
				B2499CCC0E7CBBF400F67575 /* Toolbar_Search.png in Resources */,
				B2499CCD0E7CBBF400F67575 /* Toolbar_Shared.png in Resources */,
				B2499CCE0E7CBBF400F67575 /* Toolbar_Stats.png in Resources */,
				B2499CCF0E7CBBF400F67575 /* Toolbar_Transfers.png in Resources */,
				B20E7E300EFD313400EF0D8D /* LoginDialog.nib in Resources */,
			);
			runOnlyForDeploymentPostprocessing = 0;
		};
/* End PBXResourcesBuildPhase section */

/* Begin PBXSourcesBuildPhase section */
		8D11072C0486CEB800E47090 /* Sources */ = {
			isa = PBXSourcesBuildPhase;
			buildActionMask = 2147483647;
			files = (
				8D11072D0486CEB800E47090 /* main.m in Sources */,
				B2DD60230E7BC65400987099 /* AppController.mm in Sources */,
				B228A7A60E7C426B009B94B4 /* EC.mm in Sources */,
				B2CDC5AD0E9541D5009370D9 /* amuleData.mm in Sources */,
				B20E7E360EFD322C00EF0D8D /* LoginDialogController.m in Sources */,
				B2B307A40F05470200AE5E79 /* DownloadsViewController.mm in Sources */,
				B257A4550F1A7AD800DC958E /* SearchViewController.mm in Sources */,
				B20467430F20DD1E00972AD8 /* AddLinkDialogController.m in Sources */,
				B291B8130F7E122500FF9F46 /* SourceViewController.m in Sources */,
				B253EAAB0F87465E000EC011 /* SharedFilesViewController.mm in Sources */,
			);
			runOnlyForDeploymentPostprocessing = 0;
		};
/* End PBXSourcesBuildPhase section */

/* Begin PBXVariantGroup section */
		089C165CFE840E0CC02AAC07 /* InfoPlist.strings */ = {
			isa = PBXVariantGroup;
			children = (
				089C165DFE840E0CC02AAC07 /* English */,
			);
			name = InfoPlist.strings;
			sourceTree = "<group>";
		};
		29B97318FDCFA39411CA2CEA /* MainMenu.nib */ = {
			isa = PBXVariantGroup;
			children = (
				29B97319FDCFA39411CA2CEA /* English */,
			);
			name = MainMenu.nib;
			sourceTree = "<group>";
		};
		B20E7E2F0EFD313400EF0D8D /* LoginDialog.nib */ = {
			isa = PBXVariantGroup;
			children = (
				B29E77B50EFC357600F4C677 /* English */,
			);
			name = LoginDialog.nib;
			sourceTree = "<group>";
		};
/* End PBXVariantGroup section */

/* Begin XCBuildConfiguration section */
		C01FCF4B08A954540054247B /* Debug */ = {
			isa = XCBuildConfiguration;
			buildSettings = {
				COPY_PHASE_STRIP = NO;
				FRAMEWORK_SEARCH_PATHS = (
					"$(inherited)",
					"\"$(SRCROOT)/../../../bin/BWToolkit\"",
					"\"$(SRCROOT)/../../BWToolkit\"",
				);
				GCC_DEBUGGING_SYMBOLS = full;
				GCC_DYNAMIC_NO_PIC = NO;
				GCC_ENABLE_FIX_AND_CONTINUE = YES;
				GCC_ENABLE_OBJC_GC = supported;
				GCC_MODEL_TUNING = G5;
				GCC_OPTIMIZATION_LEVEL = 0;
				GCC_PRECOMPILE_PREFIX_HEADER = YES;
				GCC_PREFIX_HEADER = "cocoa-mule_Prefix.pch";
				GCC_SYMBOLS_PRIVATE_EXTERN = NO;
				INFOPLIST_FILE = Info.plist;
				INSTALL_PATH = "$(HOME)/Applications";
				PRODUCT_NAME = "cocoa-mule";
				WRAPPER_EXTENSION = app;
				ZERO_LINK = YES;
			};
			name = Debug;
		};
		C01FCF4C08A954540054247B /* Release */ = {
			isa = XCBuildConfiguration;
			buildSettings = {
				DEBUG_INFORMATION_FORMAT = "dwarf-with-dsym";
				FRAMEWORK_SEARCH_PATHS = (
					"$(inherited)",
					"\"$(SRCROOT)/../../../bin/BWToolkit\"",
					"\"$(SRCROOT)/../../BWToolkit\"",
				);
				GCC_MODEL_TUNING = G5;
				GCC_PRECOMPILE_PREFIX_HEADER = YES;
				GCC_PREFIX_HEADER = "cocoa-mule_Prefix.pch";
				INFOPLIST_FILE = Info.plist;
				INSTALL_PATH = "$(HOME)/Applications";
				PRODUCT_NAME = "cocoa-mule";
				WRAPPER_EXTENSION = app;
			};
			name = Release;
		};
		C01FCF4F08A954540054247B /* Debug */ = {
			isa = XCBuildConfiguration;
			buildSettings = {
				CURRENT_PROJECT_VERSION = 2.2;
				GCC_WARN_ABOUT_RETURN_TYPE = YES;
				GCC_WARN_EFFECTIVE_CPLUSPLUS_VIOLATIONS = YES;
				GCC_WARN_UNUSED_VARIABLE = YES;
				PREBINDING = NO;
				SDKROOT = "$(DEVELOPER_SDK_DIR)/MacOSX10.5.sdk";
			};
			name = Debug;
		};
		C01FCF5008A954540054247B /* Release */ = {
			isa = XCBuildConfiguration;
			buildSettings = {
				ARCHS = (
					ppc,
					i386,
				);
				GCC_WARN_ABOUT_RETURN_TYPE = YES;
				GCC_WARN_UNUSED_VARIABLE = YES;
				PREBINDING = NO;
				SDKROOT = "$(DEVELOPER_SDK_DIR)/MacOSX10.5.sdk";
			};
			name = Release;
		};
/* End XCBuildConfiguration section */

/* Begin XCConfigurationList section */
		C01FCF4A08A954540054247B /* Build configuration list for PBXNativeTarget "cocoa-mule" */ = {
			isa = XCConfigurationList;
			buildConfigurations = (
				C01FCF4B08A954540054247B /* Debug */,
				C01FCF4C08A954540054247B /* Release */,
			);
			defaultConfigurationIsVisible = 0;
			defaultConfigurationName = Release;
		};
		C01FCF4E08A954540054247B /* Build configuration list for PBXProject "cocoa-mule" */ = {
			isa = XCConfigurationList;
			buildConfigurations = (
				C01FCF4F08A954540054247B /* Debug */,
				C01FCF5008A954540054247B /* Release */,
			);
			defaultConfigurationIsVisible = 0;
			defaultConfigurationName = Release;
		};
/* End XCConfigurationList section */
	};
	rootObject = 29B97313FDCFA39411CA2CEA /* Project object */;
}
