Microsoft Visual Studio Solution File, Format Version 12.00
# Visual Studio Express 2013 for Windows Desktop
VisualStudioVersion = 12.0.21005.1
MinimumVisualStudioVersion = 10.0.40219.1
Project("{8BC9CEB8-8B4A-11D0-8D11-00A0C91BC942}") = "buildlibext", "libs\libext\buildlibext.vcxproj", "{F8C2C7F5-CBF1-46C1-81C9-22AD406B52C6}"
	ProjectSection(ProjectDependencies) = postProject
		{850CDA04-EF5A-40CB-B168-B01CB209EA6D} = {850CDA04-EF5A-40CB-B168-B01CB209EA6D}
		{01F4CE10-2CFB-41A8-B41F-E54337868A1D} = {01F4CE10-2CFB-41A8-B41F-E54337868A1D}
		{56A4B526-BB81-5D01-AAA9-16D23BBB169D} = {56A4B526-BB81-5D01-AAA9-16D23BBB169D}
		{24C45343-FD20-5C92-81C1-35A2AE841E79} = {24C45343-FD20-5C92-81C1-35A2AE841E79}
		{C060B24E-4ED9-4C85-9252-6A18663040F4} = {C060B24E-4ED9-4C85-9252-6A18663040F4}
		{954A3B62-FFA0-47F4-9979-7857D1C06BB4} = {954A3B62-FFA0-47F4-9979-7857D1C06BB4}
		{14EF9978-2ED5-4FEF-96AB-39DCB2C12A63} = {14EF9978-2ED5-4FEF-96AB-39DCB2C12A63}
		{DBAD7689-4C00-4444-93AC-E911D6597098} = {DBAD7689-4C00-4444-93AC-E911D6597098}
		{3423EC9A-52E4-4A4D-9753-EDEBC38785EF} = {3423EC9A-52E4-4A4D-9753-EDEBC38785EF}
		{CB8C76A0-7AFA-4A82-BCA1-92FDC78CE701} = {CB8C76A0-7AFA-4A82-BCA1-92FDC78CE701}
		{D61744B5-C233-4DD2-BDFC-F46FBA0189DF} = {D61744B5-C233-4DD2-BDFC-F46FBA0189DF}
	EndProjectSection
EndProject
Project("{8BC9CEB8-8B4A-11D0-8D11-00A0C91BC942}") = "cryptlib", "..\..\..\..\cryptopp\cryptlib.vcxproj", "{3423EC9A-52E4-4A4D-9753-EDEBC38785EF}"
EndProject
Project("{8BC9CEB8-8B4A-11D0-8D11-00A0C91BC942}") = "base", "..\..\..\..\wxWidgets30\build\msw\wx_vc12_base.vcxproj", "{D61744B5-C233-4DD2-BDFC-F46FBA0189DF}"
	ProjectSection(ProjectDependencies) = postProject
		{01F4CE10-2CFB-41A8-B41F-E54337868A1D} = {01F4CE10-2CFB-41A8-B41F-E54337868A1D}
	EndProjectSection
EndProject
Project("{8BC9CEB8-8B4A-11D0-8D11-00A0C91BC942}") = "core", "..\..\..\..\wxWidgets30\build\msw\wx_vc12_core.vcxproj", "{954A3B62-FFA0-47F4-9979-7857D1C06BB4}"
	ProjectSection(ProjectDependencies) = postProject
		{01F4CE10-2CFB-41A8-B41F-E54337868A1D} = {01F4CE10-2CFB-41A8-B41F-E54337868A1D}
	EndProjectSection
EndProject
Project("{8BC9CEB8-8B4A-11D0-8D11-00A0C91BC942}") = "net", "..\..\..\..\wxWidgets30\build\msw\wx_vc12_net.vcxproj", "{850CDA04-EF5A-40CB-B168-B01CB209EA6D}"
	ProjectSection(ProjectDependencies) = postProject
		{01F4CE10-2CFB-41A8-B41F-E54337868A1D} = {01F4CE10-2CFB-41A8-B41F-E54337868A1D}
	EndProjectSection
EndProject
Project("{8BC9CEB8-8B4A-11D0-8D11-00A0C91BC942}") = "wxjpeg", "..\..\..\..\wxWidgets30\build\msw\wx_vc12_wxjpeg.vcxproj", "{DBAD7689-4C00-4444-93AC-E911D6597098}"
	ProjectSection(ProjectDependencies) = postProject
		{01F4CE10-2CFB-41A8-B41F-E54337868A1D} = {01F4CE10-2CFB-41A8-B41F-E54337868A1D}
	EndProjectSection
EndProject
Project("{8BC9CEB8-8B4A-11D0-8D11-00A0C91BC942}") = "wxpng", "..\..\..\..\wxWidgets30\build\msw\wx_vc12_wxpng.vcxproj", "{CB8C76A0-7AFA-4A82-BCA1-92FDC78CE701}"
	ProjectSection(ProjectDependencies) = postProject
		{01F4CE10-2CFB-41A8-B41F-E54337868A1D} = {01F4CE10-2CFB-41A8-B41F-E54337868A1D}
	EndProjectSection
EndProject
Project("{8BC9CEB8-8B4A-11D0-8D11-00A0C91BC942}") = "wxtiff", "..\..\..\..\wxWidgets30\build\msw\wx_vc12_wxtiff.vcxproj", "{C060B24E-4ED9-4C85-9252-6A18663040F4}"
	ProjectSection(ProjectDependencies) = postProject
		{01F4CE10-2CFB-41A8-B41F-E54337868A1D} = {01F4CE10-2CFB-41A8-B41F-E54337868A1D}
	EndProjectSection
EndProject
Project("{8BC9CEB8-8B4A-11D0-8D11-00A0C91BC942}") = "wxzlib", "..\..\..\..\wxWidgets30\build\msw\wx_vc12_wxzlib.vcxproj", "{14EF9978-2ED5-4FEF-96AB-39DCB2C12A63}"
	ProjectSection(ProjectDependencies) = postProject
		{01F4CE10-2CFB-41A8-B41F-E54337868A1D} = {01F4CE10-2CFB-41A8-B41F-E54337868A1D}
	EndProjectSection
EndProject
Project("{8BC9CEB8-8B4A-11D0-8D11-00A0C91BC942}") = "_custom_build", "..\..\..\..\wxWidgets30\build\msw\wx_vc12_custom_build.vcxproj", "{01F4CE10-2CFB-41A8-B41F-E54337868A1D}"
EndProject
Project("{8BC9CEB8-8B4A-11D0-8D11-00A0C91BC942}") = "wxregex", "..\..\..\..\wxWidgets30\build\msw\wx_vc12_wxregex.vcxproj", "{56A4B526-BB81-5D01-AAA9-16D23BBB169D}"
	ProjectSection(ProjectDependencies) = postProject
		{01F4CE10-2CFB-41A8-B41F-E54337868A1D} = {01F4CE10-2CFB-41A8-B41F-E54337868A1D}
	EndProjectSection
EndProject
Project("{8BC9CEB8-8B4A-11D0-8D11-00A0C91BC942}") = "adv", "..\..\..\..\wxWidgets30\build\msw\wx_vc12_adv.vcxproj", "{24C45343-FD20-5C92-81C1-35A2AE841E79}"
	ProjectSection(ProjectDependencies) = postProject
		{01F4CE10-2CFB-41A8-B41F-E54337868A1D} = {01F4CE10-2CFB-41A8-B41F-E54337868A1D}
	EndProjectSection
EndProject
Global
	GlobalSection(SolutionConfigurationPlatforms) = preSolution
		Debug|Win32 = Debug|Win32
		Debug|x64 = Debug|x64
		Release|Win32 = Release|Win32
		Release|x64 = Release|x64
	EndGlobalSection
	GlobalSection(ProjectConfigurationPlatforms) = postSolution
		{F8C2C7F5-CBF1-46C1-81C9-22AD406B52C6}.Debug|Win32.ActiveCfg = Debug30|Win32
		{F8C2C7F5-CBF1-46C1-81C9-22AD406B52C6}.Debug|Win32.Build.0 = Debug30|Win32
		{F8C2C7F5-CBF1-46C1-81C9-22AD406B52C6}.Debug|x64.ActiveCfg = Debug|Win32
		{F8C2C7F5-CBF1-46C1-81C9-22AD406B52C6}.Release|Win32.ActiveCfg = Release30|Win32
		{F8C2C7F5-CBF1-46C1-81C9-22AD406B52C6}.Release|Win32.Build.0 = Release30|Win32
		{F8C2C7F5-CBF1-46C1-81C9-22AD406B52C6}.Release|x64.ActiveCfg = Release|Win32
		{3423EC9A-52E4-4A4D-9753-EDEBC38785EF}.Debug|Win32.ActiveCfg = Debug|Win32
		{3423EC9A-52E4-4A4D-9753-EDEBC38785EF}.Debug|Win32.Build.0 = Debug|Win32
		{3423EC9A-52E4-4A4D-9753-EDEBC38785EF}.Debug|x64.ActiveCfg = Debug|x64
		{3423EC9A-52E4-4A4D-9753-EDEBC38785EF}.Debug|x64.Build.0 = Debug|x64
		{3423EC9A-52E4-4A4D-9753-EDEBC38785EF}.Release|Win32.ActiveCfg = Release|Win32
		{3423EC9A-52E4-4A4D-9753-EDEBC38785EF}.Release|Win32.Build.0 = Release|Win32
		{3423EC9A-52E4-4A4D-9753-EDEBC38785EF}.Release|x64.ActiveCfg = Release|x64
		{3423EC9A-52E4-4A4D-9753-EDEBC38785EF}.Release|x64.Build.0 = Release|x64
		{D61744B5-C233-4DD2-BDFC-F46FBA0189DF}.Debug|Win32.ActiveCfg = Debug|Win32
		{D61744B5-C233-4DD2-BDFC-F46FBA0189DF}.Debug|Win32.Build.0 = Debug|Win32
		{D61744B5-C233-4DD2-BDFC-F46FBA0189DF}.Debug|x64.ActiveCfg = Debug|x64
		{D61744B5-C233-4DD2-BDFC-F46FBA0189DF}.Debug|x64.Build.0 = Debug|x64
		{D61744B5-C233-4DD2-BDFC-F46FBA0189DF}.Release|Win32.ActiveCfg = Release|Win32
		{D61744B5-C233-4DD2-BDFC-F46FBA0189DF}.Release|Win32.Build.0 = Release|Win32
		{D61744B5-C233-4DD2-BDFC-F46FBA0189DF}.Release|x64.ActiveCfg = Release|x64
		{D61744B5-C233-4DD2-BDFC-F46FBA0189DF}.Release|x64.Build.0 = Release|x64
		{954A3B62-FFA0-47F4-9979-7857D1C06BB4}.Debug|Win32.ActiveCfg = Debug|Win32
		{954A3B62-FFA0-47F4-9979-7857D1C06BB4}.Debug|Win32.Build.0 = Debug|Win32
		{954A3B62-FFA0-47F4-9979-7857D1C06BB4}.Debug|x64.ActiveCfg = Debug|x64
		{954A3B62-FFA0-47F4-9979-7857D1C06BB4}.Debug|x64.Build.0 = Debug|x64
		{954A3B62-FFA0-47F4-9979-7857D1C06BB4}.Release|Win32.ActiveCfg = Release|Win32
		{954A3B62-FFA0-47F4-9979-7857D1C06BB4}.Release|Win32.Build.0 = Release|Win32
		{954A3B62-FFA0-47F4-9979-7857D1C06BB4}.Release|x64.ActiveCfg = Release|x64
		{954A3B62-FFA0-47F4-9979-7857D1C06BB4}.Release|x64.Build.0 = Release|x64
		{850CDA04-EF5A-40CB-B168-B01CB209EA6D}.Debug|Win32.ActiveCfg = Debug|Win32
		{850CDA04-EF5A-40CB-B168-B01CB209EA6D}.Debug|Win32.Build.0 = Debug|Win32
		{850CDA04-EF5A-40CB-B168-B01CB209EA6D}.Debug|x64.ActiveCfg = Debug|x64
		{850CDA04-EF5A-40CB-B168-B01CB209EA6D}.Debug|x64.Build.0 = Debug|x64
		{850CDA04-EF5A-40CB-B168-B01CB209EA6D}.Release|Win32.ActiveCfg = Release|Win32
		{850CDA04-EF5A-40CB-B168-B01CB209EA6D}.Release|Win32.Build.0 = Release|Win32
		{850CDA04-EF5A-40CB-B168-B01CB209EA6D}.Release|x64.ActiveCfg = Release|x64
		{850CDA04-EF5A-40CB-B168-B01CB209EA6D}.Release|x64.Build.0 = Release|x64
		{DBAD7689-4C00-4444-93AC-E911D6597098}.Debug|Win32.ActiveCfg = Debug|Win32
		{DBAD7689-4C00-4444-93AC-E911D6597098}.Debug|Win32.Build.0 = Debug|Win32
		{DBAD7689-4C00-4444-93AC-E911D6597098}.Debug|x64.ActiveCfg = Debug|x64
		{DBAD7689-4C00-4444-93AC-E911D6597098}.Debug|x64.Build.0 = Debug|x64
		{DBAD7689-4C00-4444-93AC-E911D6597098}.Release|Win32.ActiveCfg = Release|Win32
		{DBAD7689-4C00-4444-93AC-E911D6597098}.Release|Win32.Build.0 = Release|Win32
		{DBAD7689-4C00-4444-93AC-E911D6597098}.Release|x64.ActiveCfg = Release|x64
		{DBAD7689-4C00-4444-93AC-E911D6597098}.Release|x64.Build.0 = Release|x64
		{CB8C76A0-7AFA-4A82-BCA1-92FDC78CE701}.Debug|Win32.ActiveCfg = Debug|Win32
		{CB8C76A0-7AFA-4A82-BCA1-92FDC78CE701}.Debug|Win32.Build.0 = Debug|Win32
		{CB8C76A0-7AFA-4A82-BCA1-92FDC78CE701}.Debug|x64.ActiveCfg = Debug|x64
		{CB8C76A0-7AFA-4A82-BCA1-92FDC78CE701}.Debug|x64.Build.0 = Debug|x64
		{CB8C76A0-7AFA-4A82-BCA1-92FDC78CE701}.Release|Win32.ActiveCfg = Release|Win32
		{CB8C76A0-7AFA-4A82-BCA1-92FDC78CE701}.Release|Win32.Build.0 = Release|Win32
		{CB8C76A0-7AFA-4A82-BCA1-92FDC78CE701}.Release|x64.ActiveCfg = Release|x64
		{CB8C76A0-7AFA-4A82-BCA1-92FDC78CE701}.Release|x64.Build.0 = Release|x64
		{C060B24E-4ED9-4C85-9252-6A18663040F4}.Debug|Win32.ActiveCfg = Debug|Win32
		{C060B24E-4ED9-4C85-9252-6A18663040F4}.Debug|Win32.Build.0 = Debug|Win32
		{C060B24E-4ED9-4C85-9252-6A18663040F4}.Debug|x64.ActiveCfg = Debug|x64
		{C060B24E-4ED9-4C85-9252-6A18663040F4}.Debug|x64.Build.0 = Debug|x64
		{C060B24E-4ED9-4C85-9252-6A18663040F4}.Release|Win32.ActiveCfg = Release|Win32
		{C060B24E-4ED9-4C85-9252-6A18663040F4}.Release|Win32.Build.0 = Release|Win32
		{C060B24E-4ED9-4C85-9252-6A18663040F4}.Release|x64.ActiveCfg = Release|x64
		{C060B24E-4ED9-4C85-9252-6A18663040F4}.Release|x64.Build.0 = Release|x64
		{14EF9978-2ED5-4FEF-96AB-39DCB2C12A63}.Debug|Win32.ActiveCfg = Debug|Win32
		{14EF9978-2ED5-4FEF-96AB-39DCB2C12A63}.Debug|Win32.Build.0 = Debug|Win32
		{14EF9978-2ED5-4FEF-96AB-39DCB2C12A63}.Debug|x64.ActiveCfg = Debug|x64
		{14EF9978-2ED5-4FEF-96AB-39DCB2C12A63}.Debug|x64.Build.0 = Debug|x64
		{14EF9978-2ED5-4FEF-96AB-39DCB2C12A63}.Release|Win32.ActiveCfg = Release|Win32
		{14EF9978-2ED5-4FEF-96AB-39DCB2C12A63}.Release|Win32.Build.0 = Release|Win32
		{14EF9978-2ED5-4FEF-96AB-39DCB2C12A63}.Release|x64.ActiveCfg = Release|x64
		{14EF9978-2ED5-4FEF-96AB-39DCB2C12A63}.Release|x64.Build.0 = Release|x64
		{01F4CE10-2CFB-41A8-B41F-E54337868A1D}.Debug|Win32.ActiveCfg = Debug|Win32
		{01F4CE10-2CFB-41A8-B41F-E54337868A1D}.Debug|Win32.Build.0 = Debug|Win32
		{01F4CE10-2CFB-41A8-B41F-E54337868A1D}.Debug|x64.ActiveCfg = Debug|x64
		{01F4CE10-2CFB-41A8-B41F-E54337868A1D}.Debug|x64.Build.0 = Debug|x64
		{01F4CE10-2CFB-41A8-B41F-E54337868A1D}.Release|Win32.ActiveCfg = Release|Win32
		{01F4CE10-2CFB-41A8-B41F-E54337868A1D}.Release|Win32.Build.0 = Release|Win32
		{01F4CE10-2CFB-41A8-B41F-E54337868A1D}.Release|x64.ActiveCfg = Release|x64
		{01F4CE10-2CFB-41A8-B41F-E54337868A1D}.Release|x64.Build.0 = Release|x64
		{56A4B526-BB81-5D01-AAA9-16D23BBB169D}.Debug|Win32.ActiveCfg = Debug|Win32
		{56A4B526-BB81-5D01-AAA9-16D23BBB169D}.Debug|Win32.Build.0 = Debug|Win32
		{56A4B526-BB81-5D01-AAA9-16D23BBB169D}.Debug|x64.ActiveCfg = Debug|x64
		{56A4B526-BB81-5D01-AAA9-16D23BBB169D}.Debug|x64.Build.0 = Debug|x64
		{56A4B526-BB81-5D01-AAA9-16D23BBB169D}.Release|Win32.ActiveCfg = Release|Win32
		{56A4B526-BB81-5D01-AAA9-16D23BBB169D}.Release|Win32.Build.0 = Release|Win32
		{56A4B526-BB81-5D01-AAA9-16D23BBB169D}.Release|x64.ActiveCfg = Release|x64
		{56A4B526-BB81-5D01-AAA9-16D23BBB169D}.Release|x64.Build.0 = Release|x64
		{24C45343-FD20-5C92-81C1-35A2AE841E79}.Debug|Win32.ActiveCfg = Debug|Win32
		{24C45343-FD20-5C92-81C1-35A2AE841E79}.Debug|Win32.Build.0 = Debug|Win32
		{24C45343-FD20-5C92-81C1-35A2AE841E79}.Debug|x64.ActiveCfg = Debug|x64
		{24C45343-FD20-5C92-81C1-35A2AE841E79}.Debug|x64.Build.0 = Debug|x64
		{24C45343-FD20-5C92-81C1-35A2AE841E79}.Release|Win32.ActiveCfg = Release|Win32
		{24C45343-FD20-5C92-81C1-35A2AE841E79}.Release|Win32.Build.0 = Release|Win32
		{24C45343-FD20-5C92-81C1-35A2AE841E79}.Release|x64.ActiveCfg = Release|x64
		{24C45343-FD20-5C92-81C1-35A2AE841E79}.Release|x64.Build.0 = Release|x64
	EndGlobalSection
	GlobalSection(SolutionProperties) = preSolution
		HideSolutionNode = FALSE
	EndGlobalSection
EndGlobal
