Microsoft Visual Studio Solution File, Format Version 10.00
# Visual Studio 2008
Project("{8BC9CEB8-8B4A-11D0-8D11-00A0C91BC942}") = "buildlibext", "libs\libext\buildlibext.vcproj", "{F8C2C7F5-CBF1-46C1-81C9-22AD406B52C6}"
	ProjectSection(ProjectDependencies) = postProject
		{C4590207-2D76-445F-833D-D59BB14D2C51} = {C4590207-2D76-445F-833D-D59BB14D2C51}
		{4740520C-ADF1-464D-97C5-85FCFEECF76D} = {4740520C-ADF1-464D-97C5-85FCFEECF76D}
		{C963A510-37EB-4D71-85B9-2380FCD4B3D3} = {C963A510-37EB-4D71-85B9-2380FCD4B3D3}
		{99A6CD35-A635-4E39-93FF-F9A359E356D2} = {99A6CD35-A635-4E39-93FF-F9A359E356D2}
		{6B245136-054C-4400-BF21-D30B05C231CD} = {6B245136-054C-4400-BF21-D30B05C231CD}
		{AE383B44-EE53-4353-9BF0-2F3767D6CE51} = {AE383B44-EE53-4353-9BF0-2F3767D6CE51}
		{B535BE44-FCCC-4911-862F-A7ED6CC6B597} = {B535BE44-FCCC-4911-862F-A7ED6CC6B597}
		{4F88C347-8C7A-47C1-84C8-D4E154A33D30} = {4F88C347-8C7A-47C1-84C8-D4E154A33D30}
		{3EA1CE4C-C6FA-42C0-A152-10FDA37FE935} = {3EA1CE4C-C6FA-42C0-A152-10FDA37FE935}
		{BA59346E-5EB2-4D25-94A7-132D9C953A05} = {BA59346E-5EB2-4D25-94A7-132D9C953A05}
		{46B97E73-8E57-42C1-A46E-AF0495D625DD} = {46B97E73-8E57-42C1-A46E-AF0495D625DD}
		{8E917A7A-CC97-45C8-80A1-2EBD30936D23} = {8E917A7A-CC97-45C8-80A1-2EBD30936D23}
		{3423EC9A-52E4-4A4D-9753-EDEBC38785EF} = {3423EC9A-52E4-4A4D-9753-EDEBC38785EF}
		{A960D0AD-C20E-4FD6-B477-6509232C7D94} = {A960D0AD-C20E-4FD6-B477-6509232C7D94}
		{456E58BD-84CA-4190-A88B-0A9B30DFD6D6} = {456E58BD-84CA-4190-A88B-0A9B30DFD6D6}
		{83E249BF-12A0-4D0D-B9A5-B9560FDE0BA1} = {83E249BF-12A0-4D0D-B9A5-B9560FDE0BA1}
		{FE8C58CE-6828-4125-8563-28F929D307C2} = {FE8C58CE-6828-4125-8563-28F929D307C2}
		{474A0ED2-5969-47F0-B37F-7BC05C44F99B} = {474A0ED2-5969-47F0-B37F-7BC05C44F99B}
		{8CF291F4-6284-4118-98A7-9D2146C6D5EA} = {8CF291F4-6284-4118-98A7-9D2146C6D5EA}
		{4C6519FA-63B7-4631-B087-A17A368DBCD9} = {4C6519FA-63B7-4631-B087-A17A368DBCD9}
		{64DD39FC-B3FA-4625-86BA-D8A7AE7D1D2C} = {64DD39FC-B3FA-4625-86BA-D8A7AE7D1D2C}
	EndProjectSection
EndProject
Project("{8BC9CEB8-8B4A-11D0-8D11-00A0C91BC942}") = "cryptlib", "..\..\..\..\cryptopp\cryptlib.vcproj", "{3423EC9A-52E4-4A4D-9753-EDEBC38785EF}"
EndProject
Project("{8BC9CEB8-8B4A-11D0-8D11-00A0C91BC942}") = "wxregex", "..\..\..\..\wxWidgets\build\msw\wx_wxregex.vcproj", "{A960D0AD-C20E-4FD6-B477-6509232C7D94}"
EndProject
Project("{8BC9CEB8-8B4A-11D0-8D11-00A0C91BC942}") = "wxzlib", "..\..\..\..\wxWidgets\build\msw\wx_wxzlib.vcproj", "{99A6CD35-A635-4E39-93FF-F9A359E356D2}"
EndProject
Project("{8BC9CEB8-8B4A-11D0-8D11-00A0C91BC942}") = "wxpng", "..\..\..\..\wxWidgets\build\msw\wx_wxpng.vcproj", "{4F88C347-8C7A-47C1-84C8-D4E154A33D30}"
EndProject
Project("{8BC9CEB8-8B4A-11D0-8D11-00A0C91BC942}") = "wxjpeg", "..\..\..\..\wxWidgets\build\msw\wx_wxjpeg.vcproj", "{4C6519FA-63B7-4631-B087-A17A368DBCD9}"
EndProject
Project("{8BC9CEB8-8B4A-11D0-8D11-00A0C91BC942}") = "wxtiff", "..\..\..\..\wxWidgets\build\msw\wx_wxtiff.vcproj", "{456E58BD-84CA-4190-A88B-0A9B30DFD6D6}"
EndProject
Project("{8BC9CEB8-8B4A-11D0-8D11-00A0C91BC942}") = "wxexpat", "..\..\..\..\wxWidgets\build\msw\wx_wxexpat.vcproj", "{474A0ED2-5969-47F0-B37F-7BC05C44F99B}"
EndProject
Project("{8BC9CEB8-8B4A-11D0-8D11-00A0C91BC942}") = "base", "..\..\..\..\wxWidgets\build\msw\wx_base.vcproj", "{3EA1CE4C-C6FA-42C0-A152-10FDA37FE935}"
EndProject
Project("{8BC9CEB8-8B4A-11D0-8D11-00A0C91BC942}") = "net", "..\..\..\..\wxWidgets\build\msw\wx_net.vcproj", "{C963A510-37EB-4D71-85B9-2380FCD4B3D3}"
EndProject
Project("{8BC9CEB8-8B4A-11D0-8D11-00A0C91BC942}") = "core", "..\..\..\..\wxWidgets\build\msw\wx_core.vcproj", "{83E249BF-12A0-4D0D-B9A5-B9560FDE0BA1}"
EndProject
Project("{8BC9CEB8-8B4A-11D0-8D11-00A0C91BC942}") = "adv", "..\..\..\..\wxWidgets\build\msw\wx_adv.vcproj", "{FE8C58CE-6828-4125-8563-28F929D307C2}"
EndProject
Project("{8BC9CEB8-8B4A-11D0-8D11-00A0C91BC942}") = "media", "..\..\..\..\wxWidgets\build\msw\wx_media.vcproj", "{6B245136-054C-4400-BF21-D30B05C231CD}"
EndProject
Project("{8BC9CEB8-8B4A-11D0-8D11-00A0C91BC942}") = "odbc", "..\..\..\..\wxWidgets\build\msw\wx_odbc.vcproj", "{B535BE44-FCCC-4911-862F-A7ED6CC6B597}"
EndProject
Project("{8BC9CEB8-8B4A-11D0-8D11-00A0C91BC942}") = "dbgrid", "..\..\..\..\wxWidgets\build\msw\wx_dbgrid.vcproj", "{C4590207-2D76-445F-833D-D59BB14D2C51}"
EndProject
Project("{8BC9CEB8-8B4A-11D0-8D11-00A0C91BC942}") = "html", "..\..\..\..\wxWidgets\build\msw\wx_html.vcproj", "{8E917A7A-CC97-45C8-80A1-2EBD30936D23}"
EndProject
Project("{8BC9CEB8-8B4A-11D0-8D11-00A0C91BC942}") = "qa", "..\..\..\..\wxWidgets\build\msw\wx_qa.vcproj", "{AE383B44-EE53-4353-9BF0-2F3767D6CE51}"
EndProject
Project("{8BC9CEB8-8B4A-11D0-8D11-00A0C91BC942}") = "xml", "..\..\..\..\wxWidgets\build\msw\wx_xml.vcproj", "{46B97E73-8E57-42C1-A46E-AF0495D625DD}"
EndProject
Project("{8BC9CEB8-8B4A-11D0-8D11-00A0C91BC942}") = "xrc", "..\..\..\..\wxWidgets\build\msw\wx_xrc.vcproj", "{BA59346E-5EB2-4D25-94A7-132D9C953A05}"
EndProject
Project("{8BC9CEB8-8B4A-11D0-8D11-00A0C91BC942}") = "aui", "..\..\..\..\wxWidgets\build\msw\wx_aui.vcproj", "{64DD39FC-B3FA-4625-86BA-D8A7AE7D1D2C}"
EndProject
Project("{8BC9CEB8-8B4A-11D0-8D11-00A0C91BC942}") = "richtext", "..\..\..\..\wxWidgets\build\msw\wx_richtext.vcproj", "{4740520C-ADF1-464D-97C5-85FCFEECF76D}"
EndProject
Project("{8BC9CEB8-8B4A-11D0-8D11-00A0C91BC942}") = "gl", "..\..\..\..\wxWidgets\build\msw\wx_gl.vcproj", "{8CF291F4-6284-4118-98A7-9D2146C6D5EA}"
EndProject
Global
	GlobalSection(SolutionConfigurationPlatforms) = preSolution
		Release|Win32 = Release|Win32
		Debug|Win32 = Debug|Win32
	EndGlobalSection
	GlobalSection(ProjectConfigurationPlatforms) = postSolution
		{3423EC9A-52E4-4A4D-9753-EDEBC38785EF}.Debug|Win32.ActiveCfg = Debug|Win32
		{3423EC9A-52E4-4A4D-9753-EDEBC38785EF}.Debug|Win32.Build.0 = Debug|Win32
		{3423EC9A-52E4-4A4D-9753-EDEBC38785EF}.Release|Win32.ActiveCfg = Release|Win32
		{3423EC9A-52E4-4A4D-9753-EDEBC38785EF}.Release|Win32.Build.0 = Release|Win32
		{A960D0AD-C20E-4FD6-B477-6509232C7D94}.Debug|Win32.ActiveCfg = Unicode Debug|Win32
		{A960D0AD-C20E-4FD6-B477-6509232C7D94}.Debug|Win32.Build.0 = Unicode Debug|Win32
		{A960D0AD-C20E-4FD6-B477-6509232C7D94}.Release|Win32.ActiveCfg = Unicode Release|Win32
		{A960D0AD-C20E-4FD6-B477-6509232C7D94}.Release|Win32.Build.0 = Unicode Release|Win32
		{99A6CD35-A635-4E39-93FF-F9A359E356D2}.Debug|Win32.ActiveCfg = Unicode Debug|Win32
		{99A6CD35-A635-4E39-93FF-F9A359E356D2}.Debug|Win32.Build.0 = Unicode Debug|Win32
		{99A6CD35-A635-4E39-93FF-F9A359E356D2}.Release|Win32.ActiveCfg = Unicode Release|Win32
		{99A6CD35-A635-4E39-93FF-F9A359E356D2}.Release|Win32.Build.0 = Unicode Release|Win32
		{4F88C347-8C7A-47C1-84C8-D4E154A33D30}.Debug|Win32.ActiveCfg = Unicode Debug|Win32
		{4F88C347-8C7A-47C1-84C8-D4E154A33D30}.Debug|Win32.Build.0 = Unicode Debug|Win32
		{4F88C347-8C7A-47C1-84C8-D4E154A33D30}.Release|Win32.ActiveCfg = Unicode Release|Win32
		{4F88C347-8C7A-47C1-84C8-D4E154A33D30}.Release|Win32.Build.0 = Unicode Release|Win32
		{4C6519FA-63B7-4631-B087-A17A368DBCD9}.Debug|Win32.ActiveCfg = Unicode Debug|Win32
		{4C6519FA-63B7-4631-B087-A17A368DBCD9}.Debug|Win32.Build.0 = Unicode Debug|Win32
		{4C6519FA-63B7-4631-B087-A17A368DBCD9}.Release|Win32.ActiveCfg = Unicode Release|Win32
		{4C6519FA-63B7-4631-B087-A17A368DBCD9}.Release|Win32.Build.0 = Unicode Release|Win32
		{456E58BD-84CA-4190-A88B-0A9B30DFD6D6}.Debug|Win32.ActiveCfg = Unicode Debug|Win32
		{456E58BD-84CA-4190-A88B-0A9B30DFD6D6}.Debug|Win32.Build.0 = Unicode Debug|Win32
		{456E58BD-84CA-4190-A88B-0A9B30DFD6D6}.Release|Win32.ActiveCfg = Unicode Release|Win32
		{456E58BD-84CA-4190-A88B-0A9B30DFD6D6}.Release|Win32.Build.0 = Unicode Release|Win32
		{474A0ED2-5969-47F0-B37F-7BC05C44F99B}.Debug|Win32.ActiveCfg = Unicode Debug|Win32
		{474A0ED2-5969-47F0-B37F-7BC05C44F99B}.Debug|Win32.Build.0 = Unicode Debug|Win32
		{474A0ED2-5969-47F0-B37F-7BC05C44F99B}.Release|Win32.ActiveCfg = Unicode Release|Win32
		{474A0ED2-5969-47F0-B37F-7BC05C44F99B}.Release|Win32.Build.0 = Unicode Release|Win32
		{3EA1CE4C-C6FA-42C0-A152-10FDA37FE935}.Debug|Win32.ActiveCfg = Unicode Debug|Win32
		{3EA1CE4C-C6FA-42C0-A152-10FDA37FE935}.Debug|Win32.Build.0 = Unicode Debug|Win32
		{3EA1CE4C-C6FA-42C0-A152-10FDA37FE935}.Release|Win32.ActiveCfg = Unicode Release|Win32
		{3EA1CE4C-C6FA-42C0-A152-10FDA37FE935}.Release|Win32.Build.0 = Unicode Release|Win32
		{C963A510-37EB-4D71-85B9-2380FCD4B3D3}.Debug|Win32.ActiveCfg = Unicode Debug|Win32
		{C963A510-37EB-4D71-85B9-2380FCD4B3D3}.Debug|Win32.Build.0 = Unicode Debug|Win32
		{C963A510-37EB-4D71-85B9-2380FCD4B3D3}.Release|Win32.ActiveCfg = Unicode Release|Win32
		{C963A510-37EB-4D71-85B9-2380FCD4B3D3}.Release|Win32.Build.0 = Unicode Release|Win32
		{83E249BF-12A0-4D0D-B9A5-B9560FDE0BA1}.Debug|Win32.ActiveCfg = Unicode Debug|Win32
		{83E249BF-12A0-4D0D-B9A5-B9560FDE0BA1}.Debug|Win32.Build.0 = Unicode Debug|Win32
		{83E249BF-12A0-4D0D-B9A5-B9560FDE0BA1}.Release|Win32.ActiveCfg = Unicode Release|Win32
		{83E249BF-12A0-4D0D-B9A5-B9560FDE0BA1}.Release|Win32.Build.0 = Unicode Release|Win32
		{FE8C58CE-6828-4125-8563-28F929D307C2}.Debug|Win32.ActiveCfg = Unicode Debug|Win32
		{FE8C58CE-6828-4125-8563-28F929D307C2}.Debug|Win32.Build.0 = Unicode Debug|Win32
		{FE8C58CE-6828-4125-8563-28F929D307C2}.Release|Win32.ActiveCfg = Unicode Release|Win32
		{FE8C58CE-6828-4125-8563-28F929D307C2}.Release|Win32.Build.0 = Unicode Release|Win32
		{6B245136-054C-4400-BF21-D30B05C231CD}.Debug|Win32.ActiveCfg = Unicode Debug|Win32
		{6B245136-054C-4400-BF21-D30B05C231CD}.Debug|Win32.Build.0 = Unicode Debug|Win32
		{6B245136-054C-4400-BF21-D30B05C231CD}.Release|Win32.ActiveCfg = Unicode Release|Win32
		{6B245136-054C-4400-BF21-D30B05C231CD}.Release|Win32.Build.0 = Unicode Release|Win32
		{B535BE44-FCCC-4911-862F-A7ED6CC6B597}.Debug|Win32.ActiveCfg = Unicode Debug|Win32
		{B535BE44-FCCC-4911-862F-A7ED6CC6B597}.Debug|Win32.Build.0 = Unicode Debug|Win32
		{B535BE44-FCCC-4911-862F-A7ED6CC6B597}.Release|Win32.ActiveCfg = Unicode Release|Win32
		{B535BE44-FCCC-4911-862F-A7ED6CC6B597}.Release|Win32.Build.0 = Unicode Release|Win32
		{C4590207-2D76-445F-833D-D59BB14D2C51}.Debug|Win32.ActiveCfg = Unicode Debug|Win32
		{C4590207-2D76-445F-833D-D59BB14D2C51}.Debug|Win32.Build.0 = Unicode Debug|Win32
		{C4590207-2D76-445F-833D-D59BB14D2C51}.Release|Win32.ActiveCfg = Unicode Release|Win32
		{C4590207-2D76-445F-833D-D59BB14D2C51}.Release|Win32.Build.0 = Unicode Release|Win32
		{8E917A7A-CC97-45C8-80A1-2EBD30936D23}.Debug|Win32.ActiveCfg = Unicode Debug|Win32
		{8E917A7A-CC97-45C8-80A1-2EBD30936D23}.Debug|Win32.Build.0 = Unicode Debug|Win32
		{8E917A7A-CC97-45C8-80A1-2EBD30936D23}.Release|Win32.ActiveCfg = Unicode Release|Win32
		{8E917A7A-CC97-45C8-80A1-2EBD30936D23}.Release|Win32.Build.0 = Unicode Release|Win32
		{AE383B44-EE53-4353-9BF0-2F3767D6CE51}.Debug|Win32.ActiveCfg = Unicode Debug|Win32
		{AE383B44-EE53-4353-9BF0-2F3767D6CE51}.Debug|Win32.Build.0 = Unicode Debug|Win32
		{AE383B44-EE53-4353-9BF0-2F3767D6CE51}.Release|Win32.ActiveCfg = Unicode Release|Win32
		{AE383B44-EE53-4353-9BF0-2F3767D6CE51}.Release|Win32.Build.0 = Unicode Release|Win32
		{46B97E73-8E57-42C1-A46E-AF0495D625DD}.Debug|Win32.ActiveCfg = Unicode Debug|Win32
		{46B97E73-8E57-42C1-A46E-AF0495D625DD}.Debug|Win32.Build.0 = Unicode Debug|Win32
		{46B97E73-8E57-42C1-A46E-AF0495D625DD}.Release|Win32.ActiveCfg = Unicode Release|Win32
		{46B97E73-8E57-42C1-A46E-AF0495D625DD}.Release|Win32.Build.0 = Unicode Release|Win32
		{BA59346E-5EB2-4D25-94A7-132D9C953A05}.Debug|Win32.ActiveCfg = Unicode Debug|Win32
		{BA59346E-5EB2-4D25-94A7-132D9C953A05}.Debug|Win32.Build.0 = Unicode Debug|Win32
		{BA59346E-5EB2-4D25-94A7-132D9C953A05}.Release|Win32.ActiveCfg = Unicode Release|Win32
		{BA59346E-5EB2-4D25-94A7-132D9C953A05}.Release|Win32.Build.0 = Unicode Release|Win32
		{64DD39FC-B3FA-4625-86BA-D8A7AE7D1D2C}.Debug|Win32.ActiveCfg = Unicode Debug|Win32
		{64DD39FC-B3FA-4625-86BA-D8A7AE7D1D2C}.Debug|Win32.Build.0 = Unicode Debug|Win32
		{64DD39FC-B3FA-4625-86BA-D8A7AE7D1D2C}.Release|Win32.ActiveCfg = Unicode Release|Win32
		{64DD39FC-B3FA-4625-86BA-D8A7AE7D1D2C}.Release|Win32.Build.0 = Unicode Release|Win32
		{4740520C-ADF1-464D-97C5-85FCFEECF76D}.Debug|Win32.ActiveCfg = Unicode Debug|Win32
		{4740520C-ADF1-464D-97C5-85FCFEECF76D}.Debug|Win32.Build.0 = Unicode Debug|Win32
		{4740520C-ADF1-464D-97C5-85FCFEECF76D}.Release|Win32.ActiveCfg = Unicode Release|Win32
		{4740520C-ADF1-464D-97C5-85FCFEECF76D}.Release|Win32.Build.0 = Unicode Release|Win32
		{8CF291F4-6284-4118-98A7-9D2146C6D5EA}.Debug|Win32.ActiveCfg = Unicode Debug|Win32
		{8CF291F4-6284-4118-98A7-9D2146C6D5EA}.Debug|Win32.Build.0 = Unicode Debug|Win32
		{8CF291F4-6284-4118-98A7-9D2146C6D5EA}.Release|Win32.ActiveCfg = Unicode Release|Win32
		{8CF291F4-6284-4118-98A7-9D2146C6D5EA}.Release|Win32.Build.0 = Unicode Release|Win32
		{F8C2C7F5-CBF1-46C1-81C9-22AD406B52C6}.Debug|Win32.ActiveCfg = Debug|Win32
		{F8C2C7F5-CBF1-46C1-81C9-22AD406B52C6}.Debug|Win32.Build.0 = Debug|Win32
		{F8C2C7F5-CBF1-46C1-81C9-22AD406B52C6}.Release|Win32.ActiveCfg = Release|Win32
		{F8C2C7F5-CBF1-46C1-81C9-22AD406B52C6}.Release|Win32.Build.0 = Release|Win32
	EndGlobalSection
	GlobalSection(SolutionProperties) = preSolution
		HideSolutionNode = FALSE
	EndGlobalSection
EndGlobal
