
Microsoft Visual Studio Solution File, Format Version 9.00
# Visual C# Express 2005
Project("{FAE04EC0-301F-11D3-BF4B-00C04F79EFBC}") = "remote-gui.net", "remote-gui.net.csproj", "{DA4C427D-607A-4AB8-9C12-1B60AB283471}"
EndProject
Global
	GlobalSection(SolutionConfigurationPlatforms) = preSolution
		Debug|Any CPU = Debug|Any CPU
		Release|Any CPU = Release|Any CPU
	EndGlobalSection
	GlobalSection(ProjectConfigurationPlatforms) = postSolution
		{DA4C427D-607A-4AB8-9C12-1B60AB283471}.Debug|Any CPU.ActiveCfg = Debug|Any CPU
		{DA4C427D-607A-4AB8-9C12-1B60AB283471}.Debug|Any CPU.Build.0 = Debug|Any CPU
		{DA4C427D-607A-4AB8-9C12-1B60AB283471}.Release|Any CPU.ActiveCfg = Release|Any CPU
		{DA4C427D-607A-4AB8-9C12-1B60AB283471}.Release|Any CPU.Build.0 = Release|Any CPU
	EndGlobalSection
	GlobalSection(SolutionProperties) = preSolution
		HideSolutionNode = FALSE
	EndGlobalSection
EndGlobal
