Microsoft Visual Studio Solution File, Format Version 9.00
# Visual Studio 2005
Project("{8BC9CEB8-8B4A-11D0-8D11-00A0C91BC942}") = "cryptlib", "..\..\cryptopp\cryptlib.vcproj", "{3423EC9A-52E4-4A4D-9753-EDEBC38785EF}"
EndProject
Project("{8BC9CEB8-8B4A-11D0-8D11-00A0C91BC942}") = "zlib", "..\..\zlib\projects\visualc6\zlib.vcproj", "{00CEE42A-4DF7-4FE1-B5EF-E31B87CA714B}"
EndProject
Project("{2150E333-8FDC-42A3-9474-1A3956D46DE8}") = "wxWidgets", "wxWidgets", "{04ECC032-1961-45B0-B0C3-0064A8E3B880}"
EndProject
Project("{2150E333-8FDC-42A3-9474-1A3956D46DE8}") = "external libraries", "external libraries", "{138CD730-94FC-41BA-92BB-E88E1DF41CC3}"
EndProject
Project("{8BC9CEB8-8B4A-11D0-8D11-00A0C91BC942}") = "wxregex", "..\..\wxWidgets\build\msw\wx_wxregex.vcproj", "{7CCBD9CB-D47D-46CB-9071-48782D456B1A}"
EndProject
Project("{8BC9CEB8-8B4A-11D0-8D11-00A0C91BC942}") = "wxzlib", "..\..\wxWidgets\build\msw\wx_wxzlib.vcproj", "{FD311751-7B42-4F07-96DB-553D428095A3}"
EndProject
Project("{8BC9CEB8-8B4A-11D0-8D11-00A0C91BC942}") = "wxpng", "..\..\wxWidgets\build\msw\wx_wxpng.vcproj", "{B2B3FB85-10A2-4E41-811B-1606B748BF0A}"
EndProject
Project("{8BC9CEB8-8B4A-11D0-8D11-00A0C91BC942}") = "wxjpeg", "..\..\wxWidgets\build\msw\wx_wxjpeg.vcproj", "{68FA2581-F8F8-4340-A192-141DC050F6B2}"
EndProject
Project("{8BC9CEB8-8B4A-11D0-8D11-00A0C91BC942}") = "wxtiff", "..\..\wxWidgets\build\msw\wx_wxtiff.vcproj", "{2A860062-06BC-476A-9431-B6AD5815EE7E}"
EndProject
Project("{8BC9CEB8-8B4A-11D0-8D11-00A0C91BC942}") = "wxexpat", "..\..\wxWidgets\build\msw\wx_wxexpat.vcproj", "{ACEC85B8-20E4-4A95-960E-E211E7F56B4C}"
EndProject
Project("{8BC9CEB8-8B4A-11D0-8D11-00A0C91BC942}") = "base", "..\..\wxWidgets\build\msw\wx_base.vcproj", "{D9FBD71B-73C4-45D6-86AA-D3EF8077C847}"
EndProject
Project("{8BC9CEB8-8B4A-11D0-8D11-00A0C91BC942}") = "net", "..\..\wxWidgets\build\msw\wx_net.vcproj", "{FE00622A-50D4-4CB5-868A-20B889FDA990}"
EndProject
Project("{8BC9CEB8-8B4A-11D0-8D11-00A0C91BC942}") = "core", "..\..\wxWidgets\build\msw\wx_core.vcproj", "{69A84191-A6EE-4EB1-B58A-1915BF35537F}"
EndProject
Project("{8BC9CEB8-8B4A-11D0-8D11-00A0C91BC942}") = "adv", "..\..\wxWidgets\build\msw\wx_adv.vcproj", "{D5B5785C-4BED-4859-AE01-B4A5B56B2FA7}"
EndProject
Project("{8BC9CEB8-8B4A-11D0-8D11-00A0C91BC942}") = "media", "..\..\wxWidgets\build\msw\wx_media.vcproj", "{A3F0C29F-6E70-45F5-8AA4-C1EC08A7C955}"
EndProject
Project("{8BC9CEB8-8B4A-11D0-8D11-00A0C91BC942}") = "odbc", "..\..\wxWidgets\build\msw\wx_odbc.vcproj", "{76076033-7BAE-4FB7-B4BD-84E994E406B2}"
EndProject
Project("{8BC9CEB8-8B4A-11D0-8D11-00A0C91BC942}") = "dbgrid", "..\..\wxWidgets\build\msw\wx_dbgrid.vcproj", "{73F78EC1-08F3-40BE-8636-26AEA43E7994}"
EndProject
Project("{8BC9CEB8-8B4A-11D0-8D11-00A0C91BC942}") = "html", "..\..\wxWidgets\build\msw\wx_html.vcproj", "{00D51770-9AC8-44D6-B1D5-451A00354B9D}"
EndProject
Project("{8BC9CEB8-8B4A-11D0-8D11-00A0C91BC942}") = "qa", "..\..\wxWidgets\build\msw\wx_qa.vcproj", "{5F11FBEF-322F-4C2F-8FD4-713912996BB4}"
EndProject
Project("{8BC9CEB8-8B4A-11D0-8D11-00A0C91BC942}") = "xml", "..\..\wxWidgets\build\msw\wx_xml.vcproj", "{26642B99-12BE-422B-A21C-85B1773EDB7B}"
EndProject
Project("{8BC9CEB8-8B4A-11D0-8D11-00A0C91BC942}") = "xrc", "..\..\wxWidgets\build\msw\wx_xrc.vcproj", "{2C8D0B56-2B88-4E12-B295-7FB19E11C44A}"
EndProject
Project("{8BC9CEB8-8B4A-11D0-8D11-00A0C91BC942}") = "aui", "..\..\wxWidgets\build\msw\wx_aui.vcproj", "{8EDD0F41-F74D-4AAB-BB37-C9BB945DCCE9}"
EndProject
Project("{8BC9CEB8-8B4A-11D0-8D11-00A0C91BC942}") = "richtext", "..\..\wxWidgets\build\msw\wx_richtext.vcproj", "{3B4ADA00-5791-4E3C-A830-BF677C782CA3}"
EndProject
Project("{8BC9CEB8-8B4A-11D0-8D11-00A0C91BC942}") = "gl", "..\..\wxWidgets\build\msw\wx_gl.vcproj", "{B5B865D2-6ABF-49F6-8472-46258E6C03FE}"
EndProject
Project("{2150E333-8FDC-42A3-9474-1A3956D46DE8}") = "aMule libraries", "aMule libraries", "{29E96B92-653C-431E-BE45-756B048E5A11}"
EndProject
Project("{8BC9CEB8-8B4A-11D0-8D11-00A0C91BC942}") = "libmuleec", "libs\libmuleec\libmuleec.vcproj", "{5A9EC6A5-68A3-43C8-960E-F7F03B16F1D1}"
	ProjectSection(ProjectDependencies) = postProject
		{FE00622A-50D4-4CB5-868A-20B889FDA990} = {FE00622A-50D4-4CB5-868A-20B889FDA990}
		{293E6133-239A-4ED4-838E-9182B07C6B35} = {293E6133-239A-4ED4-838E-9182B07C6B35}
		{69A84191-A6EE-4EB1-B58A-1915BF35537F} = {69A84191-A6EE-4EB1-B58A-1915BF35537F}
		{00CEE42A-4DF7-4FE1-B5EF-E31B87CA714B} = {00CEE42A-4DF7-4FE1-B5EF-E31B87CA714B}
	EndProjectSection
EndProject
Project("{8BC9CEB8-8B4A-11D0-8D11-00A0C91BC942}") = "libmulecommon", "libs\libmulecommon\libmulecommon.vcproj", "{293E6133-239A-4ED4-838E-9182B07C6B35}"
EndProject
Project("{8BC9CEB8-8B4A-11D0-8D11-00A0C91BC942}") = "libkad", "libs\libkad\libkad.vcproj", "{DBADF72E-2572-403F-B0D6-AC8C9B3ECCFE}"
	ProjectSection(ProjectDependencies) = postProject
		{3423EC9A-52E4-4A4D-9753-EDEBC38785EF} = {3423EC9A-52E4-4A4D-9753-EDEBC38785EF}
		{293E6133-239A-4ED4-838E-9182B07C6B35} = {293E6133-239A-4ED4-838E-9182B07C6B35}
	EndProjectSection
EndProject
Project("{2150E333-8FDC-42A3-9474-1A3956D46DE8}") = "aMule Applications", "aMule Applications", "{CB2CC2C4-0882-434D-8B96-4984740BCC23}"
EndProject
Project("{2150E333-8FDC-42A3-9474-1A3956D46DE8}") = ".NET Remote GUI", ".NET Remote GUI", "{D176CBB0-E9BB-4827-8A37-2F05423EC07F}"
EndProject
Project("{2150E333-8FDC-42A3-9474-1A3956D46DE8}") = "Monolithic build", "Monolithic build", "{91C69AB8-8B41-4320-99F8-CB97A5258E2D}"
EndProject
Project("{8BC9CEB8-8B4A-11D0-8D11-00A0C91BC942}") = "aMule", "aMule\aMule.vcproj", "{5FCAFC30-922E-446F-8DF5-D71819ABC2FE}"
	ProjectSection(ProjectDependencies) = postProject
		{D9FBD71B-73C4-45D6-86AA-D3EF8077C847} = {D9FBD71B-73C4-45D6-86AA-D3EF8077C847}
		{FD311751-7B42-4F07-96DB-553D428095A3} = {FD311751-7B42-4F07-96DB-553D428095A3}
		{2A860062-06BC-476A-9431-B6AD5815EE7E} = {2A860062-06BC-476A-9431-B6AD5815EE7E}
		{B2B3FB85-10A2-4E41-811B-1606B748BF0A} = {B2B3FB85-10A2-4E41-811B-1606B748BF0A}
		{68FA2581-F8F8-4340-A192-141DC050F6B2} = {68FA2581-F8F8-4340-A192-141DC050F6B2}
		{D5B5785C-4BED-4859-AE01-B4A5B56B2FA7} = {D5B5785C-4BED-4859-AE01-B4A5B56B2FA7}
		{FE00622A-50D4-4CB5-868A-20B889FDA990} = {FE00622A-50D4-4CB5-868A-20B889FDA990}
		{00CEE42A-4DF7-4FE1-B5EF-E31B87CA714B} = {00CEE42A-4DF7-4FE1-B5EF-E31B87CA714B}
		{DBADF72E-2572-403F-B0D6-AC8C9B3ECCFE} = {DBADF72E-2572-403F-B0D6-AC8C9B3ECCFE}
		{293E6133-239A-4ED4-838E-9182B07C6B35} = {293E6133-239A-4ED4-838E-9182B07C6B35}
		{16C7A051-9097-41A5-BA26-FEC1EA1F16EF} = {16C7A051-9097-41A5-BA26-FEC1EA1F16EF}
		{69A84191-A6EE-4EB1-B58A-1915BF35537F} = {69A84191-A6EE-4EB1-B58A-1915BF35537F}
		{3423EC9A-52E4-4A4D-9753-EDEBC38785EF} = {3423EC9A-52E4-4A4D-9753-EDEBC38785EF}
		{5A9EC6A5-68A3-43C8-960E-F7F03B16F1D1} = {5A9EC6A5-68A3-43C8-960E-F7F03B16F1D1}
		{7CCBD9CB-D47D-46CB-9071-48782D456B1A} = {7CCBD9CB-D47D-46CB-9071-48782D456B1A}
		{5F11FBEF-322F-4C2F-8FD4-713912996BB4} = {5F11FBEF-322F-4C2F-8FD4-713912996BB4}
	EndProjectSection
EndProject
Project("{8BC9CEB8-8B4A-11D0-8D11-00A0C91BC942}") = "libmuleexternalwxlistctrl", "libs\libmuleexternalwxlistctrl\libmuleexternalwxlistctrl.vcproj", "{16C7A051-9097-41A5-BA26-FEC1EA1F16EF}"
EndProject
Project("{2150E333-8FDC-42A3-9474-1A3956D46DE8}") = "Extras", "Extras", "{9AC4A7BC-3E72-4C97-81FF-D8708331CC54}"
EndProject
Project("{8BC9CEB8-8B4A-11D0-8D11-00A0C91BC942}") = "aLinkCreator", "aLinkCreator\aLinkCreator.vcproj", "{FF560C5D-4369-4DEF-B2EC-6F507D554DB5}"
	ProjectSection(ProjectDependencies) = postProject
		{3B4ADA00-5791-4E3C-A830-BF677C782CA3} = {3B4ADA00-5791-4E3C-A830-BF677C782CA3}
		{D9FBD71B-73C4-45D6-86AA-D3EF8077C847} = {D9FBD71B-73C4-45D6-86AA-D3EF8077C847}
		{FE00622A-50D4-4CB5-868A-20B889FDA990} = {FE00622A-50D4-4CB5-868A-20B889FDA990}
		{76076033-7BAE-4FB7-B4BD-84E994E406B2} = {76076033-7BAE-4FB7-B4BD-84E994E406B2}
		{8EDD0F41-F74D-4AAB-BB37-C9BB945DCCE9} = {8EDD0F41-F74D-4AAB-BB37-C9BB945DCCE9}
		{FD311751-7B42-4F07-96DB-553D428095A3} = {FD311751-7B42-4F07-96DB-553D428095A3}
		{2C8D0B56-2B88-4E12-B295-7FB19E11C44A} = {2C8D0B56-2B88-4E12-B295-7FB19E11C44A}
		{D5B5785C-4BED-4859-AE01-B4A5B56B2FA7} = {D5B5785C-4BED-4859-AE01-B4A5B56B2FA7}
		{2A860062-06BC-476A-9431-B6AD5815EE7E} = {2A860062-06BC-476A-9431-B6AD5815EE7E}
		{00D51770-9AC8-44D6-B1D5-451A00354B9D} = {00D51770-9AC8-44D6-B1D5-451A00354B9D}
		{68FA2581-F8F8-4340-A192-141DC050F6B2} = {68FA2581-F8F8-4340-A192-141DC050F6B2}
		{B2B3FB85-10A2-4E41-811B-1606B748BF0A} = {B2B3FB85-10A2-4E41-811B-1606B748BF0A}
		{69A84191-A6EE-4EB1-B58A-1915BF35537F} = {69A84191-A6EE-4EB1-B58A-1915BF35537F}
		{26642B99-12BE-422B-A21C-85B1773EDB7B} = {26642B99-12BE-422B-A21C-85B1773EDB7B}
		{A3F0C29F-6E70-45F5-8AA4-C1EC08A7C955} = {A3F0C29F-6E70-45F5-8AA4-C1EC08A7C955}
		{ACEC85B8-20E4-4A95-960E-E211E7F56B4C} = {ACEC85B8-20E4-4A95-960E-E211E7F56B4C}
		{73F78EC1-08F3-40BE-8636-26AEA43E7994} = {73F78EC1-08F3-40BE-8636-26AEA43E7994}
		{7CCBD9CB-D47D-46CB-9071-48782D456B1A} = {7CCBD9CB-D47D-46CB-9071-48782D456B1A}
		{B5B865D2-6ABF-49F6-8472-46258E6C03FE} = {B5B865D2-6ABF-49F6-8472-46258E6C03FE}
		{5F11FBEF-322F-4C2F-8FD4-713912996BB4} = {5F11FBEF-322F-4C2F-8FD4-713912996BB4}
	EndProjectSection
EndProject
Project("{2150E333-8FDC-42A3-9474-1A3956D46DE8}") = "UnitTests", "UnitTests", "{660C24AD-2ABA-406B-B56A-BF9AE52AD432}"
EndProject
Project("{8BC9CEB8-8B4A-11D0-8D11-00A0C91BC942}") = "libmuleunittest", "UnitTests\libmuleunittest\libmuleunittest.vcproj", "{5FE132E5-83CB-4880-B2D9-CA828E008786}"
	ProjectSection(ProjectDependencies) = postProject
		{293E6133-239A-4ED4-838E-9182B07C6B35} = {293E6133-239A-4ED4-838E-9182B07C6B35}
		{D9FBD71B-73C4-45D6-86AA-D3EF8077C847} = {D9FBD71B-73C4-45D6-86AA-D3EF8077C847}
	EndProjectSection
EndProject
Project("{2150E333-8FDC-42A3-9474-1A3956D46DE8}") = "Tests", "Tests", "{02262EFC-86BC-45B1-8401-A26BB365E717}"
EndProject
Project("{8BC9CEB8-8B4A-11D0-8D11-00A0C91BC942}") = "FileDataIO", "UnitTests\FileDataIO\FileDataIO.vcproj", "{C27E39F5-BA92-4245-A537-7B7852508900}"
	ProjectSection(ProjectDependencies) = postProject
		{5FE132E5-83CB-4880-B2D9-CA828E008786} = {5FE132E5-83CB-4880-B2D9-CA828E008786}
		{DBADF72E-2572-403F-B0D6-AC8C9B3ECCFE} = {DBADF72E-2572-403F-B0D6-AC8C9B3ECCFE}
		{293E6133-239A-4ED4-838E-9182B07C6B35} = {293E6133-239A-4ED4-838E-9182B07C6B35}
		{D9FBD71B-73C4-45D6-86AA-D3EF8077C847} = {D9FBD71B-73C4-45D6-86AA-D3EF8077C847}
	EndProjectSection
EndProject
Project("{8BC9CEB8-8B4A-11D0-8D11-00A0C91BC942}") = "Format", "UnitTests\FormatTest\FormatTest.vcproj", "{269AD4B7-8245-4476-9179-E4659F6E217F}"
	ProjectSection(ProjectDependencies) = postProject
		{D9FBD71B-73C4-45D6-86AA-D3EF8077C847} = {D9FBD71B-73C4-45D6-86AA-D3EF8077C847}
	EndProjectSection
EndProject
Project("{8BC9CEB8-8B4A-11D0-8D11-00A0C91BC942}") = "StringFunctions", "UnitTests\StringFunctions\StringFunctions.vcproj", "{5A024799-C5ED-41CF-BF0C-914A11799234}"
	ProjectSection(ProjectDependencies) = postProject
		{D9FBD71B-73C4-45D6-86AA-D3EF8077C847} = {D9FBD71B-73C4-45D6-86AA-D3EF8077C847}
		{5FE132E5-83CB-4880-B2D9-CA828E008786} = {5FE132E5-83CB-4880-B2D9-CA828E008786}
	EndProjectSection
EndProject
Project("{8BC9CEB8-8B4A-11D0-8D11-00A0C91BC942}") = "NetworkFunctions", "UnitTests\NetworkFunctions\NetworkFunctions.vcproj", "{6B452F4F-43C9-408E-BDF3-C70FCA9F257D}"
	ProjectSection(ProjectDependencies) = postProject
		{FE00622A-50D4-4CB5-868A-20B889FDA990} = {FE00622A-50D4-4CB5-868A-20B889FDA990}
		{D9FBD71B-73C4-45D6-86AA-D3EF8077C847} = {D9FBD71B-73C4-45D6-86AA-D3EF8077C847}
		{5FE132E5-83CB-4880-B2D9-CA828E008786} = {5FE132E5-83CB-4880-B2D9-CA828E008786}
	EndProjectSection
EndProject
Project("{8BC9CEB8-8B4A-11D0-8D11-00A0C91BC942}") = "RangeMap", "UnitTests\RangeMap\RangeMap.vcproj", "{9A19C692-FFBD-467C-B8A8-63166F421940}"
	ProjectSection(ProjectDependencies) = postProject
		{5FE132E5-83CB-4880-B2D9-CA828E008786} = {5FE132E5-83CB-4880-B2D9-CA828E008786}
		{D9FBD71B-73C4-45D6-86AA-D3EF8077C847} = {D9FBD71B-73C4-45D6-86AA-D3EF8077C847}
	EndProjectSection
EndProject
Project("{2150E333-8FDC-42A3-9474-1A3956D46DE8}") = "Remote access clients", "Remote access clients", "{BD53B16D-3577-4245-A420-070A890D35AB}"
EndProject
Project("{2150E333-8FDC-42A3-9474-1A3956D46DE8}") = "Daemon", "Daemon", "{B601F0F8-B6DC-4DF5-B4CD-2E1807E0E68D}"
EndProject
Project("{8BC9CEB8-8B4A-11D0-8D11-00A0C91BC942}") = "aMuleCMD", "aMuleCMD\aMuleCMD.vcproj", "{EC3DE6B0-0C01-4D64-928A-4ADDB09472BA}"
	ProjectSection(ProjectDependencies) = postProject
		{293E6133-239A-4ED4-838E-9182B07C6B35} = {293E6133-239A-4ED4-838E-9182B07C6B35}
		{5A9EC6A5-68A3-43C8-960E-F7F03B16F1D1} = {5A9EC6A5-68A3-43C8-960E-F7F03B16F1D1}
		{00CEE42A-4DF7-4FE1-B5EF-E31B87CA714B} = {00CEE42A-4DF7-4FE1-B5EF-E31B87CA714B}
		{D9FBD71B-73C4-45D6-86AA-D3EF8077C847} = {D9FBD71B-73C4-45D6-86AA-D3EF8077C847}
	EndProjectSection
EndProject
Project("{8BC9CEB8-8B4A-11D0-8D11-00A0C91BC942}") = "aMuleGUI", "aMuleGUI\aMuleGUI.vcproj", "{9E601FE7-C3E1-48A8-8EAB-A1EEB501FBC7}"
EndProject
Global
	GlobalSection(SolutionConfigurationPlatforms) = preSolution
		Debug|Any CPU = Debug|Any CPU
		Debug|Mixed Platforms = Debug|Mixed Platforms
		Debug|Win32 = Debug|Win32
		Release|Any CPU = Release|Any CPU
		Release|Mixed Platforms = Release|Mixed Platforms
		Release|Win32 = Release|Win32
	EndGlobalSection
	GlobalSection(ProjectConfigurationPlatforms) = postSolution
		{3423EC9A-52E4-4A4D-9753-EDEBC38785EF}.Debug|Any CPU.ActiveCfg = Debug|Win32
		{3423EC9A-52E4-4A4D-9753-EDEBC38785EF}.Debug|Mixed Platforms.ActiveCfg = Debug|Win32
		{3423EC9A-52E4-4A4D-9753-EDEBC38785EF}.Debug|Mixed Platforms.Build.0 = Debug|Win32
		{3423EC9A-52E4-4A4D-9753-EDEBC38785EF}.Debug|Win32.ActiveCfg = Debug|Win32
		{3423EC9A-52E4-4A4D-9753-EDEBC38785EF}.Debug|Win32.Build.0 = Debug|Win32
		{3423EC9A-52E4-4A4D-9753-EDEBC38785EF}.Release|Any CPU.ActiveCfg = Release|Win32
		{3423EC9A-52E4-4A4D-9753-EDEBC38785EF}.Release|Mixed Platforms.ActiveCfg = Release|Win32
		{3423EC9A-52E4-4A4D-9753-EDEBC38785EF}.Release|Mixed Platforms.Build.0 = Release|Win32
		{3423EC9A-52E4-4A4D-9753-EDEBC38785EF}.Release|Win32.ActiveCfg = Release|Win32
		{3423EC9A-52E4-4A4D-9753-EDEBC38785EF}.Release|Win32.Build.0 = Release|Win32
		{00CEE42A-4DF7-4FE1-B5EF-E31B87CA714B}.Debug|Any CPU.ActiveCfg = DLL Debug|Win32
		{00CEE42A-4DF7-4FE1-B5EF-E31B87CA714B}.Debug|Mixed Platforms.ActiveCfg = DLL Debug|Win32
		{00CEE42A-4DF7-4FE1-B5EF-E31B87CA714B}.Debug|Mixed Platforms.Build.0 = DLL Debug|Win32
		{00CEE42A-4DF7-4FE1-B5EF-E31B87CA714B}.Debug|Win32.ActiveCfg = Static Lib Debug|Win32
		{00CEE42A-4DF7-4FE1-B5EF-E31B87CA714B}.Debug|Win32.Build.0 = Static Lib Debug|Win32
		{00CEE42A-4DF7-4FE1-B5EF-E31B87CA714B}.Release|Any CPU.ActiveCfg = Static Lib Debug|Win32
		{00CEE42A-4DF7-4FE1-B5EF-E31B87CA714B}.Release|Mixed Platforms.ActiveCfg = Static Lib Debug|Win32
		{00CEE42A-4DF7-4FE1-B5EF-E31B87CA714B}.Release|Mixed Platforms.Build.0 = Static Lib Debug|Win32
		{00CEE42A-4DF7-4FE1-B5EF-E31B87CA714B}.Release|Win32.ActiveCfg = Static Lib Release|Win32
		{00CEE42A-4DF7-4FE1-B5EF-E31B87CA714B}.Release|Win32.Build.0 = Static Lib Release|Win32
		{7CCBD9CB-D47D-46CB-9071-48782D456B1A}.Debug|Any CPU.ActiveCfg = Debug|Win32
		{7CCBD9CB-D47D-46CB-9071-48782D456B1A}.Debug|Mixed Platforms.ActiveCfg = Debug|Win32
		{7CCBD9CB-D47D-46CB-9071-48782D456B1A}.Debug|Mixed Platforms.Build.0 = Debug|Win32
		{7CCBD9CB-D47D-46CB-9071-48782D456B1A}.Debug|Win32.ActiveCfg = Unicode Debug|Win32
		{7CCBD9CB-D47D-46CB-9071-48782D456B1A}.Debug|Win32.Build.0 = Unicode Debug|Win32
		{7CCBD9CB-D47D-46CB-9071-48782D456B1A}.Release|Any CPU.ActiveCfg = Release|Win32
		{7CCBD9CB-D47D-46CB-9071-48782D456B1A}.Release|Mixed Platforms.ActiveCfg = Release|Win32
		{7CCBD9CB-D47D-46CB-9071-48782D456B1A}.Release|Mixed Platforms.Build.0 = Release|Win32
		{7CCBD9CB-D47D-46CB-9071-48782D456B1A}.Release|Win32.ActiveCfg = Unicode Release|Win32
		{7CCBD9CB-D47D-46CB-9071-48782D456B1A}.Release|Win32.Build.0 = Unicode Release|Win32
		{FD311751-7B42-4F07-96DB-553D428095A3}.Debug|Any CPU.ActiveCfg = Debug|Win32
		{FD311751-7B42-4F07-96DB-553D428095A3}.Debug|Mixed Platforms.ActiveCfg = Debug|Win32
		{FD311751-7B42-4F07-96DB-553D428095A3}.Debug|Mixed Platforms.Build.0 = Debug|Win32
		{FD311751-7B42-4F07-96DB-553D428095A3}.Debug|Win32.ActiveCfg = Unicode Debug|Win32
		{FD311751-7B42-4F07-96DB-553D428095A3}.Debug|Win32.Build.0 = Unicode Debug|Win32
		{FD311751-7B42-4F07-96DB-553D428095A3}.Release|Any CPU.ActiveCfg = Release|Win32
		{FD311751-7B42-4F07-96DB-553D428095A3}.Release|Mixed Platforms.ActiveCfg = Release|Win32
		{FD311751-7B42-4F07-96DB-553D428095A3}.Release|Mixed Platforms.Build.0 = Release|Win32
		{FD311751-7B42-4F07-96DB-553D428095A3}.Release|Win32.ActiveCfg = Unicode Release|Win32
		{FD311751-7B42-4F07-96DB-553D428095A3}.Release|Win32.Build.0 = Unicode Release|Win32
		{B2B3FB85-10A2-4E41-811B-1606B748BF0A}.Debug|Any CPU.ActiveCfg = Debug|Win32
		{B2B3FB85-10A2-4E41-811B-1606B748BF0A}.Debug|Mixed Platforms.ActiveCfg = Debug|Win32
		{B2B3FB85-10A2-4E41-811B-1606B748BF0A}.Debug|Mixed Platforms.Build.0 = Debug|Win32
		{B2B3FB85-10A2-4E41-811B-1606B748BF0A}.Debug|Win32.ActiveCfg = Unicode Debug|Win32
		{B2B3FB85-10A2-4E41-811B-1606B748BF0A}.Debug|Win32.Build.0 = Unicode Debug|Win32
		{B2B3FB85-10A2-4E41-811B-1606B748BF0A}.Release|Any CPU.ActiveCfg = Release|Win32
		{B2B3FB85-10A2-4E41-811B-1606B748BF0A}.Release|Mixed Platforms.ActiveCfg = Release|Win32
		{B2B3FB85-10A2-4E41-811B-1606B748BF0A}.Release|Mixed Platforms.Build.0 = Release|Win32
		{B2B3FB85-10A2-4E41-811B-1606B748BF0A}.Release|Win32.ActiveCfg = Unicode Release|Win32
		{B2B3FB85-10A2-4E41-811B-1606B748BF0A}.Release|Win32.Build.0 = Unicode Release|Win32
		{68FA2581-F8F8-4340-A192-141DC050F6B2}.Debug|Any CPU.ActiveCfg = Debug|Win32
		{68FA2581-F8F8-4340-A192-141DC050F6B2}.Debug|Mixed Platforms.ActiveCfg = Debug|Win32
		{68FA2581-F8F8-4340-A192-141DC050F6B2}.Debug|Mixed Platforms.Build.0 = Debug|Win32
		{68FA2581-F8F8-4340-A192-141DC050F6B2}.Debug|Win32.ActiveCfg = Unicode Debug|Win32
		{68FA2581-F8F8-4340-A192-141DC050F6B2}.Debug|Win32.Build.0 = Unicode Debug|Win32
		{68FA2581-F8F8-4340-A192-141DC050F6B2}.Release|Any CPU.ActiveCfg = Release|Win32
		{68FA2581-F8F8-4340-A192-141DC050F6B2}.Release|Mixed Platforms.ActiveCfg = Release|Win32
		{68FA2581-F8F8-4340-A192-141DC050F6B2}.Release|Mixed Platforms.Build.0 = Release|Win32
		{68FA2581-F8F8-4340-A192-141DC050F6B2}.Release|Win32.ActiveCfg = Unicode Release|Win32
		{68FA2581-F8F8-4340-A192-141DC050F6B2}.Release|Win32.Build.0 = Unicode Release|Win32
		{2A860062-06BC-476A-9431-B6AD5815EE7E}.Debug|Any CPU.ActiveCfg = Debug|Win32
		{2A860062-06BC-476A-9431-B6AD5815EE7E}.Debug|Mixed Platforms.ActiveCfg = Debug|Win32
		{2A860062-06BC-476A-9431-B6AD5815EE7E}.Debug|Mixed Platforms.Build.0 = Debug|Win32
		{2A860062-06BC-476A-9431-B6AD5815EE7E}.Debug|Win32.ActiveCfg = Unicode Debug|Win32
		{2A860062-06BC-476A-9431-B6AD5815EE7E}.Debug|Win32.Build.0 = Unicode Debug|Win32
		{2A860062-06BC-476A-9431-B6AD5815EE7E}.Release|Any CPU.ActiveCfg = Release|Win32
		{2A860062-06BC-476A-9431-B6AD5815EE7E}.Release|Mixed Platforms.ActiveCfg = Release|Win32
		{2A860062-06BC-476A-9431-B6AD5815EE7E}.Release|Mixed Platforms.Build.0 = Release|Win32
		{2A860062-06BC-476A-9431-B6AD5815EE7E}.Release|Win32.ActiveCfg = Unicode Release|Win32
		{2A860062-06BC-476A-9431-B6AD5815EE7E}.Release|Win32.Build.0 = Unicode Release|Win32
		{ACEC85B8-20E4-4A95-960E-E211E7F56B4C}.Debug|Any CPU.ActiveCfg = Debug|Win32
		{ACEC85B8-20E4-4A95-960E-E211E7F56B4C}.Debug|Mixed Platforms.ActiveCfg = Debug|Win32
		{ACEC85B8-20E4-4A95-960E-E211E7F56B4C}.Debug|Mixed Platforms.Build.0 = Debug|Win32
		{ACEC85B8-20E4-4A95-960E-E211E7F56B4C}.Debug|Win32.ActiveCfg = Unicode Debug|Win32
		{ACEC85B8-20E4-4A95-960E-E211E7F56B4C}.Debug|Win32.Build.0 = Unicode Debug|Win32
		{ACEC85B8-20E4-4A95-960E-E211E7F56B4C}.Release|Any CPU.ActiveCfg = Release|Win32
		{ACEC85B8-20E4-4A95-960E-E211E7F56B4C}.Release|Mixed Platforms.ActiveCfg = Release|Win32
		{ACEC85B8-20E4-4A95-960E-E211E7F56B4C}.Release|Mixed Platforms.Build.0 = Release|Win32
		{ACEC85B8-20E4-4A95-960E-E211E7F56B4C}.Release|Win32.ActiveCfg = Unicode Release|Win32
		{ACEC85B8-20E4-4A95-960E-E211E7F56B4C}.Release|Win32.Build.0 = Unicode Release|Win32
		{D9FBD71B-73C4-45D6-86AA-D3EF8077C847}.Debug|Any CPU.ActiveCfg = Debug|Win32
		{D9FBD71B-73C4-45D6-86AA-D3EF8077C847}.Debug|Mixed Platforms.ActiveCfg = Debug|Win32
		{D9FBD71B-73C4-45D6-86AA-D3EF8077C847}.Debug|Mixed Platforms.Build.0 = Debug|Win32
		{D9FBD71B-73C4-45D6-86AA-D3EF8077C847}.Debug|Win32.ActiveCfg = Unicode Debug|Win32
		{D9FBD71B-73C4-45D6-86AA-D3EF8077C847}.Debug|Win32.Build.0 = Unicode Debug|Win32
		{D9FBD71B-73C4-45D6-86AA-D3EF8077C847}.Release|Any CPU.ActiveCfg = Release|Win32
		{D9FBD71B-73C4-45D6-86AA-D3EF8077C847}.Release|Mixed Platforms.ActiveCfg = Release|Win32
		{D9FBD71B-73C4-45D6-86AA-D3EF8077C847}.Release|Mixed Platforms.Build.0 = Release|Win32
		{D9FBD71B-73C4-45D6-86AA-D3EF8077C847}.Release|Win32.ActiveCfg = Unicode Release|Win32
		{D9FBD71B-73C4-45D6-86AA-D3EF8077C847}.Release|Win32.Build.0 = Unicode Release|Win32
		{FE00622A-50D4-4CB5-868A-20B889FDA990}.Debug|Any CPU.ActiveCfg = Debug|Win32
		{FE00622A-50D4-4CB5-868A-20B889FDA990}.Debug|Mixed Platforms.ActiveCfg = Debug|Win32
		{FE00622A-50D4-4CB5-868A-20B889FDA990}.Debug|Mixed Platforms.Build.0 = Debug|Win32
		{FE00622A-50D4-4CB5-868A-20B889FDA990}.Debug|Win32.ActiveCfg = Unicode Debug|Win32
		{FE00622A-50D4-4CB5-868A-20B889FDA990}.Debug|Win32.Build.0 = Unicode Debug|Win32
		{FE00622A-50D4-4CB5-868A-20B889FDA990}.Release|Any CPU.ActiveCfg = Release|Win32
		{FE00622A-50D4-4CB5-868A-20B889FDA990}.Release|Mixed Platforms.ActiveCfg = Release|Win32
		{FE00622A-50D4-4CB5-868A-20B889FDA990}.Release|Mixed Platforms.Build.0 = Release|Win32
		{FE00622A-50D4-4CB5-868A-20B889FDA990}.Release|Win32.ActiveCfg = Unicode Release|Win32
		{FE00622A-50D4-4CB5-868A-20B889FDA990}.Release|Win32.Build.0 = Unicode Release|Win32
		{69A84191-A6EE-4EB1-B58A-1915BF35537F}.Debug|Any CPU.ActiveCfg = Debug|Win32
		{69A84191-A6EE-4EB1-B58A-1915BF35537F}.Debug|Mixed Platforms.ActiveCfg = Debug|Win32
		{69A84191-A6EE-4EB1-B58A-1915BF35537F}.Debug|Mixed Platforms.Build.0 = Debug|Win32
		{69A84191-A6EE-4EB1-B58A-1915BF35537F}.Debug|Win32.ActiveCfg = Unicode Debug|Win32
		{69A84191-A6EE-4EB1-B58A-1915BF35537F}.Debug|Win32.Build.0 = Unicode Debug|Win32
		{69A84191-A6EE-4EB1-B58A-1915BF35537F}.Release|Any CPU.ActiveCfg = Release|Win32
		{69A84191-A6EE-4EB1-B58A-1915BF35537F}.Release|Mixed Platforms.ActiveCfg = Release|Win32
		{69A84191-A6EE-4EB1-B58A-1915BF35537F}.Release|Mixed Platforms.Build.0 = Release|Win32
		{69A84191-A6EE-4EB1-B58A-1915BF35537F}.Release|Win32.ActiveCfg = Unicode Release|Win32
		{69A84191-A6EE-4EB1-B58A-1915BF35537F}.Release|Win32.Build.0 = Unicode Release|Win32
		{D5B5785C-4BED-4859-AE01-B4A5B56B2FA7}.Debug|Any CPU.ActiveCfg = Debug|Win32
		{D5B5785C-4BED-4859-AE01-B4A5B56B2FA7}.Debug|Mixed Platforms.ActiveCfg = Debug|Win32
		{D5B5785C-4BED-4859-AE01-B4A5B56B2FA7}.Debug|Mixed Platforms.Build.0 = Debug|Win32
		{D5B5785C-4BED-4859-AE01-B4A5B56B2FA7}.Debug|Win32.ActiveCfg = Unicode Debug|Win32
		{D5B5785C-4BED-4859-AE01-B4A5B56B2FA7}.Debug|Win32.Build.0 = Unicode Debug|Win32
		{D5B5785C-4BED-4859-AE01-B4A5B56B2FA7}.Release|Any CPU.ActiveCfg = Release|Win32
		{D5B5785C-4BED-4859-AE01-B4A5B56B2FA7}.Release|Mixed Platforms.ActiveCfg = Release|Win32
		{D5B5785C-4BED-4859-AE01-B4A5B56B2FA7}.Release|Mixed Platforms.Build.0 = Release|Win32
		{D5B5785C-4BED-4859-AE01-B4A5B56B2FA7}.Release|Win32.ActiveCfg = Unicode Release|Win32
		{D5B5785C-4BED-4859-AE01-B4A5B56B2FA7}.Release|Win32.Build.0 = Unicode Release|Win32
		{A3F0C29F-6E70-45F5-8AA4-C1EC08A7C955}.Debug|Any CPU.ActiveCfg = Debug|Win32
		{A3F0C29F-6E70-45F5-8AA4-C1EC08A7C955}.Debug|Mixed Platforms.ActiveCfg = Debug|Win32
		{A3F0C29F-6E70-45F5-8AA4-C1EC08A7C955}.Debug|Mixed Platforms.Build.0 = Debug|Win32
		{A3F0C29F-6E70-45F5-8AA4-C1EC08A7C955}.Debug|Win32.ActiveCfg = Unicode Debug|Win32
		{A3F0C29F-6E70-45F5-8AA4-C1EC08A7C955}.Debug|Win32.Build.0 = Unicode Debug|Win32
		{A3F0C29F-6E70-45F5-8AA4-C1EC08A7C955}.Release|Any CPU.ActiveCfg = Release|Win32
		{A3F0C29F-6E70-45F5-8AA4-C1EC08A7C955}.Release|Mixed Platforms.ActiveCfg = Release|Win32
		{A3F0C29F-6E70-45F5-8AA4-C1EC08A7C955}.Release|Mixed Platforms.Build.0 = Release|Win32
		{A3F0C29F-6E70-45F5-8AA4-C1EC08A7C955}.Release|Win32.ActiveCfg = Unicode Release|Win32
		{A3F0C29F-6E70-45F5-8AA4-C1EC08A7C955}.Release|Win32.Build.0 = Unicode Release|Win32
		{76076033-7BAE-4FB7-B4BD-84E994E406B2}.Debug|Any CPU.ActiveCfg = Debug|Win32
		{76076033-7BAE-4FB7-B4BD-84E994E406B2}.Debug|Mixed Platforms.ActiveCfg = Debug|Win32
		{76076033-7BAE-4FB7-B4BD-84E994E406B2}.Debug|Mixed Platforms.Build.0 = Debug|Win32
		{76076033-7BAE-4FB7-B4BD-84E994E406B2}.Debug|Win32.ActiveCfg = Unicode Debug|Win32
		{76076033-7BAE-4FB7-B4BD-84E994E406B2}.Debug|Win32.Build.0 = Unicode Debug|Win32
		{76076033-7BAE-4FB7-B4BD-84E994E406B2}.Release|Any CPU.ActiveCfg = Release|Win32
		{76076033-7BAE-4FB7-B4BD-84E994E406B2}.Release|Mixed Platforms.ActiveCfg = Release|Win32
		{76076033-7BAE-4FB7-B4BD-84E994E406B2}.Release|Mixed Platforms.Build.0 = Release|Win32
		{76076033-7BAE-4FB7-B4BD-84E994E406B2}.Release|Win32.ActiveCfg = Unicode Release|Win32
		{76076033-7BAE-4FB7-B4BD-84E994E406B2}.Release|Win32.Build.0 = Unicode Release|Win32
		{73F78EC1-08F3-40BE-8636-26AEA43E7994}.Debug|Any CPU.ActiveCfg = Debug|Win32
		{73F78EC1-08F3-40BE-8636-26AEA43E7994}.Debug|Mixed Platforms.ActiveCfg = Debug|Win32
		{73F78EC1-08F3-40BE-8636-26AEA43E7994}.Debug|Mixed Platforms.Build.0 = Debug|Win32
		{73F78EC1-08F3-40BE-8636-26AEA43E7994}.Debug|Win32.ActiveCfg = Unicode Debug|Win32
		{73F78EC1-08F3-40BE-8636-26AEA43E7994}.Debug|Win32.Build.0 = Unicode Debug|Win32
		{73F78EC1-08F3-40BE-8636-26AEA43E7994}.Release|Any CPU.ActiveCfg = Release|Win32
		{73F78EC1-08F3-40BE-8636-26AEA43E7994}.Release|Mixed Platforms.ActiveCfg = Release|Win32
		{73F78EC1-08F3-40BE-8636-26AEA43E7994}.Release|Mixed Platforms.Build.0 = Release|Win32
		{73F78EC1-08F3-40BE-8636-26AEA43E7994}.Release|Win32.ActiveCfg = Unicode Release|Win32
		{73F78EC1-08F3-40BE-8636-26AEA43E7994}.Release|Win32.Build.0 = Unicode Release|Win32
		{00D51770-9AC8-44D6-B1D5-451A00354B9D}.Debug|Any CPU.ActiveCfg = Debug|Win32
		{00D51770-9AC8-44D6-B1D5-451A00354B9D}.Debug|Mixed Platforms.ActiveCfg = Debug|Win32
		{00D51770-9AC8-44D6-B1D5-451A00354B9D}.Debug|Mixed Platforms.Build.0 = Debug|Win32
		{00D51770-9AC8-44D6-B1D5-451A00354B9D}.Debug|Win32.ActiveCfg = Unicode Debug|Win32
		{00D51770-9AC8-44D6-B1D5-451A00354B9D}.Debug|Win32.Build.0 = Unicode Debug|Win32
		{00D51770-9AC8-44D6-B1D5-451A00354B9D}.Release|Any CPU.ActiveCfg = Release|Win32
		{00D51770-9AC8-44D6-B1D5-451A00354B9D}.Release|Mixed Platforms.ActiveCfg = Release|Win32
		{00D51770-9AC8-44D6-B1D5-451A00354B9D}.Release|Mixed Platforms.Build.0 = Release|Win32
		{00D51770-9AC8-44D6-B1D5-451A00354B9D}.Release|Win32.ActiveCfg = Unicode Release|Win32
		{00D51770-9AC8-44D6-B1D5-451A00354B9D}.Release|Win32.Build.0 = Unicode Release|Win32
		{5F11FBEF-322F-4C2F-8FD4-713912996BB4}.Debug|Any CPU.ActiveCfg = Debug|Win32
		{5F11FBEF-322F-4C2F-8FD4-713912996BB4}.Debug|Mixed Platforms.ActiveCfg = Debug|Win32
		{5F11FBEF-322F-4C2F-8FD4-713912996BB4}.Debug|Mixed Platforms.Build.0 = Debug|Win32
		{5F11FBEF-322F-4C2F-8FD4-713912996BB4}.Debug|Win32.ActiveCfg = Unicode Debug|Win32
		{5F11FBEF-322F-4C2F-8FD4-713912996BB4}.Debug|Win32.Build.0 = Unicode Debug|Win32
		{5F11FBEF-322F-4C2F-8FD4-713912996BB4}.Release|Any CPU.ActiveCfg = Release|Win32
		{5F11FBEF-322F-4C2F-8FD4-713912996BB4}.Release|Mixed Platforms.ActiveCfg = Release|Win32
		{5F11FBEF-322F-4C2F-8FD4-713912996BB4}.Release|Mixed Platforms.Build.0 = Release|Win32
		{5F11FBEF-322F-4C2F-8FD4-713912996BB4}.Release|Win32.ActiveCfg = Unicode Release|Win32
		{5F11FBEF-322F-4C2F-8FD4-713912996BB4}.Release|Win32.Build.0 = Unicode Release|Win32
		{26642B99-12BE-422B-A21C-85B1773EDB7B}.Debug|Any CPU.ActiveCfg = Debug|Win32
		{26642B99-12BE-422B-A21C-85B1773EDB7B}.Debug|Mixed Platforms.ActiveCfg = Debug|Win32
		{26642B99-12BE-422B-A21C-85B1773EDB7B}.Debug|Mixed Platforms.Build.0 = Debug|Win32
		{26642B99-12BE-422B-A21C-85B1773EDB7B}.Debug|Win32.ActiveCfg = Unicode Debug|Win32
		{26642B99-12BE-422B-A21C-85B1773EDB7B}.Debug|Win32.Build.0 = Unicode Debug|Win32
		{26642B99-12BE-422B-A21C-85B1773EDB7B}.Release|Any CPU.ActiveCfg = Release|Win32
		{26642B99-12BE-422B-A21C-85B1773EDB7B}.Release|Mixed Platforms.ActiveCfg = Release|Win32
		{26642B99-12BE-422B-A21C-85B1773EDB7B}.Release|Mixed Platforms.Build.0 = Release|Win32
		{26642B99-12BE-422B-A21C-85B1773EDB7B}.Release|Win32.ActiveCfg = Unicode Release|Win32
		{26642B99-12BE-422B-A21C-85B1773EDB7B}.Release|Win32.Build.0 = Unicode Release|Win32
		{2C8D0B56-2B88-4E12-B295-7FB19E11C44A}.Debug|Any CPU.ActiveCfg = Debug|Win32
		{2C8D0B56-2B88-4E12-B295-7FB19E11C44A}.Debug|Mixed Platforms.ActiveCfg = Debug|Win32
		{2C8D0B56-2B88-4E12-B295-7FB19E11C44A}.Debug|Mixed Platforms.Build.0 = Debug|Win32
		{2C8D0B56-2B88-4E12-B295-7FB19E11C44A}.Debug|Win32.ActiveCfg = Unicode Debug|Win32
		{2C8D0B56-2B88-4E12-B295-7FB19E11C44A}.Debug|Win32.Build.0 = Unicode Debug|Win32
		{2C8D0B56-2B88-4E12-B295-7FB19E11C44A}.Release|Any CPU.ActiveCfg = Release|Win32
		{2C8D0B56-2B88-4E12-B295-7FB19E11C44A}.Release|Mixed Platforms.ActiveCfg = Release|Win32
		{2C8D0B56-2B88-4E12-B295-7FB19E11C44A}.Release|Mixed Platforms.Build.0 = Release|Win32
		{2C8D0B56-2B88-4E12-B295-7FB19E11C44A}.Release|Win32.ActiveCfg = Unicode Release|Win32
		{2C8D0B56-2B88-4E12-B295-7FB19E11C44A}.Release|Win32.Build.0 = Unicode Release|Win32
		{8EDD0F41-F74D-4AAB-BB37-C9BB945DCCE9}.Debug|Any CPU.ActiveCfg = Debug|Win32
		{8EDD0F41-F74D-4AAB-BB37-C9BB945DCCE9}.Debug|Mixed Platforms.ActiveCfg = Debug|Win32
		{8EDD0F41-F74D-4AAB-BB37-C9BB945DCCE9}.Debug|Mixed Platforms.Build.0 = Debug|Win32
		{8EDD0F41-F74D-4AAB-BB37-C9BB945DCCE9}.Debug|Win32.ActiveCfg = Unicode Debug|Win32
		{8EDD0F41-F74D-4AAB-BB37-C9BB945DCCE9}.Debug|Win32.Build.0 = Unicode Debug|Win32
		{8EDD0F41-F74D-4AAB-BB37-C9BB945DCCE9}.Release|Any CPU.ActiveCfg = Release|Win32
		{8EDD0F41-F74D-4AAB-BB37-C9BB945DCCE9}.Release|Mixed Platforms.ActiveCfg = Release|Win32
		{8EDD0F41-F74D-4AAB-BB37-C9BB945DCCE9}.Release|Mixed Platforms.Build.0 = Release|Win32
		{8EDD0F41-F74D-4AAB-BB37-C9BB945DCCE9}.Release|Win32.ActiveCfg = Unicode Release|Win32
		{8EDD0F41-F74D-4AAB-BB37-C9BB945DCCE9}.Release|Win32.Build.0 = Unicode Release|Win32
		{3B4ADA00-5791-4E3C-A830-BF677C782CA3}.Debug|Any CPU.ActiveCfg = Debug|Win32
		{3B4ADA00-5791-4E3C-A830-BF677C782CA3}.Debug|Mixed Platforms.ActiveCfg = Debug|Win32
		{3B4ADA00-5791-4E3C-A830-BF677C782CA3}.Debug|Mixed Platforms.Build.0 = Debug|Win32
		{3B4ADA00-5791-4E3C-A830-BF677C782CA3}.Debug|Win32.ActiveCfg = Unicode Debug|Win32
		{3B4ADA00-5791-4E3C-A830-BF677C782CA3}.Debug|Win32.Build.0 = Unicode Debug|Win32
		{3B4ADA00-5791-4E3C-A830-BF677C782CA3}.Release|Any CPU.ActiveCfg = Release|Win32
		{3B4ADA00-5791-4E3C-A830-BF677C782CA3}.Release|Mixed Platforms.ActiveCfg = Release|Win32
		{3B4ADA00-5791-4E3C-A830-BF677C782CA3}.Release|Mixed Platforms.Build.0 = Release|Win32
		{3B4ADA00-5791-4E3C-A830-BF677C782CA3}.Release|Win32.ActiveCfg = Unicode Release|Win32
		{3B4ADA00-5791-4E3C-A830-BF677C782CA3}.Release|Win32.Build.0 = Unicode Release|Win32
		{B5B865D2-6ABF-49F6-8472-46258E6C03FE}.Debug|Any CPU.ActiveCfg = Debug|Win32
		{B5B865D2-6ABF-49F6-8472-46258E6C03FE}.Debug|Mixed Platforms.ActiveCfg = Debug|Win32
		{B5B865D2-6ABF-49F6-8472-46258E6C03FE}.Debug|Mixed Platforms.Build.0 = Debug|Win32
		{B5B865D2-6ABF-49F6-8472-46258E6C03FE}.Debug|Win32.ActiveCfg = Unicode Debug|Win32
		{B5B865D2-6ABF-49F6-8472-46258E6C03FE}.Debug|Win32.Build.0 = Unicode Debug|Win32
		{B5B865D2-6ABF-49F6-8472-46258E6C03FE}.Release|Any CPU.ActiveCfg = Release|Win32
		{B5B865D2-6ABF-49F6-8472-46258E6C03FE}.Release|Mixed Platforms.ActiveCfg = Release|Win32
		{B5B865D2-6ABF-49F6-8472-46258E6C03FE}.Release|Mixed Platforms.Build.0 = Release|Win32
		{B5B865D2-6ABF-49F6-8472-46258E6C03FE}.Release|Win32.ActiveCfg = Unicode Release|Win32
		{B5B865D2-6ABF-49F6-8472-46258E6C03FE}.Release|Win32.Build.0 = Unicode Release|Win32
		{5A9EC6A5-68A3-43C8-960E-F7F03B16F1D1}.Debug|Any CPU.ActiveCfg = Debug|Win32
		{5A9EC6A5-68A3-43C8-960E-F7F03B16F1D1}.Debug|Mixed Platforms.ActiveCfg = Debug|Win32
		{5A9EC6A5-68A3-43C8-960E-F7F03B16F1D1}.Debug|Mixed Platforms.Build.0 = Debug|Win32
		{5A9EC6A5-68A3-43C8-960E-F7F03B16F1D1}.Debug|Win32.ActiveCfg = Debug|Win32
		{5A9EC6A5-68A3-43C8-960E-F7F03B16F1D1}.Debug|Win32.Build.0 = Debug|Win32
		{5A9EC6A5-68A3-43C8-960E-F7F03B16F1D1}.Release|Any CPU.ActiveCfg = Release|Win32
		{5A9EC6A5-68A3-43C8-960E-F7F03B16F1D1}.Release|Mixed Platforms.ActiveCfg = Release|Win32
		{5A9EC6A5-68A3-43C8-960E-F7F03B16F1D1}.Release|Mixed Platforms.Build.0 = Release|Win32
		{5A9EC6A5-68A3-43C8-960E-F7F03B16F1D1}.Release|Win32.ActiveCfg = Release|Win32
		{5A9EC6A5-68A3-43C8-960E-F7F03B16F1D1}.Release|Win32.Build.0 = Release|Win32
		{293E6133-239A-4ED4-838E-9182B07C6B35}.Debug|Any CPU.ActiveCfg = Debug|Win32
		{293E6133-239A-4ED4-838E-9182B07C6B35}.Debug|Mixed Platforms.ActiveCfg = Debug|Win32
		{293E6133-239A-4ED4-838E-9182B07C6B35}.Debug|Mixed Platforms.Build.0 = Debug|Win32
		{293E6133-239A-4ED4-838E-9182B07C6B35}.Debug|Win32.ActiveCfg = Debug|Win32
		{293E6133-239A-4ED4-838E-9182B07C6B35}.Debug|Win32.Build.0 = Debug|Win32
		{293E6133-239A-4ED4-838E-9182B07C6B35}.Release|Any CPU.ActiveCfg = Release|Win32
		{293E6133-239A-4ED4-838E-9182B07C6B35}.Release|Mixed Platforms.ActiveCfg = Release|Win32
		{293E6133-239A-4ED4-838E-9182B07C6B35}.Release|Mixed Platforms.Build.0 = Release|Win32
		{293E6133-239A-4ED4-838E-9182B07C6B35}.Release|Win32.ActiveCfg = Release|Win32
		{293E6133-239A-4ED4-838E-9182B07C6B35}.Release|Win32.Build.0 = Release|Win32
		{DBADF72E-2572-403F-B0D6-AC8C9B3ECCFE}.Debug|Any CPU.ActiveCfg = Debug|Win32
		{DBADF72E-2572-403F-B0D6-AC8C9B3ECCFE}.Debug|Mixed Platforms.ActiveCfg = Debug|Win32
		{DBADF72E-2572-403F-B0D6-AC8C9B3ECCFE}.Debug|Mixed Platforms.Build.0 = Debug|Win32
		{DBADF72E-2572-403F-B0D6-AC8C9B3ECCFE}.Debug|Win32.ActiveCfg = Debug|Win32
		{DBADF72E-2572-403F-B0D6-AC8C9B3ECCFE}.Debug|Win32.Build.0 = Debug|Win32
		{DBADF72E-2572-403F-B0D6-AC8C9B3ECCFE}.Release|Any CPU.ActiveCfg = Release|Win32
		{DBADF72E-2572-403F-B0D6-AC8C9B3ECCFE}.Release|Mixed Platforms.ActiveCfg = Release|Win32
		{DBADF72E-2572-403F-B0D6-AC8C9B3ECCFE}.Release|Mixed Platforms.Build.0 = Release|Win32
		{DBADF72E-2572-403F-B0D6-AC8C9B3ECCFE}.Release|Win32.ActiveCfg = Release|Win32
		{DBADF72E-2572-403F-B0D6-AC8C9B3ECCFE}.Release|Win32.Build.0 = Release|Win32
		{5FCAFC30-922E-446F-8DF5-D71819ABC2FE}.Debug|Any CPU.ActiveCfg = Debug|Win32
		{5FCAFC30-922E-446F-8DF5-D71819ABC2FE}.Debug|Mixed Platforms.ActiveCfg = Debug|Win32
		{5FCAFC30-922E-446F-8DF5-D71819ABC2FE}.Debug|Mixed Platforms.Build.0 = Debug|Win32
		{5FCAFC30-922E-446F-8DF5-D71819ABC2FE}.Debug|Win32.ActiveCfg = Debug|Win32
		{5FCAFC30-922E-446F-8DF5-D71819ABC2FE}.Debug|Win32.Build.0 = Debug|Win32
		{5FCAFC30-922E-446F-8DF5-D71819ABC2FE}.Release|Any CPU.ActiveCfg = Release|Win32
		{5FCAFC30-922E-446F-8DF5-D71819ABC2FE}.Release|Mixed Platforms.ActiveCfg = Release|Win32
		{5FCAFC30-922E-446F-8DF5-D71819ABC2FE}.Release|Mixed Platforms.Build.0 = Release|Win32
		{5FCAFC30-922E-446F-8DF5-D71819ABC2FE}.Release|Win32.ActiveCfg = Release|Win32
		{5FCAFC30-922E-446F-8DF5-D71819ABC2FE}.Release|Win32.Build.0 = Release|Win32
		{16C7A051-9097-41A5-BA26-FEC1EA1F16EF}.Debug|Any CPU.ActiveCfg = Debug|Win32
		{16C7A051-9097-41A5-BA26-FEC1EA1F16EF}.Debug|Mixed Platforms.ActiveCfg = Debug|Win32
		{16C7A051-9097-41A5-BA26-FEC1EA1F16EF}.Debug|Mixed Platforms.Build.0 = Debug|Win32
		{16C7A051-9097-41A5-BA26-FEC1EA1F16EF}.Debug|Win32.ActiveCfg = Debug|Win32
		{16C7A051-9097-41A5-BA26-FEC1EA1F16EF}.Debug|Win32.Build.0 = Debug|Win32
		{16C7A051-9097-41A5-BA26-FEC1EA1F16EF}.Release|Any CPU.ActiveCfg = Release|Win32
		{16C7A051-9097-41A5-BA26-FEC1EA1F16EF}.Release|Mixed Platforms.ActiveCfg = Release|Win32
		{16C7A051-9097-41A5-BA26-FEC1EA1F16EF}.Release|Mixed Platforms.Build.0 = Release|Win32
		{16C7A051-9097-41A5-BA26-FEC1EA1F16EF}.Release|Win32.ActiveCfg = Release|Win32
		{16C7A051-9097-41A5-BA26-FEC1EA1F16EF}.Release|Win32.Build.0 = Release|Win32
		{FF560C5D-4369-4DEF-B2EC-6F507D554DB5}.Debug|Any CPU.ActiveCfg = Debug|Win32
		{FF560C5D-4369-4DEF-B2EC-6F507D554DB5}.Debug|Mixed Platforms.ActiveCfg = Debug|Win32
		{FF560C5D-4369-4DEF-B2EC-6F507D554DB5}.Debug|Mixed Platforms.Build.0 = Debug|Win32
		{FF560C5D-4369-4DEF-B2EC-6F507D554DB5}.Debug|Win32.ActiveCfg = Debug|Win32
		{FF560C5D-4369-4DEF-B2EC-6F507D554DB5}.Debug|Win32.Build.0 = Debug|Win32
		{FF560C5D-4369-4DEF-B2EC-6F507D554DB5}.Release|Any CPU.ActiveCfg = Release|Win32
		{FF560C5D-4369-4DEF-B2EC-6F507D554DB5}.Release|Mixed Platforms.ActiveCfg = Release|Win32
		{FF560C5D-4369-4DEF-B2EC-6F507D554DB5}.Release|Mixed Platforms.Build.0 = Release|Win32
		{FF560C5D-4369-4DEF-B2EC-6F507D554DB5}.Release|Win32.ActiveCfg = Release|Win32
		{FF560C5D-4369-4DEF-B2EC-6F507D554DB5}.Release|Win32.Build.0 = Release|Win32
		{5FE132E5-83CB-4880-B2D9-CA828E008786}.Debug|Any CPU.ActiveCfg = Debug|Win32
		{5FE132E5-83CB-4880-B2D9-CA828E008786}.Debug|Mixed Platforms.ActiveCfg = Debug|Win32
		{5FE132E5-83CB-4880-B2D9-CA828E008786}.Debug|Mixed Platforms.Build.0 = Debug|Win32
		{5FE132E5-83CB-4880-B2D9-CA828E008786}.Debug|Win32.ActiveCfg = Debug|Win32
		{5FE132E5-83CB-4880-B2D9-CA828E008786}.Debug|Win32.Build.0 = Debug|Win32
		{5FE132E5-83CB-4880-B2D9-CA828E008786}.Release|Any CPU.ActiveCfg = Release|Win32
		{5FE132E5-83CB-4880-B2D9-CA828E008786}.Release|Mixed Platforms.ActiveCfg = Release|Win32
		{5FE132E5-83CB-4880-B2D9-CA828E008786}.Release|Mixed Platforms.Build.0 = Release|Win32
		{5FE132E5-83CB-4880-B2D9-CA828E008786}.Release|Win32.ActiveCfg = Release|Win32
		{5FE132E5-83CB-4880-B2D9-CA828E008786}.Release|Win32.Build.0 = Release|Win32
		{C27E39F5-BA92-4245-A537-7B7852508900}.Debug|Any CPU.ActiveCfg = Debug|Win32
		{C27E39F5-BA92-4245-A537-7B7852508900}.Debug|Mixed Platforms.ActiveCfg = Debug|Win32
		{C27E39F5-BA92-4245-A537-7B7852508900}.Debug|Mixed Platforms.Build.0 = Debug|Win32
		{C27E39F5-BA92-4245-A537-7B7852508900}.Debug|Win32.ActiveCfg = Debug|Win32
		{C27E39F5-BA92-4245-A537-7B7852508900}.Debug|Win32.Build.0 = Debug|Win32
		{C27E39F5-BA92-4245-A537-7B7852508900}.Release|Any CPU.ActiveCfg = Release|Win32
		{C27E39F5-BA92-4245-A537-7B7852508900}.Release|Mixed Platforms.ActiveCfg = Release|Win32
		{C27E39F5-BA92-4245-A537-7B7852508900}.Release|Mixed Platforms.Build.0 = Release|Win32
		{C27E39F5-BA92-4245-A537-7B7852508900}.Release|Win32.ActiveCfg = Release|Win32
		{C27E39F5-BA92-4245-A537-7B7852508900}.Release|Win32.Build.0 = Release|Win32
		{269AD4B7-8245-4476-9179-E4659F6E217F}.Debug|Any CPU.ActiveCfg = Debug|Win32
		{269AD4B7-8245-4476-9179-E4659F6E217F}.Debug|Mixed Platforms.ActiveCfg = Debug|Win32
		{269AD4B7-8245-4476-9179-E4659F6E217F}.Debug|Mixed Platforms.Build.0 = Debug|Win32
		{269AD4B7-8245-4476-9179-E4659F6E217F}.Debug|Win32.ActiveCfg = Debug|Win32
		{269AD4B7-8245-4476-9179-E4659F6E217F}.Release|Any CPU.ActiveCfg = Release|Win32
		{269AD4B7-8245-4476-9179-E4659F6E217F}.Release|Mixed Platforms.ActiveCfg = Release|Win32
		{269AD4B7-8245-4476-9179-E4659F6E217F}.Release|Mixed Platforms.Build.0 = Release|Win32
		{269AD4B7-8245-4476-9179-E4659F6E217F}.Release|Win32.ActiveCfg = Release|Win32
		{5A024799-C5ED-41CF-BF0C-914A11799234}.Debug|Any CPU.ActiveCfg = Debug|Win32
		{5A024799-C5ED-41CF-BF0C-914A11799234}.Debug|Mixed Platforms.ActiveCfg = Debug|Win32
		{5A024799-C5ED-41CF-BF0C-914A11799234}.Debug|Mixed Platforms.Build.0 = Debug|Win32
		{5A024799-C5ED-41CF-BF0C-914A11799234}.Debug|Win32.ActiveCfg = Debug|Win32
		{5A024799-C5ED-41CF-BF0C-914A11799234}.Debug|Win32.Build.0 = Debug|Win32
		{5A024799-C5ED-41CF-BF0C-914A11799234}.Release|Any CPU.ActiveCfg = Release|Win32
		{5A024799-C5ED-41CF-BF0C-914A11799234}.Release|Mixed Platforms.ActiveCfg = Release|Win32
		{5A024799-C5ED-41CF-BF0C-914A11799234}.Release|Mixed Platforms.Build.0 = Release|Win32
		{5A024799-C5ED-41CF-BF0C-914A11799234}.Release|Win32.ActiveCfg = Release|Win32
		{5A024799-C5ED-41CF-BF0C-914A11799234}.Release|Win32.Build.0 = Release|Win32
		{6B452F4F-43C9-408E-BDF3-C70FCA9F257D}.Debug|Any CPU.ActiveCfg = Debug|Win32
		{6B452F4F-43C9-408E-BDF3-C70FCA9F257D}.Debug|Mixed Platforms.ActiveCfg = Debug|Win32
		{6B452F4F-43C9-408E-BDF3-C70FCA9F257D}.Debug|Mixed Platforms.Build.0 = Debug|Win32
		{6B452F4F-43C9-408E-BDF3-C70FCA9F257D}.Debug|Win32.ActiveCfg = Debug|Win32
		{6B452F4F-43C9-408E-BDF3-C70FCA9F257D}.Debug|Win32.Build.0 = Debug|Win32
		{6B452F4F-43C9-408E-BDF3-C70FCA9F257D}.Release|Any CPU.ActiveCfg = Release|Win32
		{6B452F4F-43C9-408E-BDF3-C70FCA9F257D}.Release|Mixed Platforms.ActiveCfg = Release|Win32
		{6B452F4F-43C9-408E-BDF3-C70FCA9F257D}.Release|Mixed Platforms.Build.0 = Release|Win32
		{6B452F4F-43C9-408E-BDF3-C70FCA9F257D}.Release|Win32.ActiveCfg = Release|Win32
		{6B452F4F-43C9-408E-BDF3-C70FCA9F257D}.Release|Win32.Build.0 = Release|Win32
		{9A19C692-FFBD-467C-B8A8-63166F421940}.Debug|Any CPU.ActiveCfg = Debug|Win32
		{9A19C692-FFBD-467C-B8A8-63166F421940}.Debug|Mixed Platforms.ActiveCfg = Debug|Win32
		{9A19C692-FFBD-467C-B8A8-63166F421940}.Debug|Mixed Platforms.Build.0 = Debug|Win32
		{9A19C692-FFBD-467C-B8A8-63166F421940}.Debug|Win32.ActiveCfg = Debug|Win32
		{9A19C692-FFBD-467C-B8A8-63166F421940}.Debug|Win32.Build.0 = Debug|Win32
		{9A19C692-FFBD-467C-B8A8-63166F421940}.Release|Any CPU.ActiveCfg = Release|Win32
		{9A19C692-FFBD-467C-B8A8-63166F421940}.Release|Mixed Platforms.ActiveCfg = Release|Win32
		{9A19C692-FFBD-467C-B8A8-63166F421940}.Release|Mixed Platforms.Build.0 = Release|Win32
		{9A19C692-FFBD-467C-B8A8-63166F421940}.Release|Win32.ActiveCfg = Release|Win32
		{9A19C692-FFBD-467C-B8A8-63166F421940}.Release|Win32.Build.0 = Release|Win32
		{EC3DE6B0-0C01-4D64-928A-4ADDB09472BA}.Debug|Any CPU.ActiveCfg = Debug|Win32
		{EC3DE6B0-0C01-4D64-928A-4ADDB09472BA}.Debug|Mixed Platforms.ActiveCfg = Debug|Win32
		{EC3DE6B0-0C01-4D64-928A-4ADDB09472BA}.Debug|Mixed Platforms.Build.0 = Debug|Win32
		{EC3DE6B0-0C01-4D64-928A-4ADDB09472BA}.Debug|Win32.ActiveCfg = Debug|Win32
		{EC3DE6B0-0C01-4D64-928A-4ADDB09472BA}.Debug|Win32.Build.0 = Debug|Win32
		{EC3DE6B0-0C01-4D64-928A-4ADDB09472BA}.Release|Any CPU.ActiveCfg = Release|Win32
		{EC3DE6B0-0C01-4D64-928A-4ADDB09472BA}.Release|Mixed Platforms.ActiveCfg = Release|Win32
		{EC3DE6B0-0C01-4D64-928A-4ADDB09472BA}.Release|Mixed Platforms.Build.0 = Release|Win32
		{EC3DE6B0-0C01-4D64-928A-4ADDB09472BA}.Release|Win32.ActiveCfg = Release|Win32
		{EC3DE6B0-0C01-4D64-928A-4ADDB09472BA}.Release|Win32.Build.0 = Release|Win32
		{9E601FE7-C3E1-48A8-8EAB-A1EEB501FBC7}.Debug|Any CPU.ActiveCfg = Debug|Win32
		{9E601FE7-C3E1-48A8-8EAB-A1EEB501FBC7}.Debug|Mixed Platforms.ActiveCfg = Debug|Win32
		{9E601FE7-C3E1-48A8-8EAB-A1EEB501FBC7}.Debug|Mixed Platforms.Build.0 = Debug|Win32
		{9E601FE7-C3E1-48A8-8EAB-A1EEB501FBC7}.Debug|Win32.ActiveCfg = Debug|Win32
		{9E601FE7-C3E1-48A8-8EAB-A1EEB501FBC7}.Debug|Win32.Build.0 = Debug|Win32
		{9E601FE7-C3E1-48A8-8EAB-A1EEB501FBC7}.Release|Any CPU.ActiveCfg = Release|Win32
		{9E601FE7-C3E1-48A8-8EAB-A1EEB501FBC7}.Release|Mixed Platforms.ActiveCfg = Release|Win32
		{9E601FE7-C3E1-48A8-8EAB-A1EEB501FBC7}.Release|Mixed Platforms.Build.0 = Release|Win32
		{9E601FE7-C3E1-48A8-8EAB-A1EEB501FBC7}.Release|Win32.ActiveCfg = Release|Win32
		{9E601FE7-C3E1-48A8-8EAB-A1EEB501FBC7}.Release|Win32.Build.0 = Release|Win32
	EndGlobalSection
	GlobalSection(SolutionProperties) = preSolution
		HideSolutionNode = FALSE
	EndGlobalSection
	GlobalSection(NestedProjects) = preSolution
		{00CEE42A-4DF7-4FE1-B5EF-E31B87CA714B} = {138CD730-94FC-41BA-92BB-E88E1DF41CC3}
		{04ECC032-1961-45B0-B0C3-0064A8E3B880} = {138CD730-94FC-41BA-92BB-E88E1DF41CC3}
		{3423EC9A-52E4-4A4D-9753-EDEBC38785EF} = {138CD730-94FC-41BA-92BB-E88E1DF41CC3}
		{7CCBD9CB-D47D-46CB-9071-48782D456B1A} = {04ECC032-1961-45B0-B0C3-0064A8E3B880}
		{FD311751-7B42-4F07-96DB-553D428095A3} = {04ECC032-1961-45B0-B0C3-0064A8E3B880}
		{B2B3FB85-10A2-4E41-811B-1606B748BF0A} = {04ECC032-1961-45B0-B0C3-0064A8E3B880}
		{68FA2581-F8F8-4340-A192-141DC050F6B2} = {04ECC032-1961-45B0-B0C3-0064A8E3B880}
		{2A860062-06BC-476A-9431-B6AD5815EE7E} = {04ECC032-1961-45B0-B0C3-0064A8E3B880}
		{ACEC85B8-20E4-4A95-960E-E211E7F56B4C} = {04ECC032-1961-45B0-B0C3-0064A8E3B880}
		{D9FBD71B-73C4-45D6-86AA-D3EF8077C847} = {04ECC032-1961-45B0-B0C3-0064A8E3B880}
		{FE00622A-50D4-4CB5-868A-20B889FDA990} = {04ECC032-1961-45B0-B0C3-0064A8E3B880}
		{69A84191-A6EE-4EB1-B58A-1915BF35537F} = {04ECC032-1961-45B0-B0C3-0064A8E3B880}
		{D5B5785C-4BED-4859-AE01-B4A5B56B2FA7} = {04ECC032-1961-45B0-B0C3-0064A8E3B880}
		{A3F0C29F-6E70-45F5-8AA4-C1EC08A7C955} = {04ECC032-1961-45B0-B0C3-0064A8E3B880}
		{76076033-7BAE-4FB7-B4BD-84E994E406B2} = {04ECC032-1961-45B0-B0C3-0064A8E3B880}
		{73F78EC1-08F3-40BE-8636-26AEA43E7994} = {04ECC032-1961-45B0-B0C3-0064A8E3B880}
		{00D51770-9AC8-44D6-B1D5-451A00354B9D} = {04ECC032-1961-45B0-B0C3-0064A8E3B880}
		{5F11FBEF-322F-4C2F-8FD4-713912996BB4} = {04ECC032-1961-45B0-B0C3-0064A8E3B880}
		{26642B99-12BE-422B-A21C-85B1773EDB7B} = {04ECC032-1961-45B0-B0C3-0064A8E3B880}
		{2C8D0B56-2B88-4E12-B295-7FB19E11C44A} = {04ECC032-1961-45B0-B0C3-0064A8E3B880}
		{8EDD0F41-F74D-4AAB-BB37-C9BB945DCCE9} = {04ECC032-1961-45B0-B0C3-0064A8E3B880}
		{3B4ADA00-5791-4E3C-A830-BF677C782CA3} = {04ECC032-1961-45B0-B0C3-0064A8E3B880}
		{B5B865D2-6ABF-49F6-8472-46258E6C03FE} = {04ECC032-1961-45B0-B0C3-0064A8E3B880}
		{5A9EC6A5-68A3-43C8-960E-F7F03B16F1D1} = {29E96B92-653C-431E-BE45-756B048E5A11}
		{293E6133-239A-4ED4-838E-9182B07C6B35} = {29E96B92-653C-431E-BE45-756B048E5A11}
		{DBADF72E-2572-403F-B0D6-AC8C9B3ECCFE} = {29E96B92-653C-431E-BE45-756B048E5A11}
		{16C7A051-9097-41A5-BA26-FEC1EA1F16EF} = {29E96B92-653C-431E-BE45-756B048E5A11}
		{D176CBB0-E9BB-4827-8A37-2F05423EC07F} = {CB2CC2C4-0882-434D-8B96-4984740BCC23}
		{91C69AB8-8B41-4320-99F8-CB97A5258E2D} = {CB2CC2C4-0882-434D-8B96-4984740BCC23}
		{9AC4A7BC-3E72-4C97-81FF-D8708331CC54} = {CB2CC2C4-0882-434D-8B96-4984740BCC23}
		{BD53B16D-3577-4245-A420-070A890D35AB} = {CB2CC2C4-0882-434D-8B96-4984740BCC23}
		{B601F0F8-B6DC-4DF5-B4CD-2E1807E0E68D} = {CB2CC2C4-0882-434D-8B96-4984740BCC23}
		{5FCAFC30-922E-446F-8DF5-D71819ABC2FE} = {91C69AB8-8B41-4320-99F8-CB97A5258E2D}
		{FF560C5D-4369-4DEF-B2EC-6F507D554DB5} = {9AC4A7BC-3E72-4C97-81FF-D8708331CC54}
		{5FE132E5-83CB-4880-B2D9-CA828E008786} = {660C24AD-2ABA-406B-B56A-BF9AE52AD432}
		{02262EFC-86BC-45B1-8401-A26BB365E717} = {660C24AD-2ABA-406B-B56A-BF9AE52AD432}
		{C27E39F5-BA92-4245-A537-7B7852508900} = {02262EFC-86BC-45B1-8401-A26BB365E717}
		{269AD4B7-8245-4476-9179-E4659F6E217F} = {02262EFC-86BC-45B1-8401-A26BB365E717}
		{5A024799-C5ED-41CF-BF0C-914A11799234} = {02262EFC-86BC-45B1-8401-A26BB365E717}
		{6B452F4F-43C9-408E-BDF3-C70FCA9F257D} = {02262EFC-86BC-45B1-8401-A26BB365E717}
		{9A19C692-FFBD-467C-B8A8-63166F421940} = {02262EFC-86BC-45B1-8401-A26BB365E717}
		{EC3DE6B0-0C01-4D64-928A-4ADDB09472BA} = {BD53B16D-3577-4245-A420-070A890D35AB}
		{9E601FE7-C3E1-48A8-8EAB-A1EEB501FBC7} = {BD53B16D-3577-4245-A420-070A890D35AB}
	EndGlobalSection
EndGlobal
