Microsoft Visual Studio Solution File, Format Version 10.00
# Visual Studio 2008
Project("{8BC9CEB8-8B4A-11D0-8D11-00A0C91BC942}") = "aMule", "aMule\aMule.vcproj", "{5FCAFC30-922E-446F-8DF5-D71819ABC2FE}"
	ProjectSection(ProjectDependencies) = postProject
		{293E6133-239A-4ED4-838E-9182B07C6B35} = {293E6133-239A-4ED4-838E-9182B07C6B35}
		{16C7A051-9097-41A5-BA26-FEC1EA1F16EF} = {16C7A051-9097-41A5-BA26-FEC1EA1F16EF}
		{8CA0F896-7689-4CE0-9D16-99C9C83847E1} = {8CA0F896-7689-4CE0-9D16-99C9C83847E1}
		{5A9EC6A5-68A3-43C8-960E-F7F03B16F1D1} = {5A9EC6A5-68A3-43C8-960E-F7F03B16F1D1}
		{F8C2C7F5-CBF1-46C1-81C9-22AD406B52C6} = {F8C2C7F5-CBF1-46C1-81C9-22AD406B52C6}
	EndProjectSection
EndProject
Project("{8BC9CEB8-8B4A-11D0-8D11-00A0C91BC942}") = "libmuleec", "libs\libmuleec\libmuleec.vcproj", "{5A9EC6A5-68A3-43C8-960E-F7F03B16F1D1}"
	ProjectSection(ProjectDependencies) = postProject
		{293E6133-239A-4ED4-838E-9182B07C6B35} = {293E6133-239A-4ED4-838E-9182B07C6B35}
	EndProjectSection
EndProject
Project("{8BC9CEB8-8B4A-11D0-8D11-00A0C91BC942}") = "libmulecommon", "libs\libmulecommon\libmulecommon.vcproj", "{293E6133-239A-4ED4-838E-9182B07C6B35}"
EndProject
Project("{8BC9CEB8-8B4A-11D0-8D11-00A0C91BC942}") = "libmuleexternalwxlistctrl", "libs\libmuleexternalwxlistctrl\libmuleexternalwxlistctrl.vcproj", "{16C7A051-9097-41A5-BA26-FEC1EA1F16EF}"
EndProject
Project("{8BC9CEB8-8B4A-11D0-8D11-00A0C91BC942}") = "aLinkCreator", "aLinkCreator\aLinkCreator.vcproj", "{FF560C5D-4369-4DEF-B2EC-6F507D554DB5}"
	ProjectSection(ProjectDependencies) = postProject
		{293E6133-239A-4ED4-838E-9182B07C6B35} = {293E6133-239A-4ED4-838E-9182B07C6B35}
		{F8C2C7F5-CBF1-46C1-81C9-22AD406B52C6} = {F8C2C7F5-CBF1-46C1-81C9-22AD406B52C6}
	EndProjectSection
EndProject
Project("{8BC9CEB8-8B4A-11D0-8D11-00A0C91BC942}") = "aMuleCMD", "aMuleCMD\aMuleCMD.vcproj", "{EC3DE6B0-0C01-4D64-928A-4ADDB09472BA}"
	ProjectSection(ProjectDependencies) = postProject
		{293E6133-239A-4ED4-838E-9182B07C6B35} = {293E6133-239A-4ED4-838E-9182B07C6B35}
		{5A9EC6A5-68A3-43C8-960E-F7F03B16F1D1} = {5A9EC6A5-68A3-43C8-960E-F7F03B16F1D1}
		{F8C2C7F5-CBF1-46C1-81C9-22AD406B52C6} = {F8C2C7F5-CBF1-46C1-81C9-22AD406B52C6}
	EndProjectSection
EndProject
Project("{8BC9CEB8-8B4A-11D0-8D11-00A0C91BC942}") = "aMuleGUI", "aMuleGUI\aMuleGUI.vcproj", "{9E601FE7-C3E1-48A8-8EAB-A1EEB501FBC7}"
	ProjectSection(ProjectDependencies) = postProject
		{293E6133-239A-4ED4-838E-9182B07C6B35} = {293E6133-239A-4ED4-838E-9182B07C6B35}
		{16C7A051-9097-41A5-BA26-FEC1EA1F16EF} = {16C7A051-9097-41A5-BA26-FEC1EA1F16EF}
		{8CA0F896-7689-4CE0-9D16-99C9C83847E1} = {8CA0F896-7689-4CE0-9D16-99C9C83847E1}
		{5A9EC6A5-68A3-43C8-960E-F7F03B16F1D1} = {5A9EC6A5-68A3-43C8-960E-F7F03B16F1D1}
		{F8C2C7F5-CBF1-46C1-81C9-22AD406B52C6} = {F8C2C7F5-CBF1-46C1-81C9-22AD406B52C6}
	EndProjectSection
EndProject
Project("{8BC9CEB8-8B4A-11D0-8D11-00A0C91BC942}") = "ed2k", "ed2k\ed2k.vcproj", "{FF560C5D-4369-4DEF-B2EC-6F507D554DB6}"
	ProjectSection(ProjectDependencies) = postProject
		{293E6133-239A-4ED4-838E-9182B07C6B35} = {293E6133-239A-4ED4-838E-9182B07C6B35}
	EndProjectSection
EndProject
Project("{8BC9CEB8-8B4A-11D0-8D11-00A0C91BC942}") = "libext", "libs\libext\libext.vcproj", "{F8C2C7F5-CBF1-46C1-81C9-22AD406B52C6}"
EndProject
Project("{8BC9CEB8-8B4A-11D0-8D11-00A0C91BC942}") = "fileview", "fileview\fileview.vcproj", "{02A90868-EC36-4EA2-8D46-3B0BB33AEAC6}"
	ProjectSection(ProjectDependencies) = postProject
		{293E6133-239A-4ED4-838E-9182B07C6B35} = {293E6133-239A-4ED4-838E-9182B07C6B35}
		{F8C2C7F5-CBF1-46C1-81C9-22AD406B52C6} = {F8C2C7F5-CBF1-46C1-81C9-22AD406B52C6}
	EndProjectSection
EndProject
Project("{8BC9CEB8-8B4A-11D0-8D11-00A0C91BC942}") = "libGeoIP", "libs\libGeoIP\libGeoIP.vcproj", "{8CA0F896-7689-4CE0-9D16-99C9C83847E1}"
EndProject
Project("{8BC9CEB8-8B4A-11D0-8D11-00A0C91BC942}") = "aMuleD", "aMuleD\aMuleD.vcproj", "{10E42FDA-AA34-4F8E-BC7C-B51EACA4E75F}"
	ProjectSection(ProjectDependencies) = postProject
		{293E6133-239A-4ED4-838E-9182B07C6B35} = {293E6133-239A-4ED4-838E-9182B07C6B35}
		{5A9EC6A5-68A3-43C8-960E-F7F03B16F1D1} = {5A9EC6A5-68A3-43C8-960E-F7F03B16F1D1}
		{F8C2C7F5-CBF1-46C1-81C9-22AD406B52C6} = {F8C2C7F5-CBF1-46C1-81C9-22AD406B52C6}
	EndProjectSection
EndProject
Project("{8BC9CEB8-8B4A-11D0-8D11-00A0C91BC942}") = "aMuleWeb", "aMuleWeb\aMuleWeb.vcproj", "{EC3DE6B0-0C01-4D64-928A-4ADDB09473BA}"
	ProjectSection(ProjectDependencies) = postProject
		{293E6133-239A-4ED4-838E-9182B07C6B35} = {293E6133-239A-4ED4-838E-9182B07C6B35}
		{5A9EC6A5-68A3-43C8-960E-F7F03B16F1D1} = {5A9EC6A5-68A3-43C8-960E-F7F03B16F1D1}
		{F8C2C7F5-CBF1-46C1-81C9-22AD406B52C6} = {F8C2C7F5-CBF1-46C1-81C9-22AD406B52C6}
	EndProjectSection
EndProject
Project("{8BC9CEB8-8B4A-11D0-8D11-00A0C91BC942}") = "wxCas", "wxCas\wxCas.vcproj", "{5FCAFC30-922E-446F-8DF5-D71819AB6356}"
	ProjectSection(ProjectDependencies) = postProject
		{293E6133-239A-4ED4-838E-9182B07C6B35} = {293E6133-239A-4ED4-838E-9182B07C6B35}
		{F8C2C7F5-CBF1-46C1-81C9-22AD406B52C6} = {F8C2C7F5-CBF1-46C1-81C9-22AD406B52C6}
	EndProjectSection
EndProject
Project("{8BC9CEB8-8B4A-11D0-8D11-00A0C91BC942}") = "alcc", "aLinkCreator\alcc.vcproj", "{FF560C5D-4369-4DEF-B2EC-6F507D994DB6}"
	ProjectSection(ProjectDependencies) = postProject
		{293E6133-239A-4ED4-838E-9182B07C6B35} = {293E6133-239A-4ED4-838E-9182B07C6B35}
		{F8C2C7F5-CBF1-46C1-81C9-22AD406B52C6} = {F8C2C7F5-CBF1-46C1-81C9-22AD406B52C6}
	EndProjectSection
EndProject
Global
	GlobalSection(SolutionConfigurationPlatforms) = preSolution
		Debug|Win32 = Debug|Win32
		Debug29|Win32 = Debug29|Win32
		Release|Win32 = Release|Win32
		Release29|Win32 = Release29|Win32
	EndGlobalSection
	GlobalSection(ProjectConfigurationPlatforms) = postSolution
		{5FCAFC30-922E-446F-8DF5-D71819ABC2FE}.Debug|Win32.ActiveCfg = Debug|Win32
		{5FCAFC30-922E-446F-8DF5-D71819ABC2FE}.Debug|Win32.Build.0 = Debug|Win32
		{5FCAFC30-922E-446F-8DF5-D71819ABC2FE}.Debug29|Win32.ActiveCfg = Debug29|Win32
		{5FCAFC30-922E-446F-8DF5-D71819ABC2FE}.Debug29|Win32.Build.0 = Debug29|Win32
		{5FCAFC30-922E-446F-8DF5-D71819ABC2FE}.Release|Win32.ActiveCfg = Release|Win32
		{5FCAFC30-922E-446F-8DF5-D71819ABC2FE}.Release|Win32.Build.0 = Release|Win32
		{5FCAFC30-922E-446F-8DF5-D71819ABC2FE}.Release29|Win32.ActiveCfg = Release29|Win32
		{5FCAFC30-922E-446F-8DF5-D71819ABC2FE}.Release29|Win32.Build.0 = Release29|Win32
		{5A9EC6A5-68A3-43C8-960E-F7F03B16F1D1}.Debug|Win32.ActiveCfg = Debug|Win32
		{5A9EC6A5-68A3-43C8-960E-F7F03B16F1D1}.Debug|Win32.Build.0 = Debug|Win32
		{5A9EC6A5-68A3-43C8-960E-F7F03B16F1D1}.Debug29|Win32.ActiveCfg = Debug29|Win32
		{5A9EC6A5-68A3-43C8-960E-F7F03B16F1D1}.Debug29|Win32.Build.0 = Debug29|Win32
		{5A9EC6A5-68A3-43C8-960E-F7F03B16F1D1}.Release|Win32.ActiveCfg = Release|Win32
		{5A9EC6A5-68A3-43C8-960E-F7F03B16F1D1}.Release|Win32.Build.0 = Release|Win32
		{5A9EC6A5-68A3-43C8-960E-F7F03B16F1D1}.Release29|Win32.ActiveCfg = Release29|Win32
		{5A9EC6A5-68A3-43C8-960E-F7F03B16F1D1}.Release29|Win32.Build.0 = Release29|Win32
		{293E6133-239A-4ED4-838E-9182B07C6B35}.Debug|Win32.ActiveCfg = Debug|Win32
		{293E6133-239A-4ED4-838E-9182B07C6B35}.Debug|Win32.Build.0 = Debug|Win32
		{293E6133-239A-4ED4-838E-9182B07C6B35}.Debug29|Win32.ActiveCfg = Debug29|Win32
		{293E6133-239A-4ED4-838E-9182B07C6B35}.Debug29|Win32.Build.0 = Debug29|Win32
		{293E6133-239A-4ED4-838E-9182B07C6B35}.Release|Win32.ActiveCfg = Release|Win32
		{293E6133-239A-4ED4-838E-9182B07C6B35}.Release|Win32.Build.0 = Release|Win32
		{293E6133-239A-4ED4-838E-9182B07C6B35}.Release29|Win32.ActiveCfg = Release29|Win32
		{293E6133-239A-4ED4-838E-9182B07C6B35}.Release29|Win32.Build.0 = Release29|Win32
		{16C7A051-9097-41A5-BA26-FEC1EA1F16EF}.Debug|Win32.ActiveCfg = Debug|Win32
		{16C7A051-9097-41A5-BA26-FEC1EA1F16EF}.Debug|Win32.Build.0 = Debug|Win32
		{16C7A051-9097-41A5-BA26-FEC1EA1F16EF}.Debug29|Win32.ActiveCfg = Debug29|Win32
		{16C7A051-9097-41A5-BA26-FEC1EA1F16EF}.Debug29|Win32.Build.0 = Debug29|Win32
		{16C7A051-9097-41A5-BA26-FEC1EA1F16EF}.Release|Win32.ActiveCfg = Release|Win32
		{16C7A051-9097-41A5-BA26-FEC1EA1F16EF}.Release|Win32.Build.0 = Release|Win32
		{16C7A051-9097-41A5-BA26-FEC1EA1F16EF}.Release29|Win32.ActiveCfg = Release29|Win32
		{16C7A051-9097-41A5-BA26-FEC1EA1F16EF}.Release29|Win32.Build.0 = Release29|Win32
		{FF560C5D-4369-4DEF-B2EC-6F507D554DB5}.Debug|Win32.ActiveCfg = Debug|Win32
		{FF560C5D-4369-4DEF-B2EC-6F507D554DB5}.Debug|Win32.Build.0 = Debug|Win32
		{FF560C5D-4369-4DEF-B2EC-6F507D554DB5}.Debug29|Win32.ActiveCfg = Debug29|Win32
		{FF560C5D-4369-4DEF-B2EC-6F507D554DB5}.Debug29|Win32.Build.0 = Debug29|Win32
		{FF560C5D-4369-4DEF-B2EC-6F507D554DB5}.Release|Win32.ActiveCfg = Release|Win32
		{FF560C5D-4369-4DEF-B2EC-6F507D554DB5}.Release|Win32.Build.0 = Release|Win32
		{FF560C5D-4369-4DEF-B2EC-6F507D554DB5}.Release29|Win32.ActiveCfg = Release29|Win32
		{FF560C5D-4369-4DEF-B2EC-6F507D554DB5}.Release29|Win32.Build.0 = Release29|Win32
		{EC3DE6B0-0C01-4D64-928A-4ADDB09472BA}.Debug|Win32.ActiveCfg = Debug|Win32
		{EC3DE6B0-0C01-4D64-928A-4ADDB09472BA}.Debug|Win32.Build.0 = Debug|Win32
		{EC3DE6B0-0C01-4D64-928A-4ADDB09472BA}.Debug29|Win32.ActiveCfg = Debug29|Win32
		{EC3DE6B0-0C01-4D64-928A-4ADDB09472BA}.Debug29|Win32.Build.0 = Debug29|Win32
		{EC3DE6B0-0C01-4D64-928A-4ADDB09472BA}.Release|Win32.ActiveCfg = Release|Win32
		{EC3DE6B0-0C01-4D64-928A-4ADDB09472BA}.Release|Win32.Build.0 = Release|Win32
		{EC3DE6B0-0C01-4D64-928A-4ADDB09472BA}.Release29|Win32.ActiveCfg = Release29|Win32
		{EC3DE6B0-0C01-4D64-928A-4ADDB09472BA}.Release29|Win32.Build.0 = Release29|Win32
		{9E601FE7-C3E1-48A8-8EAB-A1EEB501FBC7}.Debug|Win32.ActiveCfg = Debug|Win32
		{9E601FE7-C3E1-48A8-8EAB-A1EEB501FBC7}.Debug|Win32.Build.0 = Debug|Win32
		{9E601FE7-C3E1-48A8-8EAB-A1EEB501FBC7}.Debug29|Win32.ActiveCfg = Debug29|Win32
		{9E601FE7-C3E1-48A8-8EAB-A1EEB501FBC7}.Debug29|Win32.Build.0 = Debug29|Win32
		{9E601FE7-C3E1-48A8-8EAB-A1EEB501FBC7}.Release|Win32.ActiveCfg = Release|Win32
		{9E601FE7-C3E1-48A8-8EAB-A1EEB501FBC7}.Release|Win32.Build.0 = Release|Win32
		{9E601FE7-C3E1-48A8-8EAB-A1EEB501FBC7}.Release29|Win32.ActiveCfg = Release29|Win32
		{9E601FE7-C3E1-48A8-8EAB-A1EEB501FBC7}.Release29|Win32.Build.0 = Release29|Win32
		{FF560C5D-4369-4DEF-B2EC-6F507D554DB6}.Debug|Win32.ActiveCfg = Debug|Win32
		{FF560C5D-4369-4DEF-B2EC-6F507D554DB6}.Debug|Win32.Build.0 = Debug|Win32
		{FF560C5D-4369-4DEF-B2EC-6F507D554DB6}.Debug29|Win32.ActiveCfg = Debug|Win32
		{FF560C5D-4369-4DEF-B2EC-6F507D554DB6}.Debug29|Win32.Build.0 = Debug|Win32
		{FF560C5D-4369-4DEF-B2EC-6F507D554DB6}.Release|Win32.ActiveCfg = Release|Win32
		{FF560C5D-4369-4DEF-B2EC-6F507D554DB6}.Release|Win32.Build.0 = Release|Win32
		{FF560C5D-4369-4DEF-B2EC-6F507D554DB6}.Release29|Win32.ActiveCfg = Release|Win32
		{FF560C5D-4369-4DEF-B2EC-6F507D554DB6}.Release29|Win32.Build.0 = Release|Win32
		{F8C2C7F5-CBF1-46C1-81C9-22AD406B52C6}.Debug|Win32.ActiveCfg = Debug|Win32
		{F8C2C7F5-CBF1-46C1-81C9-22AD406B52C6}.Debug|Win32.Build.0 = Debug|Win32
		{F8C2C7F5-CBF1-46C1-81C9-22AD406B52C6}.Debug29|Win32.ActiveCfg = Debug29|Win32
		{F8C2C7F5-CBF1-46C1-81C9-22AD406B52C6}.Debug29|Win32.Build.0 = Debug29|Win32
		{F8C2C7F5-CBF1-46C1-81C9-22AD406B52C6}.Release|Win32.ActiveCfg = Release|Win32
		{F8C2C7F5-CBF1-46C1-81C9-22AD406B52C6}.Release|Win32.Build.0 = Release|Win32
		{F8C2C7F5-CBF1-46C1-81C9-22AD406B52C6}.Release29|Win32.ActiveCfg = Release29|Win32
		{F8C2C7F5-CBF1-46C1-81C9-22AD406B52C6}.Release29|Win32.Build.0 = Release29|Win32
		{02A90868-EC36-4EA2-8D46-3B0BB33AEAC6}.Debug|Win32.ActiveCfg = Debug|Win32
		{02A90868-EC36-4EA2-8D46-3B0BB33AEAC6}.Debug|Win32.Build.0 = Debug|Win32
		{02A90868-EC36-4EA2-8D46-3B0BB33AEAC6}.Debug29|Win32.ActiveCfg = Debug29|Win32
		{02A90868-EC36-4EA2-8D46-3B0BB33AEAC6}.Debug29|Win32.Build.0 = Debug29|Win32
		{02A90868-EC36-4EA2-8D46-3B0BB33AEAC6}.Release|Win32.ActiveCfg = Release|Win32
		{02A90868-EC36-4EA2-8D46-3B0BB33AEAC6}.Release|Win32.Build.0 = Release|Win32
		{02A90868-EC36-4EA2-8D46-3B0BB33AEAC6}.Release29|Win32.ActiveCfg = Release29|Win32
		{02A90868-EC36-4EA2-8D46-3B0BB33AEAC6}.Release29|Win32.Build.0 = Release29|Win32
		{8CA0F896-7689-4CE0-9D16-99C9C83847E1}.Debug|Win32.ActiveCfg = Debug|Win32
		{8CA0F896-7689-4CE0-9D16-99C9C83847E1}.Debug|Win32.Build.0 = Debug|Win32
		{8CA0F896-7689-4CE0-9D16-99C9C83847E1}.Debug29|Win32.ActiveCfg = Debug|Win32
		{8CA0F896-7689-4CE0-9D16-99C9C83847E1}.Debug29|Win32.Build.0 = Debug|Win32
		{8CA0F896-7689-4CE0-9D16-99C9C83847E1}.Release|Win32.ActiveCfg = Release|Win32
		{8CA0F896-7689-4CE0-9D16-99C9C83847E1}.Release|Win32.Build.0 = Release|Win32
		{8CA0F896-7689-4CE0-9D16-99C9C83847E1}.Release29|Win32.ActiveCfg = Release|Win32
		{8CA0F896-7689-4CE0-9D16-99C9C83847E1}.Release29|Win32.Build.0 = Release|Win32
		{10E42FDA-AA34-4F8E-BC7C-B51EACA4E75F}.Debug|Win32.ActiveCfg = Debug|Win32
		{10E42FDA-AA34-4F8E-BC7C-B51EACA4E75F}.Debug|Win32.Build.0 = Debug|Win32
		{10E42FDA-AA34-4F8E-BC7C-B51EACA4E75F}.Debug29|Win32.ActiveCfg = Debug29|Win32
		{10E42FDA-AA34-4F8E-BC7C-B51EACA4E75F}.Debug29|Win32.Build.0 = Debug29|Win32
		{10E42FDA-AA34-4F8E-BC7C-B51EACA4E75F}.Release|Win32.ActiveCfg = Release|Win32
		{10E42FDA-AA34-4F8E-BC7C-B51EACA4E75F}.Release|Win32.Build.0 = Release|Win32
		{10E42FDA-AA34-4F8E-BC7C-B51EACA4E75F}.Release29|Win32.ActiveCfg = Release29|Win32
		{10E42FDA-AA34-4F8E-BC7C-B51EACA4E75F}.Release29|Win32.Build.0 = Release29|Win32
		{EC3DE6B0-0C01-4D64-928A-4ADDB09473BA}.Debug|Win32.ActiveCfg = Debug|Win32
		{EC3DE6B0-0C01-4D64-928A-4ADDB09473BA}.Debug|Win32.Build.0 = Debug|Win32
		{EC3DE6B0-0C01-4D64-928A-4ADDB09473BA}.Debug29|Win32.ActiveCfg = Debug29|Win32
		{EC3DE6B0-0C01-4D64-928A-4ADDB09473BA}.Debug29|Win32.Build.0 = Debug29|Win32
		{EC3DE6B0-0C01-4D64-928A-4ADDB09473BA}.Release|Win32.ActiveCfg = Release|Win32
		{EC3DE6B0-0C01-4D64-928A-4ADDB09473BA}.Release|Win32.Build.0 = Release|Win32
		{EC3DE6B0-0C01-4D64-928A-4ADDB09473BA}.Release29|Win32.ActiveCfg = Release29|Win32
		{EC3DE6B0-0C01-4D64-928A-4ADDB09473BA}.Release29|Win32.Build.0 = Release29|Win32
		{5FCAFC30-922E-446F-8DF5-D71819AB6356}.Debug|Win32.ActiveCfg = Debug|Win32
		{5FCAFC30-922E-446F-8DF5-D71819AB6356}.Debug|Win32.Build.0 = Debug|Win32
		{5FCAFC30-922E-446F-8DF5-D71819AB6356}.Debug29|Win32.ActiveCfg = Debug29|Win32
		{5FCAFC30-922E-446F-8DF5-D71819AB6356}.Debug29|Win32.Build.0 = Debug29|Win32
		{5FCAFC30-922E-446F-8DF5-D71819AB6356}.Release|Win32.ActiveCfg = Release|Win32
		{5FCAFC30-922E-446F-8DF5-D71819AB6356}.Release|Win32.Build.0 = Release|Win32
		{5FCAFC30-922E-446F-8DF5-D71819AB6356}.Release29|Win32.ActiveCfg = Release29|Win32
		{5FCAFC30-922E-446F-8DF5-D71819AB6356}.Release29|Win32.Build.0 = Release29|Win32
		{FF560C5D-4369-4DEF-B2EC-6F507D994DB6}.Debug|Win32.ActiveCfg = Debug|Win32
		{FF560C5D-4369-4DEF-B2EC-6F507D994DB6}.Debug|Win32.Build.0 = Debug|Win32
		{FF560C5D-4369-4DEF-B2EC-6F507D994DB6}.Debug29|Win32.ActiveCfg = Debug29|Win32
		{FF560C5D-4369-4DEF-B2EC-6F507D994DB6}.Debug29|Win32.Build.0 = Debug29|Win32
		{FF560C5D-4369-4DEF-B2EC-6F507D994DB6}.Release|Win32.ActiveCfg = Release|Win32
		{FF560C5D-4369-4DEF-B2EC-6F507D994DB6}.Release|Win32.Build.0 = Release|Win32
		{FF560C5D-4369-4DEF-B2EC-6F507D994DB6}.Release29|Win32.ActiveCfg = Release29|Win32
		{FF560C5D-4369-4DEF-B2EC-6F507D994DB6}.Release29|Win32.Build.0 = Release29|Win32
	EndGlobalSection
	GlobalSection(SolutionProperties) = preSolution
		HideSolutionNode = FALSE
	EndGlobalSection
EndGlobal
