Microsoft Visual Studio Solution File, Format Version 9.00
# Visual Studio 2005
Project("{8BC9CEB8-8B4A-11D0-8D11-00A0C91BC942}") = "cryptlib", "..\..\cryptopp\cryptlib.vcproj", "{3423EC9A-52E4-4A4D-9753-EDEBC38785EF}"
EndProject
Project("{2150E333-8FDC-42A3-9474-1A3956D46DE8}") = "wxWidgets", "wxWidgets", "{04ECC032-1961-45B0-B0C3-0064A8E3B880}"
EndProject
Project("{2150E333-8FDC-42A3-9474-1A3956D46DE8}") = "external libraries", "external libraries", "{138CD730-94FC-41BA-92BB-E88E1DF41CC3}"
EndProject
Project("{8BC9CEB8-8B4A-11D0-8D11-00A0C91BC942}") = "wxregex", "..\..\wxWidgets\build\msw\wx_wxregex.vcproj", "{DA5ADD52-FD20-4BF8-8D98-889A5F148D50}"
EndProject
Project("{8BC9CEB8-8B4A-11D0-8D11-00A0C91BC942}") = "wxzlib", "..\..\wxWidgets\build\msw\wx_wxzlib.vcproj", "{4348C98D-8857-4255-A271-9A4D3572F47B}"
EndProject
Project("{8BC9CEB8-8B4A-11D0-8D11-00A0C91BC942}") = "wxpng", "..\..\wxWidgets\build\msw\wx_wxpng.vcproj", "{DDC41A7A-4F82-48CD-A87A-B898027C640E}"
EndProject
Project("{8BC9CEB8-8B4A-11D0-8D11-00A0C91BC942}") = "wxjpeg", "..\..\wxWidgets\build\msw\wx_wxjpeg.vcproj", "{137A35B3-5E87-47C4-B9D6-98FDACCC0DBB}"
EndProject
Project("{8BC9CEB8-8B4A-11D0-8D11-00A0C91BC942}") = "wxtiff", "..\..\wxWidgets\build\msw\wx_wxtiff.vcproj", "{7FD49F63-AA3B-4B0B-AACB-06D34D5EF9B9}"
EndProject
Project("{8BC9CEB8-8B4A-11D0-8D11-00A0C91BC942}") = "wxexpat", "..\..\wxWidgets\build\msw\wx_wxexpat.vcproj", "{35D694C2-04CB-46C9-B074-F28BE2671128}"
EndProject
Project("{8BC9CEB8-8B4A-11D0-8D11-00A0C91BC942}") = "base", "..\..\wxWidgets\build\msw\wx_base.vcproj", "{730F97E4-F894-4EB7-9928-E170118E8160}"
EndProject
Project("{8BC9CEB8-8B4A-11D0-8D11-00A0C91BC942}") = "net", "..\..\wxWidgets\build\msw\wx_net.vcproj", "{ACEFB38F-863A-4BD2-9ABC-BA7A1E6CCC3C}"
EndProject
Project("{8BC9CEB8-8B4A-11D0-8D11-00A0C91BC942}") = "core", "..\..\wxWidgets\build\msw\wx_core.vcproj", "{D225984C-DB24-4378-94CA-5DE345C8E8C0}"
EndProject
Project("{8BC9CEB8-8B4A-11D0-8D11-00A0C91BC942}") = "adv", "..\..\wxWidgets\build\msw\wx_adv.vcproj", "{C2AD281A-5BFB-44D4-85B3-3F7EC5343F1E}"
EndProject
Project("{8BC9CEB8-8B4A-11D0-8D11-00A0C91BC942}") = "media", "..\..\wxWidgets\build\msw\wx_media.vcproj", "{E1804990-69E5-437C-8DC5-A1E93891FB9D}"
EndProject
Project("{8BC9CEB8-8B4A-11D0-8D11-00A0C91BC942}") = "odbc", "..\..\wxWidgets\build\msw\wx_odbc.vcproj", "{B0EB3AAF-CF75-44DB-BC78-5CFF70FD61DE}"
EndProject
Project("{8BC9CEB8-8B4A-11D0-8D11-00A0C91BC942}") = "dbgrid", "..\..\wxWidgets\build\msw\wx_dbgrid.vcproj", "{829B015A-6603-43BC-9D50-85088BFC5D5D}"
EndProject
Project("{8BC9CEB8-8B4A-11D0-8D11-00A0C91BC942}") = "html", "..\..\wxWidgets\build\msw\wx_html.vcproj", "{C2F4A0D5-DFC4-45A2-A088-B19E849C951B}"
EndProject
Project("{8BC9CEB8-8B4A-11D0-8D11-00A0C91BC942}") = "qa", "..\..\wxWidgets\build\msw\wx_qa.vcproj", "{DEA09820-44F9-42EC-AFD5-E38B4032EDCB}"
EndProject
Project("{8BC9CEB8-8B4A-11D0-8D11-00A0C91BC942}") = "xml", "..\..\wxWidgets\build\msw\wx_xml.vcproj", "{885FABB6-FB61-48D7-9368-E157FE1AFB58}"
EndProject
Project("{8BC9CEB8-8B4A-11D0-8D11-00A0C91BC942}") = "xrc", "..\..\wxWidgets\build\msw\wx_xrc.vcproj", "{F821BE4C-4A0E-46A3-BB3E-4D2A62636744}"
EndProject
Project("{8BC9CEB8-8B4A-11D0-8D11-00A0C91BC942}") = "aui", "..\..\wxWidgets\build\msw\wx_aui.vcproj", "{4E4B753A-90F4-43C9-81AA-36D03A94D9D1}"
EndProject
Project("{8BC9CEB8-8B4A-11D0-8D11-00A0C91BC942}") = "richtext", "..\..\wxWidgets\build\msw\wx_richtext.vcproj", "{D6DCE85E-85D1-4485-B317-C9CB4E881B9D}"
EndProject
Project("{8BC9CEB8-8B4A-11D0-8D11-00A0C91BC942}") = "gl", "..\..\wxWidgets\build\msw\wx_gl.vcproj", "{F73B94FB-7FF6-4FC6-BFC7-0BE73C581DA8}"
EndProject
Project("{2150E333-8FDC-42A3-9474-1A3956D46DE8}") = "aMule libraries", "aMule libraries", "{29E96B92-653C-431E-BE45-756B048E5A11}"
EndProject
Project("{8BC9CEB8-8B4A-11D0-8D11-00A0C91BC942}") = "libmuleec", "libs\libmuleec\libmuleec.vcproj", "{5A9EC6A5-68A3-43C8-960E-F7F03B16F1D1}"
	ProjectSection(ProjectDependencies) = postProject
		{293E6133-239A-4ED4-838E-9182B07C6B35} = {293E6133-239A-4ED4-838E-9182B07C6B35}
	EndProjectSection
EndProject
Project("{8BC9CEB8-8B4A-11D0-8D11-00A0C91BC942}") = "libmulecommon", "libs\libmulecommon\libmulecommon.vcproj", "{293E6133-239A-4ED4-838E-9182B07C6B35}"
EndProject
Project("{8BC9CEB8-8B4A-11D0-8D11-00A0C91BC942}") = "libkad", "libs\libkad\libkad.vcproj", "{DBADF72E-2572-403F-B0D6-AC8C9B3ECCFE}"
	ProjectSection(ProjectDependencies) = postProject
		{3423EC9A-52E4-4A4D-9753-EDEBC38785EF} = {3423EC9A-52E4-4A4D-9753-EDEBC38785EF}
		{293E6133-239A-4ED4-838E-9182B07C6B35} = {293E6133-239A-4ED4-838E-9182B07C6B35}
	EndProjectSection
EndProject
Project("{2150E333-8FDC-42A3-9474-1A3956D46DE8}") = "aMule Applications", "aMule Applications", "{CB2CC2C4-0882-434D-8B96-4984740BCC23}"
EndProject
Project("{2150E333-8FDC-42A3-9474-1A3956D46DE8}") = ".NET Remote GUI", ".NET Remote GUI", "{D176CBB0-E9BB-4827-8A37-2F05423EC07F}"
EndProject
Project("{2150E333-8FDC-42A3-9474-1A3956D46DE8}") = "Monolithic build", "Monolithic build", "{91C69AB8-8B41-4320-99F8-CB97A5258E2D}"
EndProject
Project("{8BC9CEB8-8B4A-11D0-8D11-00A0C91BC942}") = "aMule", "aMule\aMule.vcproj", "{5FCAFC30-922E-446F-8DF5-D71819ABC2FE}"
	ProjectSection(ProjectDependencies) = postProject
		{ACEFB38F-863A-4BD2-9ABC-BA7A1E6CCC3C} = {ACEFB38F-863A-4BD2-9ABC-BA7A1E6CCC3C}
		{5A9EC6A5-68A3-43C8-960E-F7F03B16F1D1} = {5A9EC6A5-68A3-43C8-960E-F7F03B16F1D1}
		{730F97E4-F894-4EB7-9928-E170118E8160} = {730F97E4-F894-4EB7-9928-E170118E8160}
		{DBADF72E-2572-403F-B0D6-AC8C9B3ECCFE} = {DBADF72E-2572-403F-B0D6-AC8C9B3ECCFE}
		{293E6133-239A-4ED4-838E-9182B07C6B35} = {293E6133-239A-4ED4-838E-9182B07C6B35}
		{16C7A051-9097-41A5-BA26-FEC1EA1F16EF} = {16C7A051-9097-41A5-BA26-FEC1EA1F16EF}
		{137A35B3-5E87-47C4-B9D6-98FDACCC0DBB} = {137A35B3-5E87-47C4-B9D6-98FDACCC0DBB}
		{3423EC9A-52E4-4A4D-9753-EDEBC38785EF} = {3423EC9A-52E4-4A4D-9753-EDEBC38785EF}
		{7FD49F63-AA3B-4B0B-AACB-06D34D5EF9B9} = {7FD49F63-AA3B-4B0B-AACB-06D34D5EF9B9}
		{DA5ADD52-FD20-4BF8-8D98-889A5F148D50} = {DA5ADD52-FD20-4BF8-8D98-889A5F148D50}
		{4348C98D-8857-4255-A271-9A4D3572F47B} = {4348C98D-8857-4255-A271-9A4D3572F47B}
		{DDC41A7A-4F82-48CD-A87A-B898027C640E} = {DDC41A7A-4F82-48CD-A87A-B898027C640E}
		{D225984C-DB24-4378-94CA-5DE345C8E8C0} = {D225984C-DB24-4378-94CA-5DE345C8E8C0}
		{C2AD281A-5BFB-44D4-85B3-3F7EC5343F1E} = {C2AD281A-5BFB-44D4-85B3-3F7EC5343F1E}
	EndProjectSection
EndProject
Project("{8BC9CEB8-8B4A-11D0-8D11-00A0C91BC942}") = "libmuleexternalwxlistctrl", "libs\libmuleexternalwxlistctrl\libmuleexternalwxlistctrl.vcproj", "{16C7A051-9097-41A5-BA26-FEC1EA1F16EF}"
EndProject
Project("{2150E333-8FDC-42A3-9474-1A3956D46DE8}") = "Extras", "Extras", "{9AC4A7BC-3E72-4C97-81FF-D8708331CC54}"
EndProject
Project("{8BC9CEB8-8B4A-11D0-8D11-00A0C91BC942}") = "aLinkCreator", "aLinkCreator\aLinkCreator.vcproj", "{FF560C5D-4369-4DEF-B2EC-6F507D554DB5}"
	ProjectSection(ProjectDependencies) = postProject
		{D225984C-DB24-4378-94CA-5DE345C8E8C0} = {D225984C-DB24-4378-94CA-5DE345C8E8C0}
		{730F97E4-F894-4EB7-9928-E170118E8160} = {730F97E4-F894-4EB7-9928-E170118E8160}
		{DA5ADD52-FD20-4BF8-8D98-889A5F148D50} = {DA5ADD52-FD20-4BF8-8D98-889A5F148D50}
	EndProjectSection
EndProject
Project("{2150E333-8FDC-42A3-9474-1A3956D46DE8}") = "UnitTests", "UnitTests", "{660C24AD-2ABA-406B-B56A-BF9AE52AD432}"
EndProject
Project("{8BC9CEB8-8B4A-11D0-8D11-00A0C91BC942}") = "libmuleunittest", "UnitTests\libmuleunittest\libmuleunittest.vcproj", "{5FE132E5-83CB-4880-B2D9-CA828E008786}"
	ProjectSection(ProjectDependencies) = postProject
		{730F97E4-F894-4EB7-9928-E170118E8160} = {730F97E4-F894-4EB7-9928-E170118E8160}
		{293E6133-239A-4ED4-838E-9182B07C6B35} = {293E6133-239A-4ED4-838E-9182B07C6B35}
	EndProjectSection
EndProject
Project("{2150E333-8FDC-42A3-9474-1A3956D46DE8}") = "Tests", "Tests", "{02262EFC-86BC-45B1-8401-A26BB365E717}"
EndProject
Project("{8BC9CEB8-8B4A-11D0-8D11-00A0C91BC942}") = "FileDataIO", "UnitTests\FileDataIO\FileDataIO.vcproj", "{C27E39F5-BA92-4245-A537-7B7852508900}"
	ProjectSection(ProjectDependencies) = postProject
		{5FE132E5-83CB-4880-B2D9-CA828E008786} = {5FE132E5-83CB-4880-B2D9-CA828E008786}
		{DBADF72E-2572-403F-B0D6-AC8C9B3ECCFE} = {DBADF72E-2572-403F-B0D6-AC8C9B3ECCFE}
		{293E6133-239A-4ED4-838E-9182B07C6B35} = {293E6133-239A-4ED4-838E-9182B07C6B35}
	EndProjectSection
EndProject
Project("{8BC9CEB8-8B4A-11D0-8D11-00A0C91BC942}") = "Format", "UnitTests\FormatTest\FormatTest.vcproj", "{269AD4B7-8245-4476-9179-E4659F6E217F}"
EndProject
Project("{8BC9CEB8-8B4A-11D0-8D11-00A0C91BC942}") = "StringFunctions", "UnitTests\StringFunctions\StringFunctions.vcproj", "{5A024799-C5ED-41CF-BF0C-914A11799234}"
	ProjectSection(ProjectDependencies) = postProject
		{5FE132E5-83CB-4880-B2D9-CA828E008786} = {5FE132E5-83CB-4880-B2D9-CA828E008786}
	EndProjectSection
EndProject
Project("{8BC9CEB8-8B4A-11D0-8D11-00A0C91BC942}") = "NetworkFunctions", "UnitTests\NetworkFunctions\NetworkFunctions.vcproj", "{6B452F4F-43C9-408E-BDF3-C70FCA9F257D}"
	ProjectSection(ProjectDependencies) = postProject
		{ACEFB38F-863A-4BD2-9ABC-BA7A1E6CCC3C} = {ACEFB38F-863A-4BD2-9ABC-BA7A1E6CCC3C}
		{5FE132E5-83CB-4880-B2D9-CA828E008786} = {5FE132E5-83CB-4880-B2D9-CA828E008786}
	EndProjectSection
EndProject
Project("{8BC9CEB8-8B4A-11D0-8D11-00A0C91BC942}") = "RangeMap", "UnitTests\RangeMap\RangeMap.vcproj", "{9A19C692-FFBD-467C-B8A8-63166F421940}"
	ProjectSection(ProjectDependencies) = postProject
		{5FE132E5-83CB-4880-B2D9-CA828E008786} = {5FE132E5-83CB-4880-B2D9-CA828E008786}
	EndProjectSection
EndProject
Project("{2150E333-8FDC-42A3-9474-1A3956D46DE8}") = "Remote access clients", "Remote access clients", "{BD53B16D-3577-4245-A420-070A890D35AB}"
EndProject
Project("{2150E333-8FDC-42A3-9474-1A3956D46DE8}") = "Daemon", "Daemon", "{B601F0F8-B6DC-4DF5-B4CD-2E1807E0E68D}"
EndProject
Project("{8BC9CEB8-8B4A-11D0-8D11-00A0C91BC942}") = "aMuleCMD", "aMuleCMD\aMuleCMD.vcproj", "{EC3DE6B0-0C01-4D64-928A-4ADDB09472BA}"
	ProjectSection(ProjectDependencies) = postProject
		{5A9EC6A5-68A3-43C8-960E-F7F03B16F1D1} = {5A9EC6A5-68A3-43C8-960E-F7F03B16F1D1}
		{293E6133-239A-4ED4-838E-9182B07C6B35} = {293E6133-239A-4ED4-838E-9182B07C6B35}
	EndProjectSection
EndProject
Project("{8BC9CEB8-8B4A-11D0-8D11-00A0C91BC942}") = "aMuleGUI", "aMuleGUI\aMuleGUI.vcproj", "{9E601FE7-C3E1-48A8-8EAB-A1EEB501FBC7}"
	ProjectSection(ProjectDependencies) = postProject
		{DBADF72E-2572-403F-B0D6-AC8C9B3ECCFE} = {DBADF72E-2572-403F-B0D6-AC8C9B3ECCFE}
		{DA5ADD52-FD20-4BF8-8D98-889A5F148D50} = {DA5ADD52-FD20-4BF8-8D98-889A5F148D50}
		{C2AD281A-5BFB-44D4-85B3-3F7EC5343F1E} = {C2AD281A-5BFB-44D4-85B3-3F7EC5343F1E}
		{4348C98D-8857-4255-A271-9A4D3572F47B} = {4348C98D-8857-4255-A271-9A4D3572F47B}
		{ACEFB38F-863A-4BD2-9ABC-BA7A1E6CCC3C} = {ACEFB38F-863A-4BD2-9ABC-BA7A1E6CCC3C}
		{730F97E4-F894-4EB7-9928-E170118E8160} = {730F97E4-F894-4EB7-9928-E170118E8160}
		{5A9EC6A5-68A3-43C8-960E-F7F03B16F1D1} = {5A9EC6A5-68A3-43C8-960E-F7F03B16F1D1}
		{16C7A051-9097-41A5-BA26-FEC1EA1F16EF} = {16C7A051-9097-41A5-BA26-FEC1EA1F16EF}
		{137A35B3-5E87-47C4-B9D6-98FDACCC0DBB} = {137A35B3-5E87-47C4-B9D6-98FDACCC0DBB}
		{DDC41A7A-4F82-48CD-A87A-B898027C640E} = {DDC41A7A-4F82-48CD-A87A-B898027C640E}
		{7FD49F63-AA3B-4B0B-AACB-06D34D5EF9B9} = {7FD49F63-AA3B-4B0B-AACB-06D34D5EF9B9}
		{D225984C-DB24-4378-94CA-5DE345C8E8C0} = {D225984C-DB24-4378-94CA-5DE345C8E8C0}
		{293E6133-239A-4ED4-838E-9182B07C6B35} = {293E6133-239A-4ED4-838E-9182B07C6B35}
	EndProjectSection
EndProject
Global
	GlobalSection(SolutionConfigurationPlatforms) = preSolution
		Debug|Win32 = Debug|Win32
		Release|Win32 = Release|Win32
	EndGlobalSection
	GlobalSection(ProjectConfigurationPlatforms) = postSolution
		{3423EC9A-52E4-4A4D-9753-EDEBC38785EF}.Debug|Win32.ActiveCfg = Debug|Win32
		{3423EC9A-52E4-4A4D-9753-EDEBC38785EF}.Debug|Win32.Build.0 = Debug|Win32
		{3423EC9A-52E4-4A4D-9753-EDEBC38785EF}.Release|Win32.ActiveCfg = Release|Win32
		{3423EC9A-52E4-4A4D-9753-EDEBC38785EF}.Release|Win32.Build.0 = Release|Win32
		{DA5ADD52-FD20-4BF8-8D98-889A5F148D50}.Debug|Win32.ActiveCfg = Unicode Debug|Win32
		{DA5ADD52-FD20-4BF8-8D98-889A5F148D50}.Debug|Win32.Build.0 = Unicode Debug|Win32
		{DA5ADD52-FD20-4BF8-8D98-889A5F148D50}.Release|Win32.ActiveCfg = Unicode Release|Win32
		{DA5ADD52-FD20-4BF8-8D98-889A5F148D50}.Release|Win32.Build.0 = Unicode Release|Win32
		{4348C98D-8857-4255-A271-9A4D3572F47B}.Debug|Win32.ActiveCfg = Unicode Debug|Win32
		{4348C98D-8857-4255-A271-9A4D3572F47B}.Debug|Win32.Build.0 = Unicode Debug|Win32
		{4348C98D-8857-4255-A271-9A4D3572F47B}.Release|Win32.ActiveCfg = Unicode Release|Win32
		{4348C98D-8857-4255-A271-9A4D3572F47B}.Release|Win32.Build.0 = Unicode Release|Win32
		{DDC41A7A-4F82-48CD-A87A-B898027C640E}.Debug|Win32.ActiveCfg = Unicode Debug|Win32
		{DDC41A7A-4F82-48CD-A87A-B898027C640E}.Debug|Win32.Build.0 = Unicode Debug|Win32
		{DDC41A7A-4F82-48CD-A87A-B898027C640E}.Release|Win32.ActiveCfg = Unicode Release|Win32
		{DDC41A7A-4F82-48CD-A87A-B898027C640E}.Release|Win32.Build.0 = Unicode Release|Win32
		{137A35B3-5E87-47C4-B9D6-98FDACCC0DBB}.Debug|Win32.ActiveCfg = Unicode Debug|Win32
		{137A35B3-5E87-47C4-B9D6-98FDACCC0DBB}.Debug|Win32.Build.0 = Unicode Debug|Win32
		{137A35B3-5E87-47C4-B9D6-98FDACCC0DBB}.Release|Win32.ActiveCfg = Unicode Release|Win32
		{137A35B3-5E87-47C4-B9D6-98FDACCC0DBB}.Release|Win32.Build.0 = Unicode Release|Win32
		{7FD49F63-AA3B-4B0B-AACB-06D34D5EF9B9}.Debug|Win32.ActiveCfg = Unicode Debug|Win32
		{7FD49F63-AA3B-4B0B-AACB-06D34D5EF9B9}.Debug|Win32.Build.0 = Unicode Debug|Win32
		{7FD49F63-AA3B-4B0B-AACB-06D34D5EF9B9}.Release|Win32.ActiveCfg = Unicode Release|Win32
		{7FD49F63-AA3B-4B0B-AACB-06D34D5EF9B9}.Release|Win32.Build.0 = Unicode Release|Win32
		{35D694C2-04CB-46C9-B074-F28BE2671128}.Debug|Win32.ActiveCfg = Unicode Debug|Win32
		{35D694C2-04CB-46C9-B074-F28BE2671128}.Debug|Win32.Build.0 = Unicode Debug|Win32
		{35D694C2-04CB-46C9-B074-F28BE2671128}.Release|Win32.ActiveCfg = Unicode Release|Win32
		{35D694C2-04CB-46C9-B074-F28BE2671128}.Release|Win32.Build.0 = Unicode Release|Win32
		{730F97E4-F894-4EB7-9928-E170118E8160}.Debug|Win32.ActiveCfg = Unicode Debug|Win32
		{730F97E4-F894-4EB7-9928-E170118E8160}.Debug|Win32.Build.0 = Unicode Debug|Win32
		{730F97E4-F894-4EB7-9928-E170118E8160}.Release|Win32.ActiveCfg = Unicode Release|Win32
		{730F97E4-F894-4EB7-9928-E170118E8160}.Release|Win32.Build.0 = Unicode Release|Win32
		{ACEFB38F-863A-4BD2-9ABC-BA7A1E6CCC3C}.Debug|Win32.ActiveCfg = Unicode Debug|Win32
		{ACEFB38F-863A-4BD2-9ABC-BA7A1E6CCC3C}.Debug|Win32.Build.0 = Unicode Debug|Win32
		{ACEFB38F-863A-4BD2-9ABC-BA7A1E6CCC3C}.Release|Win32.ActiveCfg = Unicode Release|Win32
		{ACEFB38F-863A-4BD2-9ABC-BA7A1E6CCC3C}.Release|Win32.Build.0 = Unicode Release|Win32
		{D225984C-DB24-4378-94CA-5DE345C8E8C0}.Debug|Win32.ActiveCfg = Unicode Debug|Win32
		{D225984C-DB24-4378-94CA-5DE345C8E8C0}.Debug|Win32.Build.0 = Unicode Debug|Win32
		{D225984C-DB24-4378-94CA-5DE345C8E8C0}.Release|Win32.ActiveCfg = Unicode Release|Win32
		{D225984C-DB24-4378-94CA-5DE345C8E8C0}.Release|Win32.Build.0 = Unicode Release|Win32
		{C2AD281A-5BFB-44D4-85B3-3F7EC5343F1E}.Debug|Win32.ActiveCfg = Unicode Debug|Win32
		{C2AD281A-5BFB-44D4-85B3-3F7EC5343F1E}.Debug|Win32.Build.0 = Unicode Debug|Win32
		{C2AD281A-5BFB-44D4-85B3-3F7EC5343F1E}.Release|Win32.ActiveCfg = Unicode Release|Win32
		{C2AD281A-5BFB-44D4-85B3-3F7EC5343F1E}.Release|Win32.Build.0 = Unicode Release|Win32
		{E1804990-69E5-437C-8DC5-A1E93891FB9D}.Debug|Win32.ActiveCfg = Unicode Debug|Win32
		{E1804990-69E5-437C-8DC5-A1E93891FB9D}.Debug|Win32.Build.0 = Unicode Debug|Win32
		{E1804990-69E5-437C-8DC5-A1E93891FB9D}.Release|Win32.ActiveCfg = Unicode Release|Win32
		{E1804990-69E5-437C-8DC5-A1E93891FB9D}.Release|Win32.Build.0 = Unicode Release|Win32
		{B0EB3AAF-CF75-44DB-BC78-5CFF70FD61DE}.Debug|Win32.ActiveCfg = Unicode Debug|Win32
		{B0EB3AAF-CF75-44DB-BC78-5CFF70FD61DE}.Debug|Win32.Build.0 = Unicode Debug|Win32
		{B0EB3AAF-CF75-44DB-BC78-5CFF70FD61DE}.Release|Win32.ActiveCfg = Unicode Release|Win32
		{B0EB3AAF-CF75-44DB-BC78-5CFF70FD61DE}.Release|Win32.Build.0 = Unicode Release|Win32
		{829B015A-6603-43BC-9D50-85088BFC5D5D}.Debug|Win32.ActiveCfg = Unicode Debug|Win32
		{829B015A-6603-43BC-9D50-85088BFC5D5D}.Debug|Win32.Build.0 = Unicode Debug|Win32
		{829B015A-6603-43BC-9D50-85088BFC5D5D}.Release|Win32.ActiveCfg = Unicode Release|Win32
		{829B015A-6603-43BC-9D50-85088BFC5D5D}.Release|Win32.Build.0 = Unicode Release|Win32
		{C2F4A0D5-DFC4-45A2-A088-B19E849C951B}.Debug|Win32.ActiveCfg = Unicode Debug|Win32
		{C2F4A0D5-DFC4-45A2-A088-B19E849C951B}.Debug|Win32.Build.0 = Unicode Debug|Win32
		{C2F4A0D5-DFC4-45A2-A088-B19E849C951B}.Release|Win32.ActiveCfg = Unicode Release|Win32
		{C2F4A0D5-DFC4-45A2-A088-B19E849C951B}.Release|Win32.Build.0 = Unicode Release|Win32
		{DEA09820-44F9-42EC-AFD5-E38B4032EDCB}.Debug|Win32.ActiveCfg = Unicode Debug|Win32
		{DEA09820-44F9-42EC-AFD5-E38B4032EDCB}.Debug|Win32.Build.0 = Unicode Debug|Win32
		{DEA09820-44F9-42EC-AFD5-E38B4032EDCB}.Release|Win32.ActiveCfg = Unicode Release|Win32
		{DEA09820-44F9-42EC-AFD5-E38B4032EDCB}.Release|Win32.Build.0 = Unicode Release|Win32
		{885FABB6-FB61-48D7-9368-E157FE1AFB58}.Debug|Win32.ActiveCfg = Unicode Debug|Win32
		{885FABB6-FB61-48D7-9368-E157FE1AFB58}.Debug|Win32.Build.0 = Unicode Debug|Win32
		{885FABB6-FB61-48D7-9368-E157FE1AFB58}.Release|Win32.ActiveCfg = Unicode Release|Win32
		{885FABB6-FB61-48D7-9368-E157FE1AFB58}.Release|Win32.Build.0 = Unicode Release|Win32
		{F821BE4C-4A0E-46A3-BB3E-4D2A62636744}.Debug|Win32.ActiveCfg = Unicode Debug|Win32
		{F821BE4C-4A0E-46A3-BB3E-4D2A62636744}.Debug|Win32.Build.0 = Unicode Debug|Win32
		{F821BE4C-4A0E-46A3-BB3E-4D2A62636744}.Release|Win32.ActiveCfg = Unicode Release|Win32
		{F821BE4C-4A0E-46A3-BB3E-4D2A62636744}.Release|Win32.Build.0 = Unicode Release|Win32
		{4E4B753A-90F4-43C9-81AA-36D03A94D9D1}.Debug|Win32.ActiveCfg = Unicode Debug|Win32
		{4E4B753A-90F4-43C9-81AA-36D03A94D9D1}.Debug|Win32.Build.0 = Unicode Debug|Win32
		{4E4B753A-90F4-43C9-81AA-36D03A94D9D1}.Release|Win32.ActiveCfg = Unicode Release|Win32
		{4E4B753A-90F4-43C9-81AA-36D03A94D9D1}.Release|Win32.Build.0 = Unicode Release|Win32
		{D6DCE85E-85D1-4485-B317-C9CB4E881B9D}.Debug|Win32.ActiveCfg = Unicode Debug|Win32
		{D6DCE85E-85D1-4485-B317-C9CB4E881B9D}.Debug|Win32.Build.0 = Unicode Debug|Win32
		{D6DCE85E-85D1-4485-B317-C9CB4E881B9D}.Release|Win32.ActiveCfg = Unicode Release|Win32
		{D6DCE85E-85D1-4485-B317-C9CB4E881B9D}.Release|Win32.Build.0 = Unicode Release|Win32
		{F73B94FB-7FF6-4FC6-BFC7-0BE73C581DA8}.Debug|Win32.ActiveCfg = Unicode Debug|Win32
		{F73B94FB-7FF6-4FC6-BFC7-0BE73C581DA8}.Debug|Win32.Build.0 = Unicode Debug|Win32
		{F73B94FB-7FF6-4FC6-BFC7-0BE73C581DA8}.Release|Win32.ActiveCfg = Unicode Release|Win32
		{F73B94FB-7FF6-4FC6-BFC7-0BE73C581DA8}.Release|Win32.Build.0 = Unicode Release|Win32
		{5A9EC6A5-68A3-43C8-960E-F7F03B16F1D1}.Debug|Win32.ActiveCfg = Debug|Win32
		{5A9EC6A5-68A3-43C8-960E-F7F03B16F1D1}.Debug|Win32.Build.0 = Debug|Win32
		{5A9EC6A5-68A3-43C8-960E-F7F03B16F1D1}.Release|Win32.ActiveCfg = Release|Win32
		{5A9EC6A5-68A3-43C8-960E-F7F03B16F1D1}.Release|Win32.Build.0 = Release|Win32
		{293E6133-239A-4ED4-838E-9182B07C6B35}.Debug|Win32.ActiveCfg = Debug|Win32
		{293E6133-239A-4ED4-838E-9182B07C6B35}.Debug|Win32.Build.0 = Debug|Win32
		{293E6133-239A-4ED4-838E-9182B07C6B35}.Release|Win32.ActiveCfg = Release|Win32
		{293E6133-239A-4ED4-838E-9182B07C6B35}.Release|Win32.Build.0 = Release|Win32
		{DBADF72E-2572-403F-B0D6-AC8C9B3ECCFE}.Debug|Win32.ActiveCfg = Debug|Win32
		{DBADF72E-2572-403F-B0D6-AC8C9B3ECCFE}.Debug|Win32.Build.0 = Debug|Win32
		{DBADF72E-2572-403F-B0D6-AC8C9B3ECCFE}.Release|Win32.ActiveCfg = Release|Win32
		{DBADF72E-2572-403F-B0D6-AC8C9B3ECCFE}.Release|Win32.Build.0 = Release|Win32
		{5FCAFC30-922E-446F-8DF5-D71819ABC2FE}.Debug|Win32.ActiveCfg = Debug|Win32
		{5FCAFC30-922E-446F-8DF5-D71819ABC2FE}.Debug|Win32.Build.0 = Debug|Win32
		{5FCAFC30-922E-446F-8DF5-D71819ABC2FE}.Release|Win32.ActiveCfg = Release|Win32
		{5FCAFC30-922E-446F-8DF5-D71819ABC2FE}.Release|Win32.Build.0 = Release|Win32
		{16C7A051-9097-41A5-BA26-FEC1EA1F16EF}.Debug|Win32.ActiveCfg = Debug|Win32
		{16C7A051-9097-41A5-BA26-FEC1EA1F16EF}.Debug|Win32.Build.0 = Debug|Win32
		{16C7A051-9097-41A5-BA26-FEC1EA1F16EF}.Release|Win32.ActiveCfg = Release|Win32
		{16C7A051-9097-41A5-BA26-FEC1EA1F16EF}.Release|Win32.Build.0 = Release|Win32
		{FF560C5D-4369-4DEF-B2EC-6F507D554DB5}.Debug|Win32.ActiveCfg = Debug|Win32
		{FF560C5D-4369-4DEF-B2EC-6F507D554DB5}.Debug|Win32.Build.0 = Debug|Win32
		{FF560C5D-4369-4DEF-B2EC-6F507D554DB5}.Release|Win32.ActiveCfg = Release|Win32
		{FF560C5D-4369-4DEF-B2EC-6F507D554DB5}.Release|Win32.Build.0 = Release|Win32
		{5FE132E5-83CB-4880-B2D9-CA828E008786}.Debug|Win32.ActiveCfg = Debug|Win32
		{5FE132E5-83CB-4880-B2D9-CA828E008786}.Debug|Win32.Build.0 = Debug|Win32
		{5FE132E5-83CB-4880-B2D9-CA828E008786}.Release|Win32.ActiveCfg = Release|Win32
		{5FE132E5-83CB-4880-B2D9-CA828E008786}.Release|Win32.Build.0 = Release|Win32
		{C27E39F5-BA92-4245-A537-7B7852508900}.Debug|Win32.ActiveCfg = Debug|Win32
		{C27E39F5-BA92-4245-A537-7B7852508900}.Debug|Win32.Build.0 = Debug|Win32
		{C27E39F5-BA92-4245-A537-7B7852508900}.Release|Win32.ActiveCfg = Release|Win32
		{C27E39F5-BA92-4245-A537-7B7852508900}.Release|Win32.Build.0 = Release|Win32
		{269AD4B7-8245-4476-9179-E4659F6E217F}.Debug|Win32.ActiveCfg = Debug|Win32
		{269AD4B7-8245-4476-9179-E4659F6E217F}.Release|Win32.ActiveCfg = Release|Win32
		{5A024799-C5ED-41CF-BF0C-914A11799234}.Debug|Win32.ActiveCfg = Debug|Win32
		{5A024799-C5ED-41CF-BF0C-914A11799234}.Debug|Win32.Build.0 = Debug|Win32
		{5A024799-C5ED-41CF-BF0C-914A11799234}.Release|Win32.ActiveCfg = Release|Win32
		{5A024799-C5ED-41CF-BF0C-914A11799234}.Release|Win32.Build.0 = Release|Win32
		{6B452F4F-43C9-408E-BDF3-C70FCA9F257D}.Debug|Win32.ActiveCfg = Debug|Win32
		{6B452F4F-43C9-408E-BDF3-C70FCA9F257D}.Debug|Win32.Build.0 = Debug|Win32
		{6B452F4F-43C9-408E-BDF3-C70FCA9F257D}.Release|Win32.ActiveCfg = Release|Win32
		{6B452F4F-43C9-408E-BDF3-C70FCA9F257D}.Release|Win32.Build.0 = Release|Win32
		{9A19C692-FFBD-467C-B8A8-63166F421940}.Debug|Win32.ActiveCfg = Debug|Win32
		{9A19C692-FFBD-467C-B8A8-63166F421940}.Debug|Win32.Build.0 = Debug|Win32
		{9A19C692-FFBD-467C-B8A8-63166F421940}.Release|Win32.ActiveCfg = Release|Win32
		{9A19C692-FFBD-467C-B8A8-63166F421940}.Release|Win32.Build.0 = Release|Win32
		{EC3DE6B0-0C01-4D64-928A-4ADDB09472BA}.Debug|Win32.ActiveCfg = Debug|Win32
		{EC3DE6B0-0C01-4D64-928A-4ADDB09472BA}.Debug|Win32.Build.0 = Debug|Win32
		{EC3DE6B0-0C01-4D64-928A-4ADDB09472BA}.Release|Win32.ActiveCfg = Release|Win32
		{EC3DE6B0-0C01-4D64-928A-4ADDB09472BA}.Release|Win32.Build.0 = Release|Win32
		{9E601FE7-C3E1-48A8-8EAB-A1EEB501FBC7}.Debug|Win32.ActiveCfg = Debug|Win32
		{9E601FE7-C3E1-48A8-8EAB-A1EEB501FBC7}.Debug|Win32.Build.0 = Debug|Win32
		{9E601FE7-C3E1-48A8-8EAB-A1EEB501FBC7}.Release|Win32.ActiveCfg = Release|Win32
		{9E601FE7-C3E1-48A8-8EAB-A1EEB501FBC7}.Release|Win32.Build.0 = Release|Win32
	EndGlobalSection
	GlobalSection(SolutionProperties) = preSolution
		HideSolutionNode = FALSE
	EndGlobalSection
	GlobalSection(NestedProjects) = preSolution
		{04ECC032-1961-45B0-B0C3-0064A8E3B880} = {138CD730-94FC-41BA-92BB-E88E1DF41CC3}
		{3423EC9A-52E4-4A4D-9753-EDEBC38785EF} = {138CD730-94FC-41BA-92BB-E88E1DF41CC3}
		{DA5ADD52-FD20-4BF8-8D98-889A5F148D50} = {04ECC032-1961-45B0-B0C3-0064A8E3B880}
		{4348C98D-8857-4255-A271-9A4D3572F47B} = {04ECC032-1961-45B0-B0C3-0064A8E3B880}
		{DDC41A7A-4F82-48CD-A87A-B898027C640E} = {04ECC032-1961-45B0-B0C3-0064A8E3B880}
		{137A35B3-5E87-47C4-B9D6-98FDACCC0DBB} = {04ECC032-1961-45B0-B0C3-0064A8E3B880}
		{7FD49F63-AA3B-4B0B-AACB-06D34D5EF9B9} = {04ECC032-1961-45B0-B0C3-0064A8E3B880}
		{35D694C2-04CB-46C9-B074-F28BE2671128} = {04ECC032-1961-45B0-B0C3-0064A8E3B880}
		{730F97E4-F894-4EB7-9928-E170118E8160} = {04ECC032-1961-45B0-B0C3-0064A8E3B880}
		{ACEFB38F-863A-4BD2-9ABC-BA7A1E6CCC3C} = {04ECC032-1961-45B0-B0C3-0064A8E3B880}
		{D225984C-DB24-4378-94CA-5DE345C8E8C0} = {04ECC032-1961-45B0-B0C3-0064A8E3B880}
		{C2AD281A-5BFB-44D4-85B3-3F7EC5343F1E} = {04ECC032-1961-45B0-B0C3-0064A8E3B880}
		{E1804990-69E5-437C-8DC5-A1E93891FB9D} = {04ECC032-1961-45B0-B0C3-0064A8E3B880}
		{B0EB3AAF-CF75-44DB-BC78-5CFF70FD61DE} = {04ECC032-1961-45B0-B0C3-0064A8E3B880}
		{829B015A-6603-43BC-9D50-85088BFC5D5D} = {04ECC032-1961-45B0-B0C3-0064A8E3B880}
		{C2F4A0D5-DFC4-45A2-A088-B19E849C951B} = {04ECC032-1961-45B0-B0C3-0064A8E3B880}
		{DEA09820-44F9-42EC-AFD5-E38B4032EDCB} = {04ECC032-1961-45B0-B0C3-0064A8E3B880}
		{885FABB6-FB61-48D7-9368-E157FE1AFB58} = {04ECC032-1961-45B0-B0C3-0064A8E3B880}
		{F821BE4C-4A0E-46A3-BB3E-4D2A62636744} = {04ECC032-1961-45B0-B0C3-0064A8E3B880}
		{4E4B753A-90F4-43C9-81AA-36D03A94D9D1} = {04ECC032-1961-45B0-B0C3-0064A8E3B880}
		{D6DCE85E-85D1-4485-B317-C9CB4E881B9D} = {04ECC032-1961-45B0-B0C3-0064A8E3B880}
		{F73B94FB-7FF6-4FC6-BFC7-0BE73C581DA8} = {04ECC032-1961-45B0-B0C3-0064A8E3B880}
		{5A9EC6A5-68A3-43C8-960E-F7F03B16F1D1} = {29E96B92-653C-431E-BE45-756B048E5A11}
		{293E6133-239A-4ED4-838E-9182B07C6B35} = {29E96B92-653C-431E-BE45-756B048E5A11}
		{DBADF72E-2572-403F-B0D6-AC8C9B3ECCFE} = {29E96B92-653C-431E-BE45-756B048E5A11}
		{16C7A051-9097-41A5-BA26-FEC1EA1F16EF} = {29E96B92-653C-431E-BE45-756B048E5A11}
		{D176CBB0-E9BB-4827-8A37-2F05423EC07F} = {CB2CC2C4-0882-434D-8B96-4984740BCC23}
		{91C69AB8-8B41-4320-99F8-CB97A5258E2D} = {CB2CC2C4-0882-434D-8B96-4984740BCC23}
		{9AC4A7BC-3E72-4C97-81FF-D8708331CC54} = {CB2CC2C4-0882-434D-8B96-4984740BCC23}
		{BD53B16D-3577-4245-A420-070A890D35AB} = {CB2CC2C4-0882-434D-8B96-4984740BCC23}
		{B601F0F8-B6DC-4DF5-B4CD-2E1807E0E68D} = {CB2CC2C4-0882-434D-8B96-4984740BCC23}
		{5FCAFC30-922E-446F-8DF5-D71819ABC2FE} = {91C69AB8-8B41-4320-99F8-CB97A5258E2D}
		{FF560C5D-4369-4DEF-B2EC-6F507D554DB5} = {9AC4A7BC-3E72-4C97-81FF-D8708331CC54}
		{5FE132E5-83CB-4880-B2D9-CA828E008786} = {660C24AD-2ABA-406B-B56A-BF9AE52AD432}
		{02262EFC-86BC-45B1-8401-A26BB365E717} = {660C24AD-2ABA-406B-B56A-BF9AE52AD432}
		{C27E39F5-BA92-4245-A537-7B7852508900} = {02262EFC-86BC-45B1-8401-A26BB365E717}
		{269AD4B7-8245-4476-9179-E4659F6E217F} = {02262EFC-86BC-45B1-8401-A26BB365E717}
		{5A024799-C5ED-41CF-BF0C-914A11799234} = {02262EFC-86BC-45B1-8401-A26BB365E717}
		{6B452F4F-43C9-408E-BDF3-C70FCA9F257D} = {02262EFC-86BC-45B1-8401-A26BB365E717}
		{9A19C692-FFBD-467C-B8A8-63166F421940} = {02262EFC-86BC-45B1-8401-A26BB365E717}
		{EC3DE6B0-0C01-4D64-928A-4ADDB09472BA} = {BD53B16D-3577-4245-A420-070A890D35AB}
		{9E601FE7-C3E1-48A8-8EAB-A1EEB501FBC7} = {BD53B16D-3577-4245-A420-070A890D35AB}
	EndGlobalSection
EndGlobal
